// !$*UTF8*$!
{
	archiveVersion = 1;
	classes = {
	};
	objectVersion = 56;
	objects = {

/* Begin PBXBuildFile section */
		4060448C2ACD7CF0001002BA /* PopularCreatorsEnum.swift in Sources */ = {isa = PBXBuildFile; fileRef = 4060448B2ACD7CF0001002BA /* PopularCreatorsEnum.swift */; };
		4060448E2ACD93A1001002BA /* CreatorsModel.swift in Sources */ = {isa = PBXBuildFile; fileRef = 4060448D2ACD93A1001002BA /* CreatorsModel.swift */; };
		406044902ACDBDD7001002BA /* SavePodcastViewModel.swift in Sources */ = {isa = PBXBuildFile; fileRef = 4060448F2ACDBDD7001002BA /* SavePodcastViewModel.swift */; };
		406044932ACDBE51001002BA /* RealmSwift in Frameworks */ = {isa = PBXBuildFile; productRef = 406044922ACDBE51001002BA /* RealmSwift */; };
		406044952ACDBE8B001002BA /* PodcastRealm.swift in Sources */ = {isa = PBXBuildFile; fileRef = 406044942ACDBE8B001002BA /* PodcastRealm.swift */; };
		406044972ACEA152001002BA /* NowPlayingViewModel .swift in Sources */ = {isa = PBXBuildFile; fileRef = 406044962ACEA151001002BA /* NowPlayingViewModel .swift */; };
		406044992ACEB879001002BA /* MusicPlayerViewModel.swift in Sources */ = {isa = PBXBuildFile; fileRef = 406044982ACEB879001002BA /* MusicPlayerViewModel.swift */; };
		406044A72AD01970001002BA /* SavePlaylistModel.swift in Sources */ = {isa = PBXBuildFile; fileRef = 406044A62AD01970001002BA /* SavePlaylistModel.swift */; };
		406044A92AD019A8001002BA /* CreatePlaylistCellProtocol .swift in Sources */ = {isa = PBXBuildFile; fileRef = 406044A82AD019A8001002BA /* CreatePlaylistCellProtocol .swift */; };
		406044AB2AD019E5001002BA /* CreatePlaylistProtocol.swift in Sources */ = {isa = PBXBuildFile; fileRef = 406044AA2AD019E5001002BA /* CreatePlaylistProtocol.swift */; };
		406044AE2AD01A2D001002BA /* CreatePlaylistCell.swift in Sources */ = {isa = PBXBuildFile; fileRef = 406044AD2AD01A2D001002BA /* CreatePlaylistCell.swift */; };
		406044B12AD01AB9001002BA /* SnapKit in Frameworks */ = {isa = PBXBuildFile; productRef = 406044B02AD01AB9001002BA /* SnapKit */; };
		406044B42AD01B48001002BA /* CreatePlaylistController .swift in Sources */ = {isa = PBXBuildFile; fileRef = 406044B32AD01B48001002BA /* CreatePlaylistController .swift */; };
		406044B62AD01B7C001002BA /* CreatePlaylistCellViewModel.swift in Sources */ = {isa = PBXBuildFile; fileRef = 406044B52AD01B7C001002BA /* CreatePlaylistCellViewModel.swift */; };
		406044B82AD01BA5001002BA /* CreatePlaylistViewModel.swift in Sources */ = {isa = PBXBuildFile; fileRef = 406044B72AD01BA5001002BA /* CreatePlaylistViewModel.swift */; };
		406044BA2AD01C6D001002BA /* Event.swift in Sources */ = {isa = PBXBuildFile; fileRef = 406044B92AD01C6D001002BA /* Event.swift */; };
		406044BC2AD01C89001002BA /* ObserverBox.swift in Sources */ = {isa = PBXBuildFile; fileRef = 406044BB2AD01C89001002BA /* ObserverBox.swift */; };
		406044BE2AD01CAB001002BA /* PlaylistModel.swift in Sources */ = {isa = PBXBuildFile; fileRef = 406044BD2AD01CAB001002BA /* PlaylistModel.swift */; };
		406044C02AD01CBF001002BA /* Section.swift in Sources */ = {isa = PBXBuildFile; fileRef = 406044BF2AD01CBF001002BA /* Section.swift */; };
		406044C32AD01D09001002BA /* FavoritesCellViewModelProtocol.swift in Sources */ = {isa = PBXBuildFile; fileRef = 406044C22AD01D09001002BA /* FavoritesCellViewModelProtocol.swift */; };
		406044C52AD01D23001002BA /* PlaylistViewModelProtocol.swift in Sources */ = {isa = PBXBuildFile; fileRef = 406044C42AD01D23001002BA /* PlaylistViewModelProtocol.swift */; };
		406044C72AD01D52001002BA /* FavoritesListCell.swift in Sources */ = {isa = PBXBuildFile; fileRef = 406044C62AD01D52001002BA /* FavoritesListCell.swift */; };
		406044C92AD01D83001002BA /* FavoritsCell.swift in Sources */ = {isa = PBXBuildFile; fileRef = 406044C82AD01D83001002BA /* FavoritsCell.swift */; };
		406044CB2AD01DBA001002BA /* HeaderPlaylist.swift in Sources */ = {isa = PBXBuildFile; fileRef = 406044CA2AD01DBA001002BA /* HeaderPlaylist.swift */; };
		406044CD2AD01DF8001002BA /* PlaylistViewController .swift in Sources */ = {isa = PBXBuildFile; fileRef = 406044CC2AD01DF8001002BA /* PlaylistViewController .swift */; };
		406044CF2AD01E65001002BA /* FavoritesListViewModel.swift in Sources */ = {isa = PBXBuildFile; fileRef = 406044CE2AD01E65001002BA /* FavoritesListViewModel.swift */; };
		406044D12AD01E8A001002BA /* FavoritsCellViewModel.swift in Sources */ = {isa = PBXBuildFile; fileRef = 406044D02AD01E8A001002BA /* FavoritsCellViewModel.swift */; };
		406044D32AD01EA7001002BA /* PlaylistViewModel.swift in Sources */ = {isa = PBXBuildFile; fileRef = 406044D22AD01EA7001002BA /* PlaylistViewModel.swift */; };
		406044D52AD01F03001002BA /* HeaderCell.swift in Sources */ = {isa = PBXBuildFile; fileRef = 406044D42AD01F03001002BA /* HeaderCell.swift */; };
		40BCF6D42AC8BECF00912EA4 /* CategoryTableViewCell.swift in Sources */ = {isa = PBXBuildFile; fileRef = 40BCF6D32AC8BECF00912EA4 /* CategoryTableViewCell.swift */; };
		40BCF6D62AC8BF2700912EA4 /* HomeViewModel.swift in Sources */ = {isa = PBXBuildFile; fileRef = 40BCF6D52AC8BF2700912EA4 /* HomeViewModel.swift */; };
		40BCF6D92AC8C08200912EA4 /* CategoryMusicEnum.swift in Sources */ = {isa = PBXBuildFile; fileRef = 40BCF6D82AC8C08200912EA4 /* CategoryMusicEnum.swift */; };
		40BCF6DB2AC8C0F100912EA4 /* UICollectionView + Extension.swift in Sources */ = {isa = PBXBuildFile; fileRef = 40BCF6DA2AC8C0F100912EA4 /* UICollectionView + Extension.swift */; };
		40BCF6DD2AC8C14600912EA4 /* HomeTableViewCell.swift in Sources */ = {isa = PBXBuildFile; fileRef = 40BCF6DC2AC8C14600912EA4 /* HomeTableViewCell.swift */; };
		40BCF6DF2AC8C16E00912EA4 /* UIView.swift in Sources */ = {isa = PBXBuildFile; fileRef = 40BCF6DE2AC8C16E00912EA4 /* UIView.swift */; };
		40BCF6E12AC8C18700912EA4 /* UIImageView.swift in Sources */ = {isa = PBXBuildFile; fileRef = 40BCF6E02AC8C18700912EA4 /* UIImageView.swift */; };
		40BCF6E32AC8C27700912EA4 /* CategoryCollectionViewCell.swift in Sources */ = {isa = PBXBuildFile; fileRef = 40BCF6E22AC8C27700912EA4 /* CategoryCollectionViewCell.swift */; };
		40BCF6E52AC8C29200912EA4 /* CategoryTagCollectionViewCell.swift in Sources */ = {isa = PBXBuildFile; fileRef = 40BCF6E42AC8C29200912EA4 /* CategoryTagCollectionViewCell.swift */; };
		40BCF6E72AC8C2AF00912EA4 /* PlayedTrackView.swift in Sources */ = {isa = PBXBuildFile; fileRef = 40BCF6E62AC8C2AF00912EA4 /* PlayedTrackView.swift */; };
		40BCF6EB2AC8C30C00912EA4 /* HomeViewController.swift in Sources */ = {isa = PBXBuildFile; fileRef = 40BCF6EA2AC8C30C00912EA4 /* HomeViewController.swift */; };
		40BCF7042AC9A5B000912EA4 /* MusicButton.swift in Sources */ = {isa = PBXBuildFile; fileRef = 40BCF7032AC9A5B000912EA4 /* MusicButton.swift */; };
		40BCF70B2AC9E14100912EA4 /* NowPlayingViewController.swift in Sources */ = {isa = PBXBuildFile; fileRef = 40BCF70A2AC9E14100912EA4 /* NowPlayingViewController.swift */; };
		40BCF70D2AC9E18800912EA4 /* NowPlayingButtons.swift in Sources */ = {isa = PBXBuildFile; fileRef = 40BCF70C2AC9E18800912EA4 /* NowPlayingButtons.swift */; };
		44746A902AD0C1B70010254D /* ProfileSettingViewController.swift in Sources */ = {isa = PBXBuildFile; fileRef = 44746A8F2AD0C1B60010254D /* ProfileSettingViewController.swift */; };
		44746A922AD0C1D20010254D /* ProfileSettingViewControllerTableViewCell.swift in Sources */ = {isa = PBXBuildFile; fileRef = 44746A912AD0C1D10010254D /* ProfileSettingViewControllerTableViewCell.swift */; };
		448D80042AC32D0C003D0403 /* TabBarVC.swift in Sources */ = {isa = PBXBuildFile; fileRef = 448D7FFD2AC32D0B003D0403 /* TabBarVC.swift */; };
		448D80062AC32D0C003D0403 /* SearchViewContriller.swift in Sources */ = {isa = PBXBuildFile; fileRef = 448D80002AC32D0B003D0403 /* SearchViewContriller.swift */; };
		448D80092AC32D0C003D0403 /* FavoritesViewController.swift in Sources */ = {isa = PBXBuildFile; fileRef = 448D80032AC32D0B003D0403 /* FavoritesViewController.swift */; };
		44AC2E502AD0AF8900AD3910 /* AccountSettingViewController.swift in Sources */ = {isa = PBXBuildFile; fileRef = 44AC2E4F2AD0AF8900AD3910 /* AccountSettingViewController.swift */; };
		44CF6AAF2AD0BACC00201DC9 /* GoogleService-Info.plist in Resources */ = {isa = PBXBuildFile; fileRef = 759550842AC7169B00A47208 /* GoogleService-Info.plist */; };
		751C22532AC0542000FF50C6 /* AppDelegate.swift in Sources */ = {isa = PBXBuildFile; fileRef = 751C22522AC0542000FF50C6 /* AppDelegate.swift */; };
		751C22552AC0542000FF50C6 /* SceneDelegate.swift in Sources */ = {isa = PBXBuildFile; fileRef = 751C22542AC0542000FF50C6 /* SceneDelegate.swift */; };
		751C225C2AC0542100FF50C6 /* Assets.xcassets in Resources */ = {isa = PBXBuildFile; fileRef = 751C225B2AC0542100FF50C6 /* Assets.xcassets */; };
		751C225F2AC0542100FF50C6 /* LaunchScreen.storyboard in Resources */ = {isa = PBXBuildFile; fileRef = 751C225D2AC0542100FF50C6 /* LaunchScreen.storyboard */; };
		751C22B32AC1930300FF50C6 /* LoginViewController.swift in Sources */ = {isa = PBXBuildFile; fileRef = 751C22B22AC1930300FF50C6 /* LoginViewController.swift */; };
		751C22B92AC1968800FF50C6 /* UILabel + Extension.swift in Sources */ = {isa = PBXBuildFile; fileRef = 751C22B82AC1968800FF50C6 /* UILabel + Extension.swift */; };
		751C22BB2AC196C600FF50C6 /* UIFont + Extension.swift in Sources */ = {isa = PBXBuildFile; fileRef = 751C22BA2AC196C600FF50C6 /* UIFont + Extension.swift */; };
		751C22C62AC1975300FF50C6 /* PlusJakartaSans-Medium.ttf in Resources */ = {isa = PBXBuildFile; fileRef = 751C22BF2AC1975300FF50C6 /* PlusJakartaSans-Medium.ttf */; };
		751C22C72AC1975300FF50C6 /* PlusJakartaSans-SemiBold.ttf in Resources */ = {isa = PBXBuildFile; fileRef = 751C22C02AC1975300FF50C6 /* PlusJakartaSans-SemiBold.ttf */; };
		751C22C82AC1975300FF50C6 /* PlusJakartaSans-Regular.ttf in Resources */ = {isa = PBXBuildFile; fileRef = 751C22C12AC1975300FF50C6 /* PlusJakartaSans-Regular.ttf */; };
		751C22C92AC1975300FF50C6 /* PlusJakartaSans-Bold.ttf in Resources */ = {isa = PBXBuildFile; fileRef = 751C22C22AC1975300FF50C6 /* PlusJakartaSans-Bold.ttf */; };
		751C22CC2AC1B08900FF50C6 /* UITextField + Extension.swift in Sources */ = {isa = PBXBuildFile; fileRef = 751C22CB2AC1B08900FF50C6 /* UITextField + Extension.swift */; };
		751C22CF2AC1B36A00FF50C6 /* InputField.swift in Sources */ = {isa = PBXBuildFile; fileRef = 751C22CE2AC1B36A00FF50C6 /* InputField.swift */; };
		751C22D12AC1B3F100FF50C6 /* UIView + Extension.swift in Sources */ = {isa = PBXBuildFile; fileRef = 751C22D02AC1B3F100FF50C6 /* UIView + Extension.swift */; };
		751C22D32AC1B55300FF50C6 /* UIButton + Extension.swift in Sources */ = {isa = PBXBuildFile; fileRef = 751C22D22AC1B55300FF50C6 /* UIButton + Extension.swift */; };
		751C22D52AC1B5EB00FF50C6 /* UIColor + Extension.swift in Sources */ = {isa = PBXBuildFile; fileRef = 751C22D42AC1B5EB00FF50C6 /* UIColor + Extension.swift */; };
		751C22D72AC1BC4F00FF50C6 /* Divider.swift in Sources */ = {isa = PBXBuildFile; fileRef = 751C22D62AC1BC4F00FF50C6 /* Divider.swift */; };
		751C22DA2AC1C18200FF50C6 /* CreateAccountViewController.swift in Sources */ = {isa = PBXBuildFile; fileRef = 751C22D92AC1C18200FF50C6 /* CreateAccountViewController.swift */; };
		7595506C2AC1D06900A47208 /* SignUpViewController.swift in Sources */ = {isa = PBXBuildFile; fileRef = 7595506B2AC1D06900A47208 /* SignUpViewController.swift */; };
		759550702AC2E55800A47208 /* UIStackView + Extension.swift in Sources */ = {isa = PBXBuildFile; fileRef = 7595506F2AC2E55800A47208 /* UIStackView + Extension.swift */; };
		759550722AC2E6D200A47208 /* BottomLineAuth.swift in Sources */ = {isa = PBXBuildFile; fileRef = 759550712AC2E6D200A47208 /* BottomLineAuth.swift */; };
		759550742AC2F22F00A47208 /* UIViewController + Extension.swift in Sources */ = {isa = PBXBuildFile; fileRef = 759550732AC2F22F00A47208 /* UIViewController + Extension.swift */; };
		759550772AC710EF00A47208 /* FirebaseAuth in Frameworks */ = {isa = PBXBuildFile; productRef = 759550762AC710EF00A47208 /* FirebaseAuth */; };
		7595507A2AC7126200A47208 /* GoogleSignIn in Frameworks */ = {isa = PBXBuildFile; productRef = 759550792AC7126200A47208 /* GoogleSignIn */; };
		7595507C2AC7126200A47208 /* GoogleSignInSwift in Frameworks */ = {isa = PBXBuildFile; productRef = 7595507B2AC7126200A47208 /* GoogleSignInSwift */; };
		7595507F2AC7133900A47208 /* AuthService.swift in Sources */ = {isa = PBXBuildFile; fileRef = 7595507E2AC7133900A47208 /* AuthService.swift */; };
		759550812AC713B100A47208 /* AuthError.swift in Sources */ = {isa = PBXBuildFile; fileRef = 759550802AC713B100A47208 /* AuthError.swift */; };
		759550832AC7142700A47208 /* Validation.swift in Sources */ = {isa = PBXBuildFile; fileRef = 759550822AC7142700A47208 /* Validation.swift */; };
		EB00A0942ACC55A3000C1CA3 /* Extension + String.swift in Sources */ = {isa = PBXBuildFile; fileRef = EB00A0932ACC55A3000C1CA3 /* Extension + String.swift */; };
		EB00A0972ACC55C0000C1CA3 /* Endpoint.swift in Sources */ = {isa = PBXBuildFile; fileRef = EB00A0962ACC55C0000C1CA3 /* Endpoint.swift */; };
		EB00A0992ACC55DA000C1CA3 /* RequestMethod.swift in Sources */ = {isa = PBXBuildFile; fileRef = EB00A0982ACC55DA000C1CA3 /* RequestMethod.swift */; };
		EB00A09B2ACC55ED000C1CA3 /* RequestError.swift in Sources */ = {isa = PBXBuildFile; fileRef = EB00A09A2ACC55ED000C1CA3 /* RequestError.swift */; };
		EB00A09D2ACC55FC000C1CA3 /* HTTPClient.swift in Sources */ = {isa = PBXBuildFile; fileRef = EB00A09C2ACC55FC000C1CA3 /* HTTPClient.swift */; };
		EB00A0A02ACC562C000C1CA3 /* Endpoints.swift in Sources */ = {isa = PBXBuildFile; fileRef = EB00A09F2ACC562C000C1CA3 /* Endpoints.swift */; };
		EB00A0A32ACC5655000C1CA3 /* Servisable.swift in Sources */ = {isa = PBXBuildFile; fileRef = EB00A0A22ACC5655000C1CA3 /* Servisable.swift */; };
		EB00A0A62ACC5675000C1CA3 /* PodcastService.swift in Sources */ = {isa = PBXBuildFile; fileRef = EB00A0A52ACC5675000C1CA3 /* PodcastService.swift */; };
		EB00A0A92ACC5698000C1CA3 /* NetworkService.swift in Sources */ = {isa = PBXBuildFile; fileRef = EB00A0A82ACC5698000C1CA3 /* NetworkService.swift */; };
		EB00A0AC2ACC56D5000C1CA3 /* PodcastModel.swift in Sources */ = {isa = PBXBuildFile; fileRef = EB00A0AB2ACC56D5000C1CA3 /* PodcastModel.swift */; };
/* End PBXBuildFile section */

/* Begin PBXFileReference section */
		4060448B2ACD7CF0001002BA /* PopularCreatorsEnum.swift */ = {isa = PBXFileReference; lastKnownFileType = sourcecode.swift; path = PopularCreatorsEnum.swift; sourceTree = "<group>"; };
		4060448D2ACD93A1001002BA /* CreatorsModel.swift */ = {isa = PBXFileReference; lastKnownFileType = sourcecode.swift; path = CreatorsModel.swift; sourceTree = "<group>"; };
		4060448F2ACDBDD7001002BA /* SavePodcastViewModel.swift */ = {isa = PBXFileReference; lastKnownFileType = sourcecode.swift; path = SavePodcastViewModel.swift; sourceTree = "<group>"; };
		406044942ACDBE8B001002BA /* PodcastRealm.swift */ = {isa = PBXFileReference; lastKnownFileType = sourcecode.swift; path = PodcastRealm.swift; sourceTree = "<group>"; };
		406044962ACEA151001002BA /* NowPlayingViewModel .swift */ = {isa = PBXFileReference; lastKnownFileType = sourcecode.swift; path = "NowPlayingViewModel .swift"; sourceTree = "<group>"; };
		406044982ACEB879001002BA /* MusicPlayerViewModel.swift */ = {isa = PBXFileReference; lastKnownFileType = sourcecode.swift; path = MusicPlayerViewModel.swift; sourceTree = "<group>"; };
		406044A62AD01970001002BA /* SavePlaylistModel.swift */ = {isa = PBXFileReference; lastKnownFileType = sourcecode.swift; path = SavePlaylistModel.swift; sourceTree = "<group>"; };
		406044A82AD019A8001002BA /* CreatePlaylistCellProtocol .swift */ = {isa = PBXFileReference; lastKnownFileType = sourcecode.swift; path = "CreatePlaylistCellProtocol .swift"; sourceTree = "<group>"; };
		406044AA2AD019E5001002BA /* CreatePlaylistProtocol.swift */ = {isa = PBXFileReference; lastKnownFileType = sourcecode.swift; path = CreatePlaylistProtocol.swift; sourceTree = "<group>"; };
		406044AD2AD01A2D001002BA /* CreatePlaylistCell.swift */ = {isa = PBXFileReference; lastKnownFileType = sourcecode.swift; path = CreatePlaylistCell.swift; sourceTree = "<group>"; };
		406044B32AD01B48001002BA /* CreatePlaylistController .swift */ = {isa = PBXFileReference; lastKnownFileType = sourcecode.swift; path = "CreatePlaylistController .swift"; sourceTree = "<group>"; };
		406044B52AD01B7C001002BA /* CreatePlaylistCellViewModel.swift */ = {isa = PBXFileReference; lastKnownFileType = sourcecode.swift; path = CreatePlaylistCellViewModel.swift; sourceTree = "<group>"; };
		406044B72AD01BA5001002BA /* CreatePlaylistViewModel.swift */ = {isa = PBXFileReference; lastKnownFileType = sourcecode.swift; path = CreatePlaylistViewModel.swift; sourceTree = "<group>"; };
		406044B92AD01C6D001002BA /* Event.swift */ = {isa = PBXFileReference; lastKnownFileType = sourcecode.swift; path = Event.swift; sourceTree = "<group>"; };
		406044BB2AD01C89001002BA /* ObserverBox.swift */ = {isa = PBXFileReference; lastKnownFileType = sourcecode.swift; path = ObserverBox.swift; sourceTree = "<group>"; };
		406044BD2AD01CAB001002BA /* PlaylistModel.swift */ = {isa = PBXFileReference; lastKnownFileType = sourcecode.swift; path = PlaylistModel.swift; sourceTree = "<group>"; };
		406044BF2AD01CBF001002BA /* Section.swift */ = {isa = PBXFileReference; lastKnownFileType = sourcecode.swift; path = Section.swift; sourceTree = "<group>"; };
		406044C22AD01D09001002BA /* FavoritesCellViewModelProtocol.swift */ = {isa = PBXFileReference; lastKnownFileType = sourcecode.swift; path = FavoritesCellViewModelProtocol.swift; sourceTree = "<group>"; };
		406044C42AD01D23001002BA /* PlaylistViewModelProtocol.swift */ = {isa = PBXFileReference; lastKnownFileType = sourcecode.swift; path = PlaylistViewModelProtocol.swift; sourceTree = "<group>"; };
		406044C62AD01D52001002BA /* FavoritesListCell.swift */ = {isa = PBXFileReference; lastKnownFileType = sourcecode.swift; path = FavoritesListCell.swift; sourceTree = "<group>"; };
		406044C82AD01D83001002BA /* FavoritsCell.swift */ = {isa = PBXFileReference; lastKnownFileType = sourcecode.swift; path = FavoritsCell.swift; sourceTree = "<group>"; };
		406044CA2AD01DBA001002BA /* HeaderPlaylist.swift */ = {isa = PBXFileReference; lastKnownFileType = sourcecode.swift; path = HeaderPlaylist.swift; sourceTree = "<group>"; };
		406044CC2AD01DF8001002BA /* PlaylistViewController .swift */ = {isa = PBXFileReference; lastKnownFileType = sourcecode.swift; path = "PlaylistViewController .swift"; sourceTree = "<group>"; };
		406044CE2AD01E65001002BA /* FavoritesListViewModel.swift */ = {isa = PBXFileReference; lastKnownFileType = sourcecode.swift; path = FavoritesListViewModel.swift; sourceTree = "<group>"; };
		406044D02AD01E8A001002BA /* FavoritsCellViewModel.swift */ = {isa = PBXFileReference; lastKnownFileType = sourcecode.swift; path = FavoritsCellViewModel.swift; sourceTree = "<group>"; };
		406044D22AD01EA7001002BA /* PlaylistViewModel.swift */ = {isa = PBXFileReference; lastKnownFileType = sourcecode.swift; path = PlaylistViewModel.swift; sourceTree = "<group>"; };
		406044D42AD01F03001002BA /* HeaderCell.swift */ = {isa = PBXFileReference; lastKnownFileType = sourcecode.swift; path = HeaderCell.swift; sourceTree = "<group>"; };
		40BCF6D32AC8BECF00912EA4 /* CategoryTableViewCell.swift */ = {isa = PBXFileReference; lastKnownFileType = sourcecode.swift; path = CategoryTableViewCell.swift; sourceTree = "<group>"; };
		40BCF6D52AC8BF2700912EA4 /* HomeViewModel.swift */ = {isa = PBXFileReference; lastKnownFileType = sourcecode.swift; path = HomeViewModel.swift; sourceTree = "<group>"; };
		40BCF6D82AC8C08200912EA4 /* CategoryMusicEnum.swift */ = {isa = PBXFileReference; lastKnownFileType = sourcecode.swift; path = CategoryMusicEnum.swift; sourceTree = "<group>"; };
		40BCF6DA2AC8C0F100912EA4 /* UICollectionView + Extension.swift */ = {isa = PBXFileReference; lastKnownFileType = sourcecode.swift; path = "UICollectionView + Extension.swift"; sourceTree = "<group>"; };
		40BCF6DC2AC8C14600912EA4 /* HomeTableViewCell.swift */ = {isa = PBXFileReference; lastKnownFileType = sourcecode.swift; path = HomeTableViewCell.swift; sourceTree = "<group>"; };
		40BCF6DE2AC8C16E00912EA4 /* UIView.swift */ = {isa = PBXFileReference; lastKnownFileType = sourcecode.swift; path = UIView.swift; sourceTree = "<group>"; };
		40BCF6E02AC8C18700912EA4 /* UIImageView.swift */ = {isa = PBXFileReference; lastKnownFileType = sourcecode.swift; path = UIImageView.swift; sourceTree = "<group>"; };
		40BCF6E22AC8C27700912EA4 /* CategoryCollectionViewCell.swift */ = {isa = PBXFileReference; lastKnownFileType = sourcecode.swift; path = CategoryCollectionViewCell.swift; sourceTree = "<group>"; };
		40BCF6E42AC8C29200912EA4 /* CategoryTagCollectionViewCell.swift */ = {isa = PBXFileReference; lastKnownFileType = sourcecode.swift; path = CategoryTagCollectionViewCell.swift; sourceTree = "<group>"; };
		40BCF6E62AC8C2AF00912EA4 /* PlayedTrackView.swift */ = {isa = PBXFileReference; lastKnownFileType = sourcecode.swift; path = PlayedTrackView.swift; sourceTree = "<group>"; };
		40BCF6EA2AC8C30C00912EA4 /* HomeViewController.swift */ = {isa = PBXFileReference; lastKnownFileType = sourcecode.swift; path = HomeViewController.swift; sourceTree = "<group>"; };
		40BCF7032AC9A5B000912EA4 /* MusicButton.swift */ = {isa = PBXFileReference; lastKnownFileType = sourcecode.swift; path = MusicButton.swift; sourceTree = "<group>"; };
		40BCF70A2AC9E14100912EA4 /* NowPlayingViewController.swift */ = {isa = PBXFileReference; lastKnownFileType = sourcecode.swift; path = NowPlayingViewController.swift; sourceTree = "<group>"; };
		40BCF70C2AC9E18800912EA4 /* NowPlayingButtons.swift */ = {isa = PBXFileReference; lastKnownFileType = sourcecode.swift; path = NowPlayingButtons.swift; sourceTree = "<group>"; };
		40BCF7152ACACC1A00912EA4 /* ChannelMusicInfoTableViewCell.swift */ = {isa = PBXFileReference; lastKnownFileType = sourcecode.swift; path = ChannelMusicInfoTableViewCell.swift; sourceTree = "<group>"; };
		40BCF7172ACACC2900912EA4 /* AllEpisodeTableViewCell.swift */ = {isa = PBXFileReference; lastKnownFileType = sourcecode.swift; path = AllEpisodeTableViewCell.swift; sourceTree = "<group>"; };
		40BCF71A2ACACC4900912EA4 /* ChannelViewController.swift */ = {isa = PBXFileReference; lastKnownFileType = sourcecode.swift; path = ChannelViewController.swift; sourceTree = "<group>"; };
		40BCF71E2ACACC9A00912EA4 /* ChannelHeaderView .swift */ = {isa = PBXFileReference; lastKnownFileType = sourcecode.swift; path = "ChannelHeaderView .swift"; sourceTree = "<group>"; };
		445FA16D2ACAC4C800778159 /* Theme.swift */ = {isa = PBXFileReference; lastKnownFileType = sourcecode.swift; path = Theme.swift; sourceTree = "<group>"; };
		44746A8F2AD0C1B60010254D /* ProfileSettingViewController.swift */ = {isa = PBXFileReference; fileEncoding = 4; lastKnownFileType = sourcecode.swift; path = ProfileSettingViewController.swift; sourceTree = "<group>"; };
		44746A912AD0C1D10010254D /* ProfileSettingViewControllerTableViewCell.swift */ = {isa = PBXFileReference; fileEncoding = 4; lastKnownFileType = sourcecode.swift; path = ProfileSettingViewControllerTableViewCell.swift; sourceTree = "<group>"; };
		448D7FFD2AC32D0B003D0403 /* TabBarVC.swift */ = {isa = PBXFileReference; fileEncoding = 4; lastKnownFileType = sourcecode.swift; path = TabBarVC.swift; sourceTree = "<group>"; };
		448D80002AC32D0B003D0403 /* SearchViewContriller.swift */ = {isa = PBXFileReference; fileEncoding = 4; lastKnownFileType = sourcecode.swift; path = SearchViewContriller.swift; sourceTree = "<group>"; };
		448D80032AC32D0B003D0403 /* FavoritesViewController.swift */ = {isa = PBXFileReference; fileEncoding = 4; lastKnownFileType = sourcecode.swift; path = FavoritesViewController.swift; sourceTree = "<group>"; };
		44AC2E4F2AD0AF8900AD3910 /* AccountSettingViewController.swift */ = {isa = PBXFileReference; fileEncoding = 4; lastKnownFileType = sourcecode.swift; path = AccountSettingViewController.swift; sourceTree = "<group>"; };
		751C224F2AC0542000FF50C6 /* PodcastApp.app */ = {isa = PBXFileReference; explicitFileType = wrapper.application; includeInIndex = 0; path = PodcastApp.app; sourceTree = BUILT_PRODUCTS_DIR; };
		751C22522AC0542000FF50C6 /* AppDelegate.swift */ = {isa = PBXFileReference; lastKnownFileType = sourcecode.swift; path = AppDelegate.swift; sourceTree = "<group>"; };
		751C22542AC0542000FF50C6 /* SceneDelegate.swift */ = {isa = PBXFileReference; lastKnownFileType = sourcecode.swift; path = SceneDelegate.swift; sourceTree = "<group>"; };
		751C225B2AC0542100FF50C6 /* Assets.xcassets */ = {isa = PBXFileReference; lastKnownFileType = folder.assetcatalog; path = Assets.xcassets; sourceTree = "<group>"; };
		751C225E2AC0542100FF50C6 /* Base */ = {isa = PBXFileReference; lastKnownFileType = file.storyboard; name = Base; path = Base.lproj/LaunchScreen.storyboard; sourceTree = "<group>"; };
		751C22602AC0542100FF50C6 /* Info.plist */ = {isa = PBXFileReference; lastKnownFileType = text.plist.xml; path = Info.plist; sourceTree = "<group>"; };
		751C22B22AC1930300FF50C6 /* LoginViewController.swift */ = {isa = PBXFileReference; lastKnownFileType = sourcecode.swift; path = LoginViewController.swift; sourceTree = "<group>"; };
		751C22B82AC1968800FF50C6 /* UILabel + Extension.swift */ = {isa = PBXFileReference; lastKnownFileType = sourcecode.swift; path = "UILabel + Extension.swift"; sourceTree = "<group>"; };
		751C22BA2AC196C600FF50C6 /* UIFont + Extension.swift */ = {isa = PBXFileReference; lastKnownFileType = sourcecode.swift; path = "UIFont + Extension.swift"; sourceTree = "<group>"; };
		751C22BF2AC1975300FF50C6 /* PlusJakartaSans-Medium.ttf */ = {isa = PBXFileReference; lastKnownFileType = file; path = "PlusJakartaSans-Medium.ttf"; sourceTree = "<group>"; };
		751C22C02AC1975300FF50C6 /* PlusJakartaSans-SemiBold.ttf */ = {isa = PBXFileReference; lastKnownFileType = file; path = "PlusJakartaSans-SemiBold.ttf"; sourceTree = "<group>"; };
		751C22C12AC1975300FF50C6 /* PlusJakartaSans-Regular.ttf */ = {isa = PBXFileReference; lastKnownFileType = file; path = "PlusJakartaSans-Regular.ttf"; sourceTree = "<group>"; };
		751C22C22AC1975300FF50C6 /* PlusJakartaSans-Bold.ttf */ = {isa = PBXFileReference; lastKnownFileType = file; path = "PlusJakartaSans-Bold.ttf"; sourceTree = "<group>"; };
		751C22CB2AC1B08900FF50C6 /* UITextField + Extension.swift */ = {isa = PBXFileReference; lastKnownFileType = sourcecode.swift; path = "UITextField + Extension.swift"; sourceTree = "<group>"; };
		751C22CE2AC1B36A00FF50C6 /* InputField.swift */ = {isa = PBXFileReference; lastKnownFileType = sourcecode.swift; path = InputField.swift; sourceTree = "<group>"; };
		751C22D02AC1B3F100FF50C6 /* UIView + Extension.swift */ = {isa = PBXFileReference; lastKnownFileType = sourcecode.swift; path = "UIView + Extension.swift"; sourceTree = "<group>"; };
		751C22D22AC1B55300FF50C6 /* UIButton + Extension.swift */ = {isa = PBXFileReference; lastKnownFileType = sourcecode.swift; path = "UIButton + Extension.swift"; sourceTree = "<group>"; };
		751C22D42AC1B5EB00FF50C6 /* UIColor + Extension.swift */ = {isa = PBXFileReference; lastKnownFileType = sourcecode.swift; path = "UIColor + Extension.swift"; sourceTree = "<group>"; };
		751C22D62AC1BC4F00FF50C6 /* Divider.swift */ = {isa = PBXFileReference; lastKnownFileType = sourcecode.swift; path = Divider.swift; sourceTree = "<group>"; };
		751C22D92AC1C18200FF50C6 /* CreateAccountViewController.swift */ = {isa = PBXFileReference; lastKnownFileType = sourcecode.swift; path = CreateAccountViewController.swift; sourceTree = "<group>"; };
		7595506B2AC1D06900A47208 /* SignUpViewController.swift */ = {isa = PBXFileReference; lastKnownFileType = sourcecode.swift; path = SignUpViewController.swift; sourceTree = "<group>"; };
		7595506F2AC2E55800A47208 /* UIStackView + Extension.swift */ = {isa = PBXFileReference; lastKnownFileType = sourcecode.swift; path = "UIStackView + Extension.swift"; sourceTree = "<group>"; };
		759550712AC2E6D200A47208 /* BottomLineAuth.swift */ = {isa = PBXFileReference; lastKnownFileType = sourcecode.swift; path = BottomLineAuth.swift; sourceTree = "<group>"; };
		759550732AC2F22F00A47208 /* UIViewController + Extension.swift */ = {isa = PBXFileReference; lastKnownFileType = sourcecode.swift; path = "UIViewController + Extension.swift"; sourceTree = "<group>"; };
		7595507E2AC7133900A47208 /* AuthService.swift */ = {isa = PBXFileReference; lastKnownFileType = sourcecode.swift; path = AuthService.swift; sourceTree = "<group>"; };
		759550802AC713B100A47208 /* AuthError.swift */ = {isa = PBXFileReference; lastKnownFileType = sourcecode.swift; path = AuthError.swift; sourceTree = "<group>"; };
		759550822AC7142700A47208 /* Validation.swift */ = {isa = PBXFileReference; lastKnownFileType = sourcecode.swift; path = Validation.swift; sourceTree = "<group>"; };
		759550842AC7169B00A47208 /* GoogleService-Info.plist */ = {isa = PBXFileReference; fileEncoding = 4; lastKnownFileType = text.plist.xml; path = "GoogleService-Info.plist"; sourceTree = "<group>"; };
		EB00A0932ACC55A3000C1CA3 /* Extension + String.swift */ = {isa = PBXFileReference; lastKnownFileType = sourcecode.swift; path = "Extension + String.swift"; sourceTree = "<group>"; };
		EB00A0962ACC55C0000C1CA3 /* Endpoint.swift */ = {isa = PBXFileReference; lastKnownFileType = sourcecode.swift; path = Endpoint.swift; sourceTree = "<group>"; };
		EB00A0982ACC55DA000C1CA3 /* RequestMethod.swift */ = {isa = PBXFileReference; lastKnownFileType = sourcecode.swift; path = RequestMethod.swift; sourceTree = "<group>"; };
		EB00A09A2ACC55ED000C1CA3 /* RequestError.swift */ = {isa = PBXFileReference; lastKnownFileType = sourcecode.swift; path = RequestError.swift; sourceTree = "<group>"; };
		EB00A09C2ACC55FC000C1CA3 /* HTTPClient.swift */ = {isa = PBXFileReference; lastKnownFileType = sourcecode.swift; path = HTTPClient.swift; sourceTree = "<group>"; };
		EB00A09F2ACC562C000C1CA3 /* Endpoints.swift */ = {isa = PBXFileReference; lastKnownFileType = sourcecode.swift; path = Endpoints.swift; sourceTree = "<group>"; };
		EB00A0A22ACC5655000C1CA3 /* Servisable.swift */ = {isa = PBXFileReference; lastKnownFileType = sourcecode.swift; path = Servisable.swift; sourceTree = "<group>"; };
		EB00A0A52ACC5675000C1CA3 /* PodcastService.swift */ = {isa = PBXFileReference; lastKnownFileType = sourcecode.swift; path = PodcastService.swift; sourceTree = "<group>"; };
		EB00A0A82ACC5698000C1CA3 /* NetworkService.swift */ = {isa = PBXFileReference; lastKnownFileType = sourcecode.swift; path = NetworkService.swift; sourceTree = "<group>"; };
		EB00A0AB2ACC56D5000C1CA3 /* PodcastModel.swift */ = {isa = PBXFileReference; lastKnownFileType = sourcecode.swift; path = PodcastModel.swift; sourceTree = "<group>"; };
/* End PBXFileReference section */

/* Begin PBXFrameworksBuildPhase section */
		751C224C2AC0542000FF50C6 /* Frameworks */ = {
			isa = PBXFrameworksBuildPhase;
			buildActionMask = 2147483647;
			files = (
				406044932ACDBE51001002BA /* RealmSwift in Frameworks */,
				7595507C2AC7126200A47208 /* GoogleSignInSwift in Frameworks */,
				759550772AC710EF00A47208 /* FirebaseAuth in Frameworks */,
				7595507A2AC7126200A47208 /* GoogleSignIn in Frameworks */,
				406044B12AD01AB9001002BA /* SnapKit in Frameworks */,
			);
			runOnlyForDeploymentPostprocessing = 0;
		};
/* End PBXFrameworksBuildPhase section */

/* Begin PBXGroup section */
		4060449E2AD018D7001002BA /* Favorites */ = {
			isa = PBXGroup;
			children = (
				406044D62AD02311001002BA /* Protocol */,
				4060449F2AD018DF001002BA /* Model */,
				406044A02AD018E7001002BA /* View */,
				406044A12AD018EF001002BA /* ViewModel */,
			);
			path = Favorites;
			sourceTree = "<group>";
		};
		4060449F2AD018DF001002BA /* Model */ = {
			isa = PBXGroup;
			children = (
				406044BD2AD01CAB001002BA /* PlaylistModel.swift */,
				406044B92AD01C6D001002BA /* Event.swift */,
				406044BB2AD01C89001002BA /* ObserverBox.swift */,
				406044BF2AD01CBF001002BA /* Section.swift */,
			);
			path = Model;
			sourceTree = "<group>";
		};
		406044A02AD018E7001002BA /* View */ = {
			isa = PBXGroup;
			children = (
				406044D72AD023D7001002BA /* Controller  */,
				406044C62AD01D52001002BA /* FavoritesListCell.swift */,
				406044C82AD01D83001002BA /* FavoritsCell.swift */,
				406044D42AD01F03001002BA /* HeaderCell.swift */,
				406044CA2AD01DBA001002BA /* HeaderPlaylist.swift */,
			);
			path = View;
			sourceTree = "<group>";
		};
		406044A12AD018EF001002BA /* ViewModel */ = {
			isa = PBXGroup;
			children = (
				406044D02AD01E8A001002BA /* FavoritsCellViewModel.swift */,
				406044CE2AD01E65001002BA /* FavoritesListViewModel.swift */,
				406044D22AD01EA7001002BA /* PlaylistViewModel.swift */,
			);
			path = ViewModel;
			sourceTree = "<group>";
		};
		406044A22AD01935001002BA /* CreatePlaylist */ = {
			isa = PBXGroup;
			children = (
				406044A32AD01943001002BA /* Model */,
				406044A42AD01947001002BA /* View */,
				406044A52AD0194B001002BA /* ViewModel */,
			);
			path = CreatePlaylist;
			sourceTree = "<group>";
		};
		406044A32AD01943001002BA /* Model */ = {
			isa = PBXGroup;
			children = (
				406044A62AD01970001002BA /* SavePlaylistModel.swift */,
				406044A82AD019A8001002BA /* CreatePlaylistCellProtocol .swift */,
				406044AA2AD019E5001002BA /* CreatePlaylistProtocol.swift */,
			);
			path = Model;
			sourceTree = "<group>";
		};
		406044A42AD01947001002BA /* View */ = {
			isa = PBXGroup;
			children = (
				406044AC2AD01A09001002BA /* Cell */,
				406044B22AD01B36001002BA /* Controller  */,
			);
			path = View;
			sourceTree = "<group>";
		};
		406044A52AD0194B001002BA /* ViewModel */ = {
			isa = PBXGroup;
			children = (
				406044B52AD01B7C001002BA /* CreatePlaylistCellViewModel.swift */,
				406044B72AD01BA5001002BA /* CreatePlaylistViewModel.swift */,
			);
			path = ViewModel;
			sourceTree = "<group>";
		};
		406044AC2AD01A09001002BA /* Cell */ = {
			isa = PBXGroup;
			children = (
				406044AD2AD01A2D001002BA /* CreatePlaylistCell.swift */,
			);
			path = Cell;
			sourceTree = "<group>";
		};
		406044B22AD01B36001002BA /* Controller  */ = {
			isa = PBXGroup;
			children = (
				406044B32AD01B48001002BA /* CreatePlaylistController .swift */,
			);
			path = "Controller ";
			sourceTree = "<group>";
		};
		406044D62AD02311001002BA /* Protocol */ = {
			isa = PBXGroup;
			children = (
				406044C42AD01D23001002BA /* PlaylistViewModelProtocol.swift */,
				406044C22AD01D09001002BA /* FavoritesCellViewModelProtocol.swift */,
			);
			path = Protocol;
			sourceTree = "<group>";
		};
		406044D72AD023D7001002BA /* Controller  */ = {
			isa = PBXGroup;
			children = (
				406044CC2AD01DF8001002BA /* PlaylistViewController .swift */,
			);
			path = "Controller ";
			sourceTree = "<group>";
		};
		40B999142ACB0EC400184D44 /* ProfileSettings */ = {
			isa = PBXGroup;
			children = (
				40B999172ACB0ED300184D44 /* Model */,
				40B999162ACB0ED100184D44 /* View */,
				40B999152ACB0ECE00184D44 /* ViewModel */,
			);
			path = ProfileSettings;
			sourceTree = "<group>";
		};
		40B999152ACB0ECE00184D44 /* ViewModel */ = {
			isa = PBXGroup;
			children = (
			);
			path = ViewModel;
			sourceTree = "<group>";
		};
		40B999162ACB0ED100184D44 /* View */ = {
			isa = PBXGroup;
			children = (
			);
			path = View;
			sourceTree = "<group>";
		};
		40B999172ACB0ED300184D44 /* Model */ = {
			isa = PBXGroup;
			children = (
			);
			path = Model;
			sourceTree = "<group>";
		};
		40BCF6CD2AC8BE6600912EA4 /* ViewModel */ = {
			isa = PBXGroup;
			children = (
				40BCF6D52AC8BF2700912EA4 /* HomeViewModel.swift */,
				4060448F2ACDBDD7001002BA /* SavePodcastViewModel.swift */,
			);
			path = ViewModel;
			sourceTree = "<group>";
		};
		40BCF6CE2AC8BE6900912EA4 /* View */ = {
			isa = PBXGroup;
			children = (
				40BCF6D12AC8BEA800912EA4 /* TableViewCell */,
				40BCF6D22AC8BEB100912EA4 /* CollectionViewCell */,
				40BCF7022AC98E1600912EA4 /* Controller */,
			);
			path = View;
			sourceTree = "<group>";
		};
		40BCF6CF2AC8BE6A00912EA4 /* Model */ = {
			isa = PBXGroup;
			children = (
				406044942ACDBE8B001002BA /* PodcastRealm.swift */,
			);
			path = Model;
			sourceTree = "<group>";
		};
		40BCF6D12AC8BEA800912EA4 /* TableViewCell */ = {
			isa = PBXGroup;
			children = (
				40BCF6D32AC8BECF00912EA4 /* CategoryTableViewCell.swift */,
				40BCF6DC2AC8C14600912EA4 /* HomeTableViewCell.swift */,
			);
			path = TableViewCell;
			sourceTree = "<group>";
		};
		40BCF6D22AC8BEB100912EA4 /* CollectionViewCell */ = {
			isa = PBXGroup;
			children = (
				40BCF6E22AC8C27700912EA4 /* CategoryCollectionViewCell.swift */,
				40BCF6E42AC8C29200912EA4 /* CategoryTagCollectionViewCell.swift */,
			);
			path = CollectionViewCell;
			sourceTree = "<group>";
		};
		40BCF6D72AC8C07400912EA4 /* Helpers */ = {
			isa = PBXGroup;
			children = (
				40BCF6D82AC8C08200912EA4 /* CategoryMusicEnum.swift */,
				4060448B2ACD7CF0001002BA /* PopularCreatorsEnum.swift */,
			);
			path = Helpers;
			sourceTree = "<group>";
		};
		40BCF7022AC98E1600912EA4 /* Controller */ = {
			isa = PBXGroup;
			children = (
				40BCF6EA2AC8C30C00912EA4 /* HomeViewController.swift */,
			);
			path = Controller;
			sourceTree = "<group>";
		};
		40BCF7062AC9E0C800912EA4 /* Now_Playing */ = {
			isa = PBXGroup;
			children = (
				40BCF7072AC9E0FD00912EA4 /* Model */,
				40BCF7082AC9E10700912EA4 /* View */,
				40BCF7092AC9E10C00912EA4 /* ViewModel */,
			);
			path = Now_Playing;
			sourceTree = "<group>";
		};
		40BCF7072AC9E0FD00912EA4 /* Model */ = {
			isa = PBXGroup;
			children = (
			);
			path = Model;
			sourceTree = "<group>";
		};
		40BCF7082AC9E10700912EA4 /* View */ = {
			isa = PBXGroup;
			children = (
				40BCF70A2AC9E14100912EA4 /* NowPlayingViewController.swift */,
			);
			path = View;
			sourceTree = "<group>";
		};
		40BCF7092AC9E10C00912EA4 /* ViewModel */ = {
			isa = PBXGroup;
			children = (
				406044962ACEA151001002BA /* NowPlayingViewModel .swift */,
				406044982ACEB879001002BA /* MusicPlayerViewModel.swift */,
			);
			path = ViewModel;
			sourceTree = "<group>";
		};
		40BCF70F2ACACAD300912EA4 /* Channel */ = {
			isa = PBXGroup;
			children = (
				40BCF7102ACACBC800912EA4 /* Model */,
				40BCF7112ACACBCC00912EA4 /* View */,
				40BCF7122ACACBD100912EA4 /* ViewModel */,
			);
			path = Channel;
			sourceTree = "<group>";
		};
		40BCF7102ACACBC800912EA4 /* Model */ = {
			isa = PBXGroup;
			children = (
			);
			path = Model;
			sourceTree = "<group>";
		};
		40BCF7112ACACBCC00912EA4 /* View */ = {
			isa = PBXGroup;
			children = (
				40BCF71C2ACACC8B00912EA4 /* HeaderView */,
				40BCF7142ACACC0700912EA4 /* Controller */,
				40BCF7132ACACBFD00912EA4 /* TableViewCell */,
			);
			path = View;
			sourceTree = "<group>";
		};
		40BCF7122ACACBD100912EA4 /* ViewModel */ = {
			isa = PBXGroup;
			children = (
			);
			path = ViewModel;
			sourceTree = "<group>";
		};
		40BCF7132ACACBFD00912EA4 /* TableViewCell */ = {
			isa = PBXGroup;
			children = (
				40BCF7152ACACC1A00912EA4 /* ChannelMusicInfoTableViewCell.swift */,
				40BCF7172ACACC2900912EA4 /* AllEpisodeTableViewCell.swift */,
			);
			path = TableViewCell;
			sourceTree = "<group>";
		};
		40BCF7142ACACC0700912EA4 /* Controller */ = {
			isa = PBXGroup;
			children = (
				40BCF71A2ACACC4900912EA4 /* ChannelViewController.swift */,
			);
			path = Controller;
			sourceTree = "<group>";
		};
		40BCF71C2ACACC8B00912EA4 /* HeaderView */ = {
			isa = PBXGroup;
			children = (
				40BCF71E2ACACC9A00912EA4 /* ChannelHeaderView .swift */,
			);
			path = HeaderView;
			sourceTree = "<group>";
		};
		40CA63AD2AC8BD0E00B8B4DA /* Modules  */ = {
			isa = PBXGroup;
			children = (
				406044A22AD01935001002BA /* CreatePlaylist */,
				4060449E2AD018D7001002BA /* Favorites */,
				40B999142ACB0EC400184D44 /* ProfileSettings */,
				40BCF70F2ACACAD300912EA4 /* Channel */,
				40BCF7062AC9E0C800912EA4 /* Now_Playing */,
				40CA63AE2AC8BD1900B8B4DA /* Home */,
			);
			path = "Modules ";
			sourceTree = "<group>";
		};
		40CA63AE2AC8BD1900B8B4DA /* Home */ = {
			isa = PBXGroup;
			children = (
				40BCF6D72AC8C07400912EA4 /* Helpers */,
				40BCF6CF2AC8BE6A00912EA4 /* Model */,
				40BCF6CE2AC8BE6900912EA4 /* View */,
				40BCF6CD2AC8BE6600912EA4 /* ViewModel */,
			);
			path = Home;
			sourceTree = "<group>";
		};
		445FA1672ACAC30B00778159 /* ProfileSettingViewController */ = {
			isa = PBXGroup;
			children = (
				44746A8F2AD0C1B60010254D /* ProfileSettingViewController.swift */,
				445FA1682ACAC30B00778159 /* Cell */,
			);
			path = ProfileSettingViewController;
			sourceTree = "<group>";
		};
		445FA1682ACAC30B00778159 /* Cell */ = {
			isa = PBXGroup;
			children = (
				44746A912AD0C1D10010254D /* ProfileSettingViewControllerTableViewCell.swift */,
			);
			path = Cell;
			sourceTree = "<group>";
		};
		448D7FFC2AC32D0B003D0403 /* ViewControllerTabBar */ = {
			isa = PBXGroup;
			children = (
				448D7FFD2AC32D0B003D0403 /* TabBarVC.swift */,
				448D7FFF2AC32D0B003D0403 /* PresentationClasses */,
			);
			path = ViewControllerTabBar;
			sourceTree = "<group>";
		};
		448D7FFF2AC32D0B003D0403 /* PresentationClasses */ = {
			isa = PBXGroup;
			children = (
				448D80002AC32D0B003D0403 /* SearchViewContriller.swift */,
				448D80032AC32D0B003D0403 /* FavoritesViewController.swift */,
			);
			path = PresentationClasses;
			sourceTree = "<group>";
		};
		44AC2E4E2AD0AF2B00AD3910 /* AccountSettingViewController */ = {
			isa = PBXGroup;
			children = (
				44AC2E4F2AD0AF8900AD3910 /* AccountSettingViewController.swift */,
			);
			path = AccountSettingViewController;
			sourceTree = "<group>";
		};
		751C22462AC0542000FF50C6 = {
			isa = PBXGroup;
			children = (
				751C22512AC0542000FF50C6 /* PodcastApp */,
				751C22502AC0542000FF50C6 /* Products */,
			);
			sourceTree = "<group>";
		};
		751C22502AC0542000FF50C6 /* Products */ = {
			isa = PBXGroup;
			children = (
				751C224F2AC0542000FF50C6 /* PodcastApp.app */,
			);
			name = Products;
			sourceTree = "<group>";
		};
		751C22512AC0542000FF50C6 /* PodcastApp */ = {
			isa = PBXGroup;
			children = (
				759550842AC7169B00A47208 /* GoogleService-Info.plist */,
				EB00A0902ACC555E000C1CA3 /* App */,
				40CA63AD2AC8BD0E00B8B4DA /* Modules  */,
				751C22CD2AC1B32600FF50C6 /* Components */,
				751C22BC2AC1975300FF50C6 /* Fonts */,
				751C22B72AC1966C00FF50C6 /* Extensions */,
				751C22B12AC192BA00FF50C6 /* AuthorizationScreen */,
				44AC2E4E2AD0AF2B00AD3910 /* AccountSettingViewController */,
				445FA1672ACAC30B00778159 /* ProfileSettingViewController */,
				448D7FFC2AC32D0B003D0403 /* ViewControllerTabBar */,
				EB00A0912ACC5586000C1CA3 /* NetworkManager */,
				EB00A0AD2ACC5727000C1CA3 /* Support */,
				751C22602AC0542100FF50C6 /* Info.plist */,
			);
			path = PodcastApp;
			sourceTree = "<group>";
		};
		751C22B12AC192BA00FF50C6 /* AuthorizationScreen */ = {
			isa = PBXGroup;
			children = (
				7595507D2AC712F700A47208 /* Services */,
				759550682AC1C97400A47208 /* SignUpScreen */,
				751C22D82AC1C16100FF50C6 /* CreateAccountScreen */,
				751C22B42AC194C100FF50C6 /* LoginScreen */,
			);
			path = AuthorizationScreen;
			sourceTree = "<group>";
		};
		751C22B42AC194C100FF50C6 /* LoginScreen */ = {
			isa = PBXGroup;
			children = (
				751C22B22AC1930300FF50C6 /* LoginViewController.swift */,
			);
			path = LoginScreen;
			sourceTree = "<group>";
		};
		751C22B72AC1966C00FF50C6 /* Extensions */ = {
			isa = PBXGroup;
			children = (
				751C22B82AC1968800FF50C6 /* UILabel + Extension.swift */,
				751C22BA2AC196C600FF50C6 /* UIFont + Extension.swift */,
				751C22CB2AC1B08900FF50C6 /* UITextField + Extension.swift */,
				751C22D02AC1B3F100FF50C6 /* UIView + Extension.swift */,
				751C22D22AC1B55300FF50C6 /* UIButton + Extension.swift */,
				751C22D42AC1B5EB00FF50C6 /* UIColor + Extension.swift */,
				7595506F2AC2E55800A47208 /* UIStackView + Extension.swift */,
				759550732AC2F22F00A47208 /* UIViewController + Extension.swift */,
				40BCF6DA2AC8C0F100912EA4 /* UICollectionView + Extension.swift */,
				40BCF6E02AC8C18700912EA4 /* UIImageView.swift */,
				445FA16D2ACAC4C800778159 /* Theme.swift */,
			);
			path = Extensions;
			sourceTree = "<group>";
		};
		751C22BC2AC1975300FF50C6 /* Fonts */ = {
			isa = PBXGroup;
			children = (
				751C22BF2AC1975300FF50C6 /* PlusJakartaSans-Medium.ttf */,
				751C22C02AC1975300FF50C6 /* PlusJakartaSans-SemiBold.ttf */,
				751C22C12AC1975300FF50C6 /* PlusJakartaSans-Regular.ttf */,
				751C22C22AC1975300FF50C6 /* PlusJakartaSans-Bold.ttf */,
			);
			path = Fonts;
			sourceTree = "<group>";
		};
		751C22CD2AC1B32600FF50C6 /* Components */ = {
			isa = PBXGroup;
			children = (
				40BCF6DE2AC8C16E00912EA4 /* UIView.swift */,
				751C22CE2AC1B36A00FF50C6 /* InputField.swift */,
				751C22D62AC1BC4F00FF50C6 /* Divider.swift */,
				759550712AC2E6D200A47208 /* BottomLineAuth.swift */,
				40BCF6E62AC8C2AF00912EA4 /* PlayedTrackView.swift */,
				40BCF7032AC9A5B000912EA4 /* MusicButton.swift */,
				40BCF70C2AC9E18800912EA4 /* NowPlayingButtons.swift */,
			);
			path = Components;
			sourceTree = "<group>";
		};
		751C22D82AC1C16100FF50C6 /* CreateAccountScreen */ = {
			isa = PBXGroup;
			children = (
				751C22D92AC1C18200FF50C6 /* CreateAccountViewController.swift */,
			);
			path = CreateAccountScreen;
			sourceTree = "<group>";
		};
		759550682AC1C97400A47208 /* SignUpScreen */ = {
			isa = PBXGroup;
			children = (
				7595506B2AC1D06900A47208 /* SignUpViewController.swift */,
			);
			path = SignUpScreen;
			sourceTree = "<group>";
		};
		7595507D2AC712F700A47208 /* Services */ = {
			isa = PBXGroup;
			children = (
				7595507E2AC7133900A47208 /* AuthService.swift */,
				759550802AC713B100A47208 /* AuthError.swift */,
				759550822AC7142700A47208 /* Validation.swift */,
			);
			path = Services;
			sourceTree = "<group>";
		};
		EB00A0902ACC555E000C1CA3 /* App */ = {
			isa = PBXGroup;
			children = (
				751C22522AC0542000FF50C6 /* AppDelegate.swift */,
				751C22542AC0542000FF50C6 /* SceneDelegate.swift */,
			);
			path = App;
			sourceTree = "<group>";
		};
		EB00A0912ACC5586000C1CA3 /* NetworkManager */ = {
			isa = PBXGroup;
			children = (
				EB00A0AA2ACC56A7000C1CA3 /* MainModel */,
				EB00A0922ACC559B000C1CA3 /* Helper */,
				EB00A0952ACC55B6000C1CA3 /* Base */,
				EB00A09E2ACC5613000C1CA3 /* Endpoints */,
				EB00A0A12ACC5646000C1CA3 /* Servisable */,
				EB00A0A42ACC5661000C1CA3 /* Services */,
				EB00A0A72ACC5686000C1CA3 /* NetworkService */,
			);
			path = NetworkManager;
			sourceTree = "<group>";
		};
		EB00A0922ACC559B000C1CA3 /* Helper */ = {
			isa = PBXGroup;
			children = (
				EB00A0932ACC55A3000C1CA3 /* Extension + String.swift */,
			);
			path = Helper;
			sourceTree = "<group>";
		};
		EB00A0952ACC55B6000C1CA3 /* Base */ = {
			isa = PBXGroup;
			children = (
				EB00A0962ACC55C0000C1CA3 /* Endpoint.swift */,
				EB00A0982ACC55DA000C1CA3 /* RequestMethod.swift */,
				EB00A09A2ACC55ED000C1CA3 /* RequestError.swift */,
				EB00A09C2ACC55FC000C1CA3 /* HTTPClient.swift */,
			);
			path = Base;
			sourceTree = "<group>";
		};
		EB00A09E2ACC5613000C1CA3 /* Endpoints */ = {
			isa = PBXGroup;
			children = (
				EB00A09F2ACC562C000C1CA3 /* Endpoints.swift */,
			);
			path = Endpoints;
			sourceTree = "<group>";
		};
		EB00A0A12ACC5646000C1CA3 /* Servisable */ = {
			isa = PBXGroup;
			children = (
				EB00A0A22ACC5655000C1CA3 /* Servisable.swift */,
			);
			path = Servisable;
			sourceTree = "<group>";
		};
		EB00A0A42ACC5661000C1CA3 /* Services */ = {
			isa = PBXGroup;
			children = (
				EB00A0A52ACC5675000C1CA3 /* PodcastService.swift */,
			);
			path = Services;
			sourceTree = "<group>";
		};
		EB00A0A72ACC5686000C1CA3 /* NetworkService */ = {
			isa = PBXGroup;
			children = (
				EB00A0A82ACC5698000C1CA3 /* NetworkService.swift */,
			);
			path = NetworkService;
			sourceTree = "<group>";
		};
		EB00A0AA2ACC56A7000C1CA3 /* MainModel */ = {
			isa = PBXGroup;
			children = (
				EB00A0AB2ACC56D5000C1CA3 /* PodcastModel.swift */,
				4060448D2ACD93A1001002BA /* CreatorsModel.swift */,
			);
			path = MainModel;
			sourceTree = "<group>";
		};
		EB00A0AD2ACC5727000C1CA3 /* Support */ = {
			isa = PBXGroup;
			children = (
				751C225B2AC0542100FF50C6 /* Assets.xcassets */,
				751C225D2AC0542100FF50C6 /* LaunchScreen.storyboard */,
			);
			path = Support;
			sourceTree = "<group>";
		};
/* End PBXGroup section */

/* Begin PBXNativeTarget section */
		751C224E2AC0542000FF50C6 /* PodcastApp */ = {
			isa = PBXNativeTarget;
			buildConfigurationList = 751C22632AC0542100FF50C6 /* Build configuration list for PBXNativeTarget "PodcastApp" */;
			buildPhases = (
				751C224B2AC0542000FF50C6 /* Sources */,
				751C224C2AC0542000FF50C6 /* Frameworks */,
				751C224D2AC0542000FF50C6 /* Resources */,
			);
			buildRules = (
			);
			dependencies = (
			);
			name = PodcastApp;
			packageProductDependencies = (
				759550762AC710EF00A47208 /* FirebaseAuth */,
				759550792AC7126200A47208 /* GoogleSignIn */,
				7595507B2AC7126200A47208 /* GoogleSignInSwift */,
				406044922ACDBE51001002BA /* RealmSwift */,
				406044B02AD01AB9001002BA /* SnapKit */,
			);
			productName = "Podcast App";
			productReference = 751C224F2AC0542000FF50C6 /* PodcastApp.app */;
			productType = "com.apple.product-type.application";
		};
/* End PBXNativeTarget section */

/* Begin PBXProject section */
		751C22472AC0542000FF50C6 /* Project object */ = {
			isa = PBXProject;
			attributes = {
				BuildIndependentTargetsInParallel = 1;
				LastSwiftUpdateCheck = 1410;
				LastUpgradeCheck = 1410;
				TargetAttributes = {
					751C224E2AC0542000FF50C6 = {
						CreatedOnToolsVersion = 14.1;
					};
				};
			};
			buildConfigurationList = 751C224A2AC0542000FF50C6 /* Build configuration list for PBXProject "PodcastApp" */;
			compatibilityVersion = "Xcode 14.0";
			developmentRegion = en;
			hasScannedForEncodings = 0;
			knownRegions = (
				en,
				Base,
			);
			mainGroup = 751C22462AC0542000FF50C6;
			packageReferences = (
				759550752AC710EF00A47208 /* XCRemoteSwiftPackageReference "firebase-ios-sdk" */,
				759550782AC7126200A47208 /* XCRemoteSwiftPackageReference "GoogleSignIn-iOS" */,
				406044912ACDBE51001002BA /* XCRemoteSwiftPackageReference "realm-swift" */,
				406044AF2AD01AB9001002BA /* XCRemoteSwiftPackageReference "SnapKit" */,
			);
			productRefGroup = 751C22502AC0542000FF50C6 /* Products */;
			projectDirPath = "";
			projectRoot = "";
			targets = (
				751C224E2AC0542000FF50C6 /* PodcastApp */,
			);
		};
/* End PBXProject section */

/* Begin PBXResourcesBuildPhase section */
		751C224D2AC0542000FF50C6 /* Resources */ = {
			isa = PBXResourcesBuildPhase;
			buildActionMask = 2147483647;
			files = (
				751C225F2AC0542100FF50C6 /* LaunchScreen.storyboard in Resources */,
				751C22C92AC1975300FF50C6 /* PlusJakartaSans-Bold.ttf in Resources */,
				751C22C82AC1975300FF50C6 /* PlusJakartaSans-Regular.ttf in Resources */,
				751C22C72AC1975300FF50C6 /* PlusJakartaSans-SemiBold.ttf in Resources */,
				751C22C62AC1975300FF50C6 /* PlusJakartaSans-Medium.ttf in Resources */,
				751C225C2AC0542100FF50C6 /* Assets.xcassets in Resources */,
				44CF6AAF2AD0BACC00201DC9 /* GoogleService-Info.plist in Resources */,
			);
			runOnlyForDeploymentPostprocessing = 0;
		};
/* End PBXResourcesBuildPhase section */

/* Begin PBXSourcesBuildPhase section */
		751C224B2AC0542000FF50C6 /* Sources */ = {
			isa = PBXSourcesBuildPhase;
			buildActionMask = 2147483647;
			files = (
				751C22DA2AC1C18200FF50C6 /* CreateAccountViewController.swift in Sources */,
				406044CD2AD01DF8001002BA /* PlaylistViewController .swift in Sources */,
				7595507F2AC7133900A47208 /* AuthService.swift in Sources */,
				751C22B92AC1968800FF50C6 /* UILabel + Extension.swift in Sources */,
				40BCF6D92AC8C08200912EA4 /* CategoryMusicEnum.swift in Sources */,
				EB00A0AC2ACC56D5000C1CA3 /* PodcastModel.swift in Sources */,
				EB00A0992ACC55DA000C1CA3 /* RequestMethod.swift in Sources */,
				406044BE2AD01CAB001002BA /* PlaylistModel.swift in Sources */,
				40BCF6E12AC8C18700912EA4 /* UIImageView.swift in Sources */,
				751C22D32AC1B55300FF50C6 /* UIButton + Extension.swift in Sources */,
				40BCF7042AC9A5B000912EA4 /* MusicButton.swift in Sources */,
				406044972ACEA152001002BA /* NowPlayingViewModel .swift in Sources */,
				759550702AC2E55800A47208 /* UIStackView + Extension.swift in Sources */,
				406044902ACDBDD7001002BA /* SavePodcastViewModel.swift in Sources */,
				759550812AC713B100A47208 /* AuthError.swift in Sources */,
				448D80042AC32D0C003D0403 /* TabBarVC.swift in Sources */,
				406044C02AD01CBF001002BA /* Section.swift in Sources */,
				40BCF6D42AC8BECF00912EA4 /* CategoryTableViewCell.swift in Sources */,
				EB00A0A02ACC562C000C1CA3 /* Endpoints.swift in Sources */,
				EB00A0A92ACC5698000C1CA3 /* NetworkService.swift in Sources */,
				40BCF6DB2AC8C0F100912EA4 /* UICollectionView + Extension.swift in Sources */,
				EB00A0A62ACC5675000C1CA3 /* PodcastService.swift in Sources */,
				406044BA2AD01C6D001002BA /* Event.swift in Sources */,
				406044CB2AD01DBA001002BA /* HeaderPlaylist.swift in Sources */,
				751C22D72AC1BC4F00FF50C6 /* Divider.swift in Sources */,
				4060448E2ACD93A1001002BA /* CreatorsModel.swift in Sources */,
				751C22B32AC1930300FF50C6 /* LoginViewController.swift in Sources */,
				406044C32AD01D09001002BA /* FavoritesCellViewModelProtocol.swift in Sources */,
				406044D52AD01F03001002BA /* HeaderCell.swift in Sources */,
				751C22CF2AC1B36A00FF50C6 /* InputField.swift in Sources */,
				751C22532AC0542000FF50C6 /* AppDelegate.swift in Sources */,
				759550832AC7142700A47208 /* Validation.swift in Sources */,
				448D80092AC32D0C003D0403 /* FavoritesViewController.swift in Sources */,
				448D80092AC32D0C003D0403 /* FavoritesViewController.swift in Sources */,
				406044AE2AD01A2D001002BA /* CreatePlaylistCell.swift in Sources */,
				406044BC2AD01C89001002BA /* ObserverBox.swift in Sources */,
				40BCF6E32AC8C27700912EA4 /* CategoryCollectionViewCell.swift in Sources */,
				40BCF6DD2AC8C14600912EA4 /* HomeTableViewCell.swift in Sources */,
				406044C92AD01D83001002BA /* FavoritsCell.swift in Sources */,
				406044CF2AD01E65001002BA /* FavoritesListViewModel.swift in Sources */,
				44AC2E502AD0AF8900AD3910 /* AccountSettingViewController.swift in Sources */,
				7595506C2AC1D06900A47208 /* SignUpViewController.swift in Sources */,
				751C22BB2AC196C600FF50C6 /* UIFont + Extension.swift in Sources */,
				751C22552AC0542000FF50C6 /* SceneDelegate.swift in Sources */,
				406044A92AD019A8001002BA /* CreatePlaylistCellProtocol .swift in Sources */,
				EB00A0942ACC55A3000C1CA3 /* Extension + String.swift in Sources */,
				751C22D52AC1B5EB00FF50C6 /* UIColor + Extension.swift in Sources */,
				406044B42AD01B48001002BA /* CreatePlaylistController .swift in Sources */,
				406044992ACEB879001002BA /* MusicPlayerViewModel.swift in Sources */,
				751C22D12AC1B3F100FF50C6 /* UIView + Extension.swift in Sources */,
				EB00A0972ACC55C0000C1CA3 /* Endpoint.swift in Sources */,
				40BCF70B2AC9E14100912EA4 /* NowPlayingViewController.swift in Sources */,
				40BCF70D2AC9E18800912EA4 /* NowPlayingButtons.swift in Sources */,
				40BCF6D62AC8BF2700912EA4 /* HomeViewModel.swift in Sources */,
				448D80062AC32D0C003D0403 /* SearchViewContriller.swift in Sources */,
				40BCF6DF2AC8C16E00912EA4 /* UIView.swift in Sources */,
				759550742AC2F22F00A47208 /* UIViewController + Extension.swift in Sources */,
				EB00A09B2ACC55ED000C1CA3 /* RequestError.swift in Sources */,
				406044AB2AD019E5001002BA /* CreatePlaylistProtocol.swift in Sources */,
				406044D32AD01EA7001002BA /* PlaylistViewModel.swift in Sources */,
				40BCF6E52AC8C29200912EA4 /* CategoryTagCollectionViewCell.swift in Sources */,
				406044C52AD01D23001002BA /* PlaylistViewModelProtocol.swift in Sources */,
				40BCF6EB2AC8C30C00912EA4 /* HomeViewController.swift in Sources */,
				406044B82AD01BA5001002BA /* CreatePlaylistViewModel.swift in Sources */,
				406044B62AD01B7C001002BA /* CreatePlaylistCellViewModel.swift in Sources */,
				406044952ACDBE8B001002BA /* PodcastRealm.swift in Sources */,
				759550722AC2E6D200A47208 /* BottomLineAuth.swift in Sources */,
				EB00A09D2ACC55FC000C1CA3 /* HTTPClient.swift in Sources */,
				44746A902AD0C1B70010254D /* ProfileSettingViewController.swift in Sources */,
				406044C72AD01D52001002BA /* FavoritesListCell.swift in Sources */,
				4060448C2ACD7CF0001002BA /* PopularCreatorsEnum.swift in Sources */,
				751C22CC2AC1B08900FF50C6 /* UITextField + Extension.swift in Sources */,
				406044A72AD01970001002BA /* SavePlaylistModel.swift in Sources */,
				44746A922AD0C1D20010254D /* ProfileSettingViewControllerTableViewCell.swift in Sources */,
				40BCF6E72AC8C2AF00912EA4 /* PlayedTrackView.swift in Sources */,
				406044D12AD01E8A001002BA /* FavoritsCellViewModel.swift in Sources */,
				EB00A0A32ACC5655000C1CA3 /* Servisable.swift in Sources */,
			);
			runOnlyForDeploymentPostprocessing = 0;
		};
/* End PBXSourcesBuildPhase section */

/* Begin PBXVariantGroup section */
		751C225D2AC0542100FF50C6 /* LaunchScreen.storyboard */ = {
			isa = PBXVariantGroup;
			children = (
				751C225E2AC0542100FF50C6 /* Base */,
			);
			name = LaunchScreen.storyboard;
			sourceTree = "<group>";
		};
/* End PBXVariantGroup section */

/* Begin XCBuildConfiguration section */
		751C22612AC0542100FF50C6 /* Debug */ = {
			isa = XCBuildConfiguration;
			buildSettings = {
				ALWAYS_SEARCH_USER_PATHS = NO;
				CLANG_ANALYZER_NONNULL = YES;
				CLANG_ANALYZER_NUMBER_OBJECT_CONVERSION = YES_AGGRESSIVE;
				CLANG_CXX_LANGUAGE_STANDARD = "gnu++20";
				CLANG_ENABLE_MODULES = YES;
				CLANG_ENABLE_OBJC_ARC = YES;
				CLANG_ENABLE_OBJC_WEAK = YES;
				CLANG_WARN_BLOCK_CAPTURE_AUTORELEASING = YES;
				CLANG_WARN_BOOL_CONVERSION = YES;
				CLANG_WARN_COMMA = YES;
				CLANG_WARN_CONSTANT_CONVERSION = YES;
				CLANG_WARN_DEPRECATED_OBJC_IMPLEMENTATIONS = YES;
				CLANG_WARN_DIRECT_OBJC_ISA_USAGE = YES_ERROR;
				CLANG_WARN_DOCUMENTATION_COMMENTS = YES;
				CLANG_WARN_EMPTY_BODY = YES;
				CLANG_WARN_ENUM_CONVERSION = YES;
				CLANG_WARN_INFINITE_RECURSION = YES;
				CLANG_WARN_INT_CONVERSION = YES;
				CLANG_WARN_NON_LITERAL_NULL_CONVERSION = YES;
				CLANG_WARN_OBJC_IMPLICIT_RETAIN_SELF = YES;
				CLANG_WARN_OBJC_LITERAL_CONVERSION = YES;
				CLANG_WARN_OBJC_ROOT_CLASS = YES_ERROR;
				CLANG_WARN_QUOTED_INCLUDE_IN_FRAMEWORK_HEADER = YES;
				CLANG_WARN_RANGE_LOOP_ANALYSIS = YES;
				CLANG_WARN_STRICT_PROTOTYPES = YES;
				CLANG_WARN_SUSPICIOUS_MOVE = YES;
				CLANG_WARN_UNGUARDED_AVAILABILITY = YES_AGGRESSIVE;
				CLANG_WARN_UNREACHABLE_CODE = YES;
				CLANG_WARN__DUPLICATE_METHOD_MATCH = YES;
				COPY_PHASE_STRIP = NO;
				DEBUG_INFORMATION_FORMAT = dwarf;
				ENABLE_STRICT_OBJC_MSGSEND = YES;
				ENABLE_TESTABILITY = YES;
				GCC_C_LANGUAGE_STANDARD = gnu11;
				GCC_DYNAMIC_NO_PIC = NO;
				GCC_NO_COMMON_BLOCKS = YES;
				GCC_OPTIMIZATION_LEVEL = 0;
				GCC_PREPROCESSOR_DEFINITIONS = (
					"DEBUG=1",
					"$(inherited)",
				);
				GCC_WARN_64_TO_32_BIT_CONVERSION = YES;
				GCC_WARN_ABOUT_RETURN_TYPE = YES_ERROR;
				GCC_WARN_UNDECLARED_SELECTOR = YES;
				GCC_WARN_UNINITIALIZED_AUTOS = YES_AGGRESSIVE;
				GCC_WARN_UNUSED_FUNCTION = YES;
				GCC_WARN_UNUSED_VARIABLE = YES;
				IPHONEOS_DEPLOYMENT_TARGET = 16.1;
				MTL_ENABLE_DEBUG_INFO = INCLUDE_SOURCE;
				MTL_FAST_MATH = YES;
				ONLY_ACTIVE_ARCH = YES;
				SDKROOT = iphoneos;
				SWIFT_ACTIVE_COMPILATION_CONDITIONS = DEBUG;
				SWIFT_OPTIMIZATION_LEVEL = "-Onone";
			};
			name = Debug;
		};
		751C22622AC0542100FF50C6 /* Release */ = {
			isa = XCBuildConfiguration;
			buildSettings = {
				ALWAYS_SEARCH_USER_PATHS = NO;
				CLANG_ANALYZER_NONNULL = YES;
				CLANG_ANALYZER_NUMBER_OBJECT_CONVERSION = YES_AGGRESSIVE;
				CLANG_CXX_LANGUAGE_STANDARD = "gnu++20";
				CLANG_ENABLE_MODULES = YES;
				CLANG_ENABLE_OBJC_ARC = YES;
				CLANG_ENABLE_OBJC_WEAK = YES;
				CLANG_WARN_BLOCK_CAPTURE_AUTORELEASING = YES;
				CLANG_WARN_BOOL_CONVERSION = YES;
				CLANG_WARN_COMMA = YES;
				CLANG_WARN_CONSTANT_CONVERSION = YES;
				CLANG_WARN_DEPRECATED_OBJC_IMPLEMENTATIONS = YES;
				CLANG_WARN_DIRECT_OBJC_ISA_USAGE = YES_ERROR;
				CLANG_WARN_DOCUMENTATION_COMMENTS = YES;
				CLANG_WARN_EMPTY_BODY = YES;
				CLANG_WARN_ENUM_CONVERSION = YES;
				CLANG_WARN_INFINITE_RECURSION = YES;
				CLANG_WARN_INT_CONVERSION = YES;
				CLANG_WARN_NON_LITERAL_NULL_CONVERSION = YES;
				CLANG_WARN_OBJC_IMPLICIT_RETAIN_SELF = YES;
				CLANG_WARN_OBJC_LITERAL_CONVERSION = YES;
				CLANG_WARN_OBJC_ROOT_CLASS = YES_ERROR;
				CLANG_WARN_QUOTED_INCLUDE_IN_FRAMEWORK_HEADER = YES;
				CLANG_WARN_RANGE_LOOP_ANALYSIS = YES;
				CLANG_WARN_STRICT_PROTOTYPES = YES;
				CLANG_WARN_SUSPICIOUS_MOVE = YES;
				CLANG_WARN_UNGUARDED_AVAILABILITY = YES_AGGRESSIVE;
				CLANG_WARN_UNREACHABLE_CODE = YES;
				CLANG_WARN__DUPLICATE_METHOD_MATCH = YES;
				COPY_PHASE_STRIP = NO;
				DEBUG_INFORMATION_FORMAT = "dwarf-with-dsym";
				ENABLE_NS_ASSERTIONS = NO;
				ENABLE_STRICT_OBJC_MSGSEND = YES;
				GCC_C_LANGUAGE_STANDARD = gnu11;
				GCC_NO_COMMON_BLOCKS = YES;
				GCC_WARN_64_TO_32_BIT_CONVERSION = YES;
				GCC_WARN_ABOUT_RETURN_TYPE = YES_ERROR;
				GCC_WARN_UNDECLARED_SELECTOR = YES;
				GCC_WARN_UNINITIALIZED_AUTOS = YES_AGGRESSIVE;
				GCC_WARN_UNUSED_FUNCTION = YES;
				GCC_WARN_UNUSED_VARIABLE = YES;
				IPHONEOS_DEPLOYMENT_TARGET = 16.1;
				MTL_ENABLE_DEBUG_INFO = NO;
				MTL_FAST_MATH = YES;
				SDKROOT = iphoneos;
				SWIFT_COMPILATION_MODE = wholemodule;
				SWIFT_OPTIMIZATION_LEVEL = "-O";
				VALIDATE_PRODUCT = YES;
			};
			name = Release;
		};
		751C22642AC0542100FF50C6 /* Debug */ = {
			isa = XCBuildConfiguration;
			buildSettings = {
				ASSETCATALOG_COMPILER_APPICON_NAME = AppIcon;
				ASSETCATALOG_COMPILER_GLOBAL_ACCENT_COLOR_NAME = AccentColor;
				CODE_SIGN_STYLE = Automatic;
				CURRENT_PROJECT_VERSION = 1;
				DEVELOPMENT_TEAM = M87C32M9C3;
				GENERATE_INFOPLIST_FILE = YES;
				INFOPLIST_FILE = PodcastApp/Info.plist;
				INFOPLIST_KEY_UIApplicationSupportsIndirectInputEvents = YES;
				INFOPLIST_KEY_UILaunchStoryboardName = LaunchScreen;
				INFOPLIST_KEY_UISupportedInterfaceOrientations = UIInterfaceOrientationPortrait;
				INFOPLIST_KEY_UISupportedInterfaceOrientations_iPad = "UIInterfaceOrientationLandscapeLeft UIInterfaceOrientationLandscapeRight UIInterfaceOrientationPortrait UIInterfaceOrientationPortraitUpsideDown";
				IPHONEOS_DEPLOYMENT_TARGET = 15.0;
				LD_RUNPATH_SEARCH_PATHS = (
					"$(inherited)",
					"@executable_path/Frameworks",
				);
				MARKETING_VERSION = 1.0;
				PRODUCT_BUNDLE_IDENTIFIER = "com.tacarlen.Podcast-App";
				PRODUCT_NAME = "$(TARGET_NAME)";
				SUPPORTED_PLATFORMS = "iphoneos iphonesimulator";
				SUPPORTS_MACCATALYST = NO;
				SUPPORTS_MAC_DESIGNED_FOR_IPHONE_IPAD = NO;
				SWIFT_EMIT_LOC_STRINGS = YES;
				SWIFT_VERSION = 5.0;
				TARGETED_DEVICE_FAMILY = 1;
			};
			name = Debug;
		};
		751C22652AC0542100FF50C6 /* Release */ = {
			isa = XCBuildConfiguration;
			buildSettings = {
				ASSETCATALOG_COMPILER_APPICON_NAME = AppIcon;
				ASSETCATALOG_COMPILER_GLOBAL_ACCENT_COLOR_NAME = AccentColor;
				CODE_SIGN_STYLE = Automatic;
				CURRENT_PROJECT_VERSION = 1;
				DEVELOPMENT_TEAM = M87C32M9C3;
				GENERATE_INFOPLIST_FILE = YES;
				INFOPLIST_FILE = PodcastApp/Info.plist;
				INFOPLIST_KEY_UIApplicationSupportsIndirectInputEvents = YES;
				INFOPLIST_KEY_UILaunchStoryboardName = LaunchScreen;
				INFOPLIST_KEY_UISupportedInterfaceOrientations = UIInterfaceOrientationPortrait;
				INFOPLIST_KEY_UISupportedInterfaceOrientations_iPad = "UIInterfaceOrientationLandscapeLeft UIInterfaceOrientationLandscapeRight UIInterfaceOrientationPortrait UIInterfaceOrientationPortraitUpsideDown";
				IPHONEOS_DEPLOYMENT_TARGET = 15.0;
				LD_RUNPATH_SEARCH_PATHS = (
					"$(inherited)",
					"@executable_path/Frameworks",
				);
				MARKETING_VERSION = 1.0;
				PRODUCT_BUNDLE_IDENTIFIER = "com.tacarlen.Podcast-App";
				PRODUCT_NAME = "$(TARGET_NAME)";
				SUPPORTED_PLATFORMS = "iphoneos iphonesimulator";
				SUPPORTS_MACCATALYST = NO;
				SUPPORTS_MAC_DESIGNED_FOR_IPHONE_IPAD = NO;
				SWIFT_EMIT_LOC_STRINGS = YES;
				SWIFT_VERSION = 5.0;
				TARGETED_DEVICE_FAMILY = 1;
			};
			name = Release;
		};
/* End XCBuildConfiguration section */

/* Begin XCConfigurationList section */
		751C224A2AC0542000FF50C6 /* Build configuration list for PBXProject "PodcastApp" */ = {
			isa = XCConfigurationList;
			buildConfigurations = (
				751C22612AC0542100FF50C6 /* Debug */,
				751C22622AC0542100FF50C6 /* Release */,
			);
			defaultConfigurationIsVisible = 0;
			defaultConfigurationName = Release;
		};
		751C22632AC0542100FF50C6 /* Build configuration list for PBXNativeTarget "PodcastApp" */ = {
			isa = XCConfigurationList;
			buildConfigurations = (
				751C22642AC0542100FF50C6 /* Debug */,
				751C22652AC0542100FF50C6 /* Release */,
			);
			defaultConfigurationIsVisible = 0;
			defaultConfigurationName = Release;
		};
/* End XCConfigurationList section */

/* Begin XCRemoteSwiftPackageReference section */
		406044912ACDBE51001002BA /* XCRemoteSwiftPackageReference "realm-swift" */ = {
			isa = XCRemoteSwiftPackageReference;
			repositoryURL = "https://github.com/realm/realm-swift.git";
			requirement = {
				branch = master;
				kind = branch;
			};
		};
		406044AF2AD01AB9001002BA /* XCRemoteSwiftPackageReference "SnapKit" */ = {
			isa = XCRemoteSwiftPackageReference;
			repositoryURL = "https://github.com/SnapKit/SnapKit.git";
			requirement = {
				kind = upToNextMajorVersion;
				minimumVersion = 5.6.0;
			};
		};
		759550752AC710EF00A47208 /* XCRemoteSwiftPackageReference "firebase-ios-sdk" */ = {
			isa = XCRemoteSwiftPackageReference;
			repositoryURL = "https://github.com/firebase/firebase-ios-sdk.git";
			requirement = {
				kind = upToNextMajorVersion;
				minimumVersion = 9.0.0;
			};
		};
		759550782AC7126200A47208 /* XCRemoteSwiftPackageReference "GoogleSignIn-iOS" */ = {
			isa = XCRemoteSwiftPackageReference;
			repositoryURL = "https://github.com/google/GoogleSignIn-iOS";
			requirement = {
				kind = upToNextMajorVersion;
				minimumVersion = 7.0.0;
			};
		};
/* End XCRemoteSwiftPackageReference section */

/* Begin XCSwiftPackageProductDependency section */
		406044922ACDBE51001002BA /* RealmSwift */ = {
			isa = XCSwiftPackageProductDependency;
			package = 406044912ACDBE51001002BA /* XCRemoteSwiftPackageReference "realm-swift" */;
			productName = RealmSwift;
		};
		406044B02AD01AB9001002BA /* SnapKit */ = {
			isa = XCSwiftPackageProductDependency;
			package = 406044AF2AD01AB9001002BA /* XCRemoteSwiftPackageReference "SnapKit" */;
			productName = SnapKit;
		};
		759550762AC710EF00A47208 /* FirebaseAuth */ = {
			isa = XCSwiftPackageProductDependency;
			package = 759550752AC710EF00A47208 /* XCRemoteSwiftPackageReference "firebase-ios-sdk" */;
			productName = FirebaseAuth;
		};
		759550792AC7126200A47208 /* GoogleSignIn */ = {
			isa = XCSwiftPackageProductDependency;
			package = 759550782AC7126200A47208 /* XCRemoteSwiftPackageReference "GoogleSignIn-iOS" */;
			productName = GoogleSignIn;
		};
		7595507B2AC7126200A47208 /* GoogleSignInSwift */ = {
			isa = XCSwiftPackageProductDependency;
			package = 759550782AC7126200A47208 /* XCRemoteSwiftPackageReference "GoogleSignIn-iOS" */;
			productName = GoogleSignInSwift;
		};
/* End XCSwiftPackageProductDependency section */
	};
	rootObject = 751C22472AC0542000FF50C6 /* Project object */;
}
