// !$*UTF8*$!
{
	archiveVersion = 1;
	classes = {
	};
	objectVersion = 56;
	objects = {

/* Begin PBXBuildFile section */
		448D80042AC32D0C003D0403 /* TabBarVC.swift in Sources */ = {isa = PBXBuildFile; fileRef = 448D7FFD2AC32D0B003D0403 /* TabBarVC.swift */; };
		448D80062AC32D0C003D0403 /* SearchVC.swift in Sources */ = {isa = PBXBuildFile; fileRef = 448D80002AC32D0B003D0403 /* SearchVC.swift */; };
		448D80072AC32D0C003D0403 /* HomeVC.swift in Sources */ = {isa = PBXBuildFile; fileRef = 448D80012AC32D0B003D0403 /* HomeVC.swift */; };
		448D80082AC32D0C003D0403 /* ProfileSettingVC.swift in Sources */ = {isa = PBXBuildFile; fileRef = 448D80022AC32D0B003D0403 /* ProfileSettingVC.swift */; };
		751C22532AC0542000FF50C6 /* AppDelegate.swift in Sources */ = {isa = PBXBuildFile; fileRef = 751C22522AC0542000FF50C6 /* AppDelegate.swift */; };
		751C22552AC0542000FF50C6 /* SceneDelegate.swift in Sources */ = {isa = PBXBuildFile; fileRef = 751C22542AC0542000FF50C6 /* SceneDelegate.swift */; };
		751C22572AC0542000FF50C6 /* ViewController.swift in Sources */ = {isa = PBXBuildFile; fileRef = 751C22562AC0542000FF50C6 /* ViewController.swift */; };
		751C225C2AC0542100FF50C6 /* Assets.xcassets in Resources */ = {isa = PBXBuildFile; fileRef = 751C225B2AC0542100FF50C6 /* Assets.xcassets */; };
		751C225F2AC0542100FF50C6 /* LaunchScreen.storyboard in Resources */ = {isa = PBXBuildFile; fileRef = 751C225D2AC0542100FF50C6 /* LaunchScreen.storyboard */; };
		751C22B32AC1930300FF50C6 /* LoginViewController.swift in Sources */ = {isa = PBXBuildFile; fileRef = 751C22B22AC1930300FF50C6 /* LoginViewController.swift */; };
		751C22B92AC1968800FF50C6 /* UILabel + Extension.swift in Sources */ = {isa = PBXBuildFile; fileRef = 751C22B82AC1968800FF50C6 /* UILabel + Extension.swift */; };
		751C22BB2AC196C600FF50C6 /* UIFont + Extension.swift in Sources */ = {isa = PBXBuildFile; fileRef = 751C22BA2AC196C600FF50C6 /* UIFont + Extension.swift */; };
		751C22C62AC1975300FF50C6 /* PlusJakartaSans-Medium.ttf in Resources */ = {isa = PBXBuildFile; fileRef = 751C22BF2AC1975300FF50C6 /* PlusJakartaSans-Medium.ttf */; };
		751C22C72AC1975300FF50C6 /* PlusJakartaSans-SemiBold.ttf in Resources */ = {isa = PBXBuildFile; fileRef = 751C22C02AC1975300FF50C6 /* PlusJakartaSans-SemiBold.ttf */; };
		751C22C82AC1975300FF50C6 /* PlusJakartaSans-Regular.ttf in Resources */ = {isa = PBXBuildFile; fileRef = 751C22C12AC1975300FF50C6 /* PlusJakartaSans-Regular.ttf */; };
		751C22C92AC1975300FF50C6 /* PlusJakartaSans-Bold.ttf in Resources */ = {isa = PBXBuildFile; fileRef = 751C22C22AC1975300FF50C6 /* PlusJakartaSans-Bold.ttf */; };
		751C22CC2AC1B08900FF50C6 /* UITextField + Extension.swift in Sources */ = {isa = PBXBuildFile; fileRef = 751C22CB2AC1B08900FF50C6 /* UITextField + Extension.swift */; };
		751C22CF2AC1B36A00FF50C6 /* InputField.swift in Sources */ = {isa = PBXBuildFile; fileRef = 751C22CE2AC1B36A00FF50C6 /* InputField.swift */; };
		751C22D12AC1B3F100FF50C6 /* UIView + Extension.swift in Sources */ = {isa = PBXBuildFile; fileRef = 751C22D02AC1B3F100FF50C6 /* UIView + Extension.swift */; };
		751C22D32AC1B55300FF50C6 /* UIButton + Extension.swift in Sources */ = {isa = PBXBuildFile; fileRef = 751C22D22AC1B55300FF50C6 /* UIButton + Extension.swift */; };
		751C22D52AC1B5EB00FF50C6 /* UIColor + Extension.swift in Sources */ = {isa = PBXBuildFile; fileRef = 751C22D42AC1B5EB00FF50C6 /* UIColor + Extension.swift */; };
		751C22D72AC1BC4F00FF50C6 /* Divider.swift in Sources */ = {isa = PBXBuildFile; fileRef = 751C22D62AC1BC4F00FF50C6 /* Divider.swift */; };
		751C22DA2AC1C18200FF50C6 /* CreateAccountViewController.swift in Sources */ = {isa = PBXBuildFile; fileRef = 751C22D92AC1C18200FF50C6 /* CreateAccountViewController.swift */; };
		7595506C2AC1D06900A47208 /* SignUpViewController.swift in Sources */ = {isa = PBXBuildFile; fileRef = 7595506B2AC1D06900A47208 /* SignUpViewController.swift */; };
		759550702AC2E55800A47208 /* UIStackView + Extension.swift in Sources */ = {isa = PBXBuildFile; fileRef = 7595506F2AC2E55800A47208 /* UIStackView + Extension.swift */; };
		759550722AC2E6D200A47208 /* BottomLineAuth.swift in Sources */ = {isa = PBXBuildFile; fileRef = 759550712AC2E6D200A47208 /* BottomLineAuth.swift */; };
		759550742AC2F22F00A47208 /* UIViewController + Extension.swift in Sources */ = {isa = PBXBuildFile; fileRef = 759550732AC2F22F00A47208 /* UIViewController + Extension.swift */; };
		EB1084422AC533B800C6345E /* Endpoint.swift in Sources */ = {isa = PBXBuildFile; fileRef = EB1084412AC533B800C6345E /* Endpoint.swift */; };
		EB1084442AC533D400C6345E /* HTTPMethod.swift in Sources */ = {isa = PBXBuildFile; fileRef = EB1084432AC533D400C6345E /* HTTPMethod.swift */; };
		EB1084462AC533EB00C6345E /* RequestError.swift in Sources */ = {isa = PBXBuildFile; fileRef = EB1084452AC533EB00C6345E /* RequestError.swift */; };
		EB1084482AC533FC00C6345E /* HTTPClient.swift in Sources */ = {isa = PBXBuildFile; fileRef = EB1084472AC533FC00C6345E /* HTTPClient.swift */; };
		EB10844B2AC5342400C6345E /* Endpoints.swift in Sources */ = {isa = PBXBuildFile; fileRef = EB10844A2AC5342400C6345E /* Endpoints.swift */; };
		EB1084512AC53ACC00C6345E /* Extension + String.swift in Sources */ = {isa = PBXBuildFile; fileRef = EB1084502AC53ACC00C6345E /* Extension + String.swift */; };
		EB1084552AC53D2100C6345E /* PodcastService.swift in Sources */ = {isa = PBXBuildFile; fileRef = EB1084542AC53D2100C6345E /* PodcastService.swift */; };
		EB1084572AC53EA100C6345E /* NetworkService.swift in Sources */ = {isa = PBXBuildFile; fileRef = EB1084562AC53EA100C6345E /* NetworkService.swift */; };
		EB10845A2AC5418100C6345E /* Servisable.swift in Sources */ = {isa = PBXBuildFile; fileRef = EB1084592AC5418100C6345E /* Servisable.swift */; };
		EB4C1C8D2AC3F03D0027D3ED /* CreatePlaylistController.swift in Sources */ = {isa = PBXBuildFile; fileRef = EB4C1C8C2AC3F03D0027D3ED /* CreatePlaylistController.swift */; };
		EB4C1C902AC3FB9A0027D3ED /* CreatePlaylistCell.swift in Sources */ = {isa = PBXBuildFile; fileRef = EB4C1C8F2AC3FB9A0027D3ED /* CreatePlaylistCell.swift */; };
		EB4C1C922AC3FD740027D3ED /* CreatePlaylistViewModel.swift in Sources */ = {isa = PBXBuildFile; fileRef = EB4C1C912AC3FD740027D3ED /* CreatePlaylistViewModel.swift */; };
		EB4C1C942AC3FD800027D3ED /* CreatePlaylistCellViewModel.swift in Sources */ = {isa = PBXBuildFile; fileRef = EB4C1C932AC3FD800027D3ED /* CreatePlaylistCellViewModel.swift */; };
		EB4C1C962AC3FD8D0027D3ED /* CreatePlaylistProtocol.swift in Sources */ = {isa = PBXBuildFile; fileRef = EB4C1C952AC3FD8D0027D3ED /* CreatePlaylistProtocol.swift */; };
		EB4C1C982AC3FD960027D3ED /* CreatePlaylistCellProtocol.swift in Sources */ = {isa = PBXBuildFile; fileRef = EB4C1C972AC3FD960027D3ED /* CreatePlaylistCellProtocol.swift */; };
		EB9A4B1F2AC287B300B38D20 /* FavoritesModel.swift in Sources */ = {isa = PBXBuildFile; fileRef = EB9A4B1E2AC287B300B38D20 /* FavoritesModel.swift */; };
		EB9A4B222AC287D600B38D20 /* SnapKit in Frameworks */ = {isa = PBXBuildFile; productRef = EB9A4B212AC287D600B38D20 /* SnapKit */; };
		EB9A4B242AC287F100B38D20 /* FavoritesViewController.swift in Sources */ = {isa = PBXBuildFile; fileRef = EB9A4B232AC287F100B38D20 /* FavoritesViewController.swift */; };
		EB9A4B272AC2888F00B38D20 /* FavoritsCell.swift in Sources */ = {isa = PBXBuildFile; fileRef = EB9A4B262AC2888F00B38D20 /* FavoritsCell.swift */; };
		EB9A4B292AC2967900B38D20 /* FavoritesViewModel.swift in Sources */ = {isa = PBXBuildFile; fileRef = EB9A4B282AC2967900B38D20 /* FavoritesViewModel.swift */; };
		EB9A4B2B2AC2968300B38D20 /* FavoritesViewModelProtocol.swift in Sources */ = {isa = PBXBuildFile; fileRef = EB9A4B2A2AC2968300B38D20 /* FavoritesViewModelProtocol.swift */; };
		EB9A4B2D2AC2969000B38D20 /* FavoritsCellViewModel.swift in Sources */ = {isa = PBXBuildFile; fileRef = EB9A4B2C2AC2969000B38D20 /* FavoritsCellViewModel.swift */; };
		EB9A4B2F2AC2969600B38D20 /* FavoritsCellViewModelProtocol.swift in Sources */ = {isa = PBXBuildFile; fileRef = EB9A4B2E2AC2969600B38D20 /* FavoritsCellViewModelProtocol.swift */; };
		EB9A4B392AC2A4E800B38D20 /* FavoritesListCell.swift in Sources */ = {isa = PBXBuildFile; fileRef = EB9A4B382AC2A4E800B38D20 /* FavoritesListCell.swift */; };
		EB9A4B3D2AC2A5EF00B38D20 /* PlaylistViewModel.swift in Sources */ = {isa = PBXBuildFile; fileRef = EB9A4B3C2AC2A5EF00B38D20 /* PlaylistViewModel.swift */; };
		EB9A4B3F2AC2A5FE00B38D20 /* FavoritesListViewModel.swift in Sources */ = {isa = PBXBuildFile; fileRef = EB9A4B3E2AC2A5FE00B38D20 /* FavoritesListViewModel.swift */; };
		EB9A4B412AC2A60D00B38D20 /* PlaylistCellViewModel.swift in Sources */ = {isa = PBXBuildFile; fileRef = EB9A4B402AC2A60D00B38D20 /* PlaylistCellViewModel.swift */; };
		EB9A4B432AC2A61F00B38D20 /* PlaylistViewModelProtocol.swift in Sources */ = {isa = PBXBuildFile; fileRef = EB9A4B422AC2A61F00B38D20 /* PlaylistViewModelProtocol.swift */; };
		EB9A4B492AC2A8BC00B38D20 /* HeaderCell.swift in Sources */ = {isa = PBXBuildFile; fileRef = EB9A4B482AC2A8BC00B38D20 /* HeaderCell.swift */; };
		EB9A4B4B2AC2AF6000B38D20 /* HeaderPlaylist.swift in Sources */ = {isa = PBXBuildFile; fileRef = EB9A4B4A2AC2AF6000B38D20 /* HeaderPlaylist.swift */; };
		EB9A4B4D2AC2B0B600B38D20 /* PlaylistViewController.swift in Sources */ = {isa = PBXBuildFile; fileRef = EB9A4B4C2AC2B0B600B38D20 /* PlaylistViewController.swift */; };
		EB9A4B4F2AC2B12A00B38D20 /* Section.swift in Sources */ = {isa = PBXBuildFile; fileRef = EB9A4B4E2AC2B12A00B38D20 /* Section.swift */; };
		EBB906592AC542EE001B29C5 /* PodcastModel.swift in Sources */ = {isa = PBXBuildFile; fileRef = EBB906582AC542EE001B29C5 /* PodcastModel.swift */; };
		EBFF64A52AC9AA6D0041E0AA /* ObserverBox.swift in Sources */ = {isa = PBXBuildFile; fileRef = EBFF64A42AC9AA6D0041E0AA /* ObserverBox.swift */; };
/* End PBXBuildFile section */

/* Begin PBXFileReference section */
		448D7FFD2AC32D0B003D0403 /* TabBarVC.swift */ = {isa = PBXFileReference; fileEncoding = 4; lastKnownFileType = sourcecode.swift; path = TabBarVC.swift; sourceTree = "<group>"; };
		448D80002AC32D0B003D0403 /* SearchVC.swift */ = {isa = PBXFileReference; fileEncoding = 4; lastKnownFileType = sourcecode.swift; path = SearchVC.swift; sourceTree = "<group>"; };
		448D80012AC32D0B003D0403 /* HomeVC.swift */ = {isa = PBXFileReference; fileEncoding = 4; lastKnownFileType = sourcecode.swift; path = HomeVC.swift; sourceTree = "<group>"; };
		448D80022AC32D0B003D0403 /* ProfileSettingVC.swift */ = {isa = PBXFileReference; fileEncoding = 4; lastKnownFileType = sourcecode.swift; path = ProfileSettingVC.swift; sourceTree = "<group>"; };
		751C224F2AC0542000FF50C6 /* PodcastApp.app */ = {isa = PBXFileReference; explicitFileType = wrapper.application; includeInIndex = 0; path = PodcastApp.app; sourceTree = BUILT_PRODUCTS_DIR; };
		751C22522AC0542000FF50C6 /* AppDelegate.swift */ = {isa = PBXFileReference; lastKnownFileType = sourcecode.swift; path = AppDelegate.swift; sourceTree = "<group>"; };
		751C22542AC0542000FF50C6 /* SceneDelegate.swift */ = {isa = PBXFileReference; lastKnownFileType = sourcecode.swift; path = SceneDelegate.swift; sourceTree = "<group>"; };
		751C22562AC0542000FF50C6 /* ViewController.swift */ = {isa = PBXFileReference; lastKnownFileType = sourcecode.swift; path = ViewController.swift; sourceTree = "<group>"; };
		751C225B2AC0542100FF50C6 /* Assets.xcassets */ = {isa = PBXFileReference; lastKnownFileType = folder.assetcatalog; path = Assets.xcassets; sourceTree = "<group>"; };
		751C225E2AC0542100FF50C6 /* Base */ = {isa = PBXFileReference; lastKnownFileType = file.storyboard; name = Base; path = Base.lproj/LaunchScreen.storyboard; sourceTree = "<group>"; };
		751C22602AC0542100FF50C6 /* Info.plist */ = {isa = PBXFileReference; lastKnownFileType = text.plist.xml; path = Info.plist; sourceTree = "<group>"; };
		751C22B22AC1930300FF50C6 /* LoginViewController.swift */ = {isa = PBXFileReference; lastKnownFileType = sourcecode.swift; path = LoginViewController.swift; sourceTree = "<group>"; };
		751C22B82AC1968800FF50C6 /* UILabel + Extension.swift */ = {isa = PBXFileReference; lastKnownFileType = sourcecode.swift; path = "UILabel + Extension.swift"; sourceTree = "<group>"; };
		751C22BA2AC196C600FF50C6 /* UIFont + Extension.swift */ = {isa = PBXFileReference; lastKnownFileType = sourcecode.swift; path = "UIFont + Extension.swift"; sourceTree = "<group>"; };
		751C22BF2AC1975300FF50C6 /* PlusJakartaSans-Medium.ttf */ = {isa = PBXFileReference; lastKnownFileType = file; path = "PlusJakartaSans-Medium.ttf"; sourceTree = "<group>"; };
		751C22C02AC1975300FF50C6 /* PlusJakartaSans-SemiBold.ttf */ = {isa = PBXFileReference; lastKnownFileType = file; path = "PlusJakartaSans-SemiBold.ttf"; sourceTree = "<group>"; };
		751C22C12AC1975300FF50C6 /* PlusJakartaSans-Regular.ttf */ = {isa = PBXFileReference; lastKnownFileType = file; path = "PlusJakartaSans-Regular.ttf"; sourceTree = "<group>"; };
		751C22C22AC1975300FF50C6 /* PlusJakartaSans-Bold.ttf */ = {isa = PBXFileReference; lastKnownFileType = file; path = "PlusJakartaSans-Bold.ttf"; sourceTree = "<group>"; };
		751C22CB2AC1B08900FF50C6 /* UITextField + Extension.swift */ = {isa = PBXFileReference; lastKnownFileType = sourcecode.swift; path = "UITextField + Extension.swift"; sourceTree = "<group>"; };
		751C22CE2AC1B36A00FF50C6 /* InputField.swift */ = {isa = PBXFileReference; lastKnownFileType = sourcecode.swift; path = InputField.swift; sourceTree = "<group>"; };
		751C22D02AC1B3F100FF50C6 /* UIView + Extension.swift */ = {isa = PBXFileReference; lastKnownFileType = sourcecode.swift; path = "UIView + Extension.swift"; sourceTree = "<group>"; };
		751C22D22AC1B55300FF50C6 /* UIButton + Extension.swift */ = {isa = PBXFileReference; lastKnownFileType = sourcecode.swift; path = "UIButton + Extension.swift"; sourceTree = "<group>"; };
		751C22D42AC1B5EB00FF50C6 /* UIColor + Extension.swift */ = {isa = PBXFileReference; lastKnownFileType = sourcecode.swift; path = "UIColor + Extension.swift"; sourceTree = "<group>"; };
		751C22D62AC1BC4F00FF50C6 /* Divider.swift */ = {isa = PBXFileReference; lastKnownFileType = sourcecode.swift; path = Divider.swift; sourceTree = "<group>"; };
		751C22D92AC1C18200FF50C6 /* CreateAccountViewController.swift */ = {isa = PBXFileReference; lastKnownFileType = sourcecode.swift; path = CreateAccountViewController.swift; sourceTree = "<group>"; };
		7595506B2AC1D06900A47208 /* SignUpViewController.swift */ = {isa = PBXFileReference; lastKnownFileType = sourcecode.swift; path = SignUpViewController.swift; sourceTree = "<group>"; };
		7595506F2AC2E55800A47208 /* UIStackView + Extension.swift */ = {isa = PBXFileReference; lastKnownFileType = sourcecode.swift; path = "UIStackView + Extension.swift"; sourceTree = "<group>"; };
		759550712AC2E6D200A47208 /* BottomLineAuth.swift */ = {isa = PBXFileReference; lastKnownFileType = sourcecode.swift; path = BottomLineAuth.swift; sourceTree = "<group>"; };
		759550732AC2F22F00A47208 /* UIViewController + Extension.swift */ = {isa = PBXFileReference; lastKnownFileType = sourcecode.swift; path = "UIViewController + Extension.swift"; sourceTree = "<group>"; };
		EB1084412AC533B800C6345E /* Endpoint.swift */ = {isa = PBXFileReference; lastKnownFileType = sourcecode.swift; path = Endpoint.swift; sourceTree = "<group>"; };
		EB1084432AC533D400C6345E /* HTTPMethod.swift */ = {isa = PBXFileReference; lastKnownFileType = sourcecode.swift; path = HTTPMethod.swift; sourceTree = "<group>"; };
		EB1084452AC533EB00C6345E /* RequestError.swift */ = {isa = PBXFileReference; lastKnownFileType = sourcecode.swift; path = RequestError.swift; sourceTree = "<group>"; };
		EB1084472AC533FC00C6345E /* HTTPClient.swift */ = {isa = PBXFileReference; lastKnownFileType = sourcecode.swift; path = HTTPClient.swift; sourceTree = "<group>"; };
		EB10844A2AC5342400C6345E /* Endpoints.swift */ = {isa = PBXFileReference; lastKnownFileType = sourcecode.swift; path = Endpoints.swift; sourceTree = "<group>"; };
		EB1084502AC53ACC00C6345E /* Extension + String.swift */ = {isa = PBXFileReference; lastKnownFileType = sourcecode.swift; path = "Extension + String.swift"; sourceTree = "<group>"; };
		EB1084542AC53D2100C6345E /* PodcastService.swift */ = {isa = PBXFileReference; lastKnownFileType = sourcecode.swift; path = PodcastService.swift; sourceTree = "<group>"; };
		EB1084562AC53EA100C6345E /* NetworkService.swift */ = {isa = PBXFileReference; lastKnownFileType = sourcecode.swift; path = NetworkService.swift; sourceTree = "<group>"; };
		EB1084592AC5418100C6345E /* Servisable.swift */ = {isa = PBXFileReference; lastKnownFileType = sourcecode.swift; path = Servisable.swift; sourceTree = "<group>"; };
		EB4C1C8C2AC3F03D0027D3ED /* CreatePlaylistController.swift */ = {isa = PBXFileReference; lastKnownFileType = sourcecode.swift; path = CreatePlaylistController.swift; sourceTree = "<group>"; };
		EB4C1C8F2AC3FB9A0027D3ED /* CreatePlaylistCell.swift */ = {isa = PBXFileReference; lastKnownFileType = sourcecode.swift; path = CreatePlaylistCell.swift; sourceTree = "<group>"; };
		EB4C1C912AC3FD740027D3ED /* CreatePlaylistViewModel.swift */ = {isa = PBXFileReference; lastKnownFileType = sourcecode.swift; path = CreatePlaylistViewModel.swift; sourceTree = "<group>"; };
		EB4C1C932AC3FD800027D3ED /* CreatePlaylistCellViewModel.swift */ = {isa = PBXFileReference; lastKnownFileType = sourcecode.swift; path = CreatePlaylistCellViewModel.swift; sourceTree = "<group>"; };
		EB4C1C952AC3FD8D0027D3ED /* CreatePlaylistProtocol.swift */ = {isa = PBXFileReference; lastKnownFileType = sourcecode.swift; path = CreatePlaylistProtocol.swift; sourceTree = "<group>"; };
		EB4C1C972AC3FD960027D3ED /* CreatePlaylistCellProtocol.swift */ = {isa = PBXFileReference; lastKnownFileType = sourcecode.swift; path = CreatePlaylistCellProtocol.swift; sourceTree = "<group>"; };
		EB9A4B1E2AC287B300B38D20 /* FavoritesModel.swift */ = {isa = PBXFileReference; lastKnownFileType = sourcecode.swift; path = FavoritesModel.swift; sourceTree = "<group>"; };
		EB9A4B232AC287F100B38D20 /* FavoritesViewController.swift */ = {isa = PBXFileReference; lastKnownFileType = sourcecode.swift; path = FavoritesViewController.swift; sourceTree = "<group>"; };
		EB9A4B262AC2888F00B38D20 /* FavoritsCell.swift */ = {isa = PBXFileReference; lastKnownFileType = sourcecode.swift; path = FavoritsCell.swift; sourceTree = "<group>"; };
		EB9A4B282AC2967900B38D20 /* FavoritesViewModel.swift */ = {isa = PBXFileReference; lastKnownFileType = sourcecode.swift; path = FavoritesViewModel.swift; sourceTree = "<group>"; };
		EB9A4B2A2AC2968300B38D20 /* FavoritesViewModelProtocol.swift */ = {isa = PBXFileReference; lastKnownFileType = sourcecode.swift; path = FavoritesViewModelProtocol.swift; sourceTree = "<group>"; };
		EB9A4B2C2AC2969000B38D20 /* FavoritsCellViewModel.swift */ = {isa = PBXFileReference; lastKnownFileType = sourcecode.swift; path = FavoritsCellViewModel.swift; sourceTree = "<group>"; };
		EB9A4B2E2AC2969600B38D20 /* FavoritsCellViewModelProtocol.swift */ = {isa = PBXFileReference; lastKnownFileType = sourcecode.swift; path = FavoritsCellViewModelProtocol.swift; sourceTree = "<group>"; };
		EB9A4B382AC2A4E800B38D20 /* FavoritesListCell.swift */ = {isa = PBXFileReference; lastKnownFileType = sourcecode.swift; path = FavoritesListCell.swift; sourceTree = "<group>"; };
		EB9A4B3C2AC2A5EF00B38D20 /* PlaylistViewModel.swift */ = {isa = PBXFileReference; lastKnownFileType = sourcecode.swift; path = PlaylistViewModel.swift; sourceTree = "<group>"; };
		EB9A4B3E2AC2A5FE00B38D20 /* FavoritesListViewModel.swift */ = {isa = PBXFileReference; lastKnownFileType = sourcecode.swift; path = FavoritesListViewModel.swift; sourceTree = "<group>"; };
		EB9A4B402AC2A60D00B38D20 /* PlaylistCellViewModel.swift */ = {isa = PBXFileReference; lastKnownFileType = sourcecode.swift; path = PlaylistCellViewModel.swift; sourceTree = "<group>"; };
		EB9A4B422AC2A61F00B38D20 /* PlaylistViewModelProtocol.swift */ = {isa = PBXFileReference; lastKnownFileType = sourcecode.swift; path = PlaylistViewModelProtocol.swift; sourceTree = "<group>"; };
		EB9A4B482AC2A8BC00B38D20 /* HeaderCell.swift */ = {isa = PBXFileReference; lastKnownFileType = sourcecode.swift; path = HeaderCell.swift; sourceTree = "<group>"; };
		EB9A4B4A2AC2AF6000B38D20 /* HeaderPlaylist.swift */ = {isa = PBXFileReference; lastKnownFileType = sourcecode.swift; path = HeaderPlaylist.swift; sourceTree = "<group>"; };
		EB9A4B4C2AC2B0B600B38D20 /* PlaylistViewController.swift */ = {isa = PBXFileReference; lastKnownFileType = sourcecode.swift; path = PlaylistViewController.swift; sourceTree = "<group>"; };
		EB9A4B4E2AC2B12A00B38D20 /* Section.swift */ = {isa = PBXFileReference; lastKnownFileType = sourcecode.swift; path = Section.swift; sourceTree = "<group>"; };
		EBB906582AC542EE001B29C5 /* PodcastModel.swift */ = {isa = PBXFileReference; lastKnownFileType = sourcecode.swift; path = PodcastModel.swift; sourceTree = "<group>"; };
		EBFF64A42AC9AA6D0041E0AA /* ObserverBox.swift */ = {isa = PBXFileReference; lastKnownFileType = sourcecode.swift; path = ObserverBox.swift; sourceTree = "<group>"; };
/* End PBXFileReference section */

/* Begin PBXFrameworksBuildPhase section */
		751C224C2AC0542000FF50C6 /* Frameworks */ = {
			isa = PBXFrameworksBuildPhase;
			buildActionMask = 2147483647;
			files = (
				EB9A4B222AC287D600B38D20 /* SnapKit in Frameworks */,
			);
			runOnlyForDeploymentPostprocessing = 0;
		};
/* End PBXFrameworksBuildPhase section */

/* Begin PBXGroup section */
		448D7FFC2AC32D0B003D0403 /* ViewControllerTabBar */ = {
			isa = PBXGroup;
			children = (
				448D7FFD2AC32D0B003D0403 /* TabBarVC.swift */,
				448D7FFF2AC32D0B003D0403 /* PresentationClasses */,
			);
			path = ViewControllerTabBar;
			sourceTree = "<group>";
		};
		448D7FFF2AC32D0B003D0403 /* PresentationClasses */ = {
			isa = PBXGroup;
			children = (
				448D80012AC32D0B003D0403 /* HomeVC.swift */,
				448D80002AC32D0B003D0403 /* SearchVC.swift */,
				448D80022AC32D0B003D0403 /* ProfileSettingVC.swift */,
			);
			path = PresentationClasses;
			sourceTree = "<group>";
		};
		751C22462AC0542000FF50C6 = {
			isa = PBXGroup;
			children = (
				751C22512AC0542000FF50C6 /* PodcastApp */,
				751C22502AC0542000FF50C6 /* Products */,
			);
			sourceTree = "<group>";
		};
		751C22502AC0542000FF50C6 /* Products */ = {
			isa = PBXGroup;
			children = (
				751C224F2AC0542000FF50C6 /* PodcastApp.app */,
			);
			name = Products;
			sourceTree = "<group>";
		};
		751C22512AC0542000FF50C6 /* PodcastApp */ = {
			isa = PBXGroup;
			children = (
				EBB906572AC542E2001B29C5 /* MainModel */,
				751C22CD2AC1B32600FF50C6 /* Components */,
				751C22BC2AC1975300FF50C6 /* Fonts */,
				751C22B72AC1966C00FF50C6 /* Extensions */,
				751C22B12AC192BA00FF50C6 /* AuthorizationScreen */,
				448D7FFC2AC32D0B003D0403 /* ViewControllerTabBar */,
				751C22522AC0542000FF50C6 /* AppDelegate.swift */,
				751C22542AC0542000FF50C6 /* SceneDelegate.swift */,
				751C22562AC0542000FF50C6 /* ViewController.swift */,
				EB10843F2AC5336B00C6345E /* NetworkManager */,
				EB9A4B192AC2878200B38D20 /* Farotires */,
				EB9A4B302AC2A3C900B38D20 /* Playlist */,
				EB4C1C872AC3ED650027D3ED /* CreatePlaylist */,
				751C225B2AC0542100FF50C6 /* Assets.xcassets */,
				751C225D2AC0542100FF50C6 /* LaunchScreen.storyboard */,
				751C22602AC0542100FF50C6 /* Info.plist */,
			);
			path = PodcastApp;
			sourceTree = "<group>";
		};
		751C22B12AC192BA00FF50C6 /* AuthorizationScreen */ = {
			isa = PBXGroup;
			children = (
				759550682AC1C97400A47208 /* SignUpScreen */,
				751C22D82AC1C16100FF50C6 /* CreateAccountScreen */,
				751C22B42AC194C100FF50C6 /* LoginScreen */,
			);
			path = AuthorizationScreen;
			sourceTree = "<group>";
		};
		751C22B42AC194C100FF50C6 /* LoginScreen */ = {
			isa = PBXGroup;
			children = (
				751C22B22AC1930300FF50C6 /* LoginViewController.swift */,
			);
			path = LoginScreen;
			sourceTree = "<group>";
		};
		751C22B72AC1966C00FF50C6 /* Extensions */ = {
			isa = PBXGroup;
			children = (
				751C22B82AC1968800FF50C6 /* UILabel + Extension.swift */,
				751C22BA2AC196C600FF50C6 /* UIFont + Extension.swift */,
				751C22CB2AC1B08900FF50C6 /* UITextField + Extension.swift */,
				751C22D02AC1B3F100FF50C6 /* UIView + Extension.swift */,
				751C22D22AC1B55300FF50C6 /* UIButton + Extension.swift */,
				751C22D42AC1B5EB00FF50C6 /* UIColor + Extension.swift */,
				7595506F2AC2E55800A47208 /* UIStackView + Extension.swift */,
				759550732AC2F22F00A47208 /* UIViewController + Extension.swift */,
			);
			path = Extensions;
			sourceTree = "<group>";
		};
		751C22BC2AC1975300FF50C6 /* Fonts */ = {
			isa = PBXGroup;
			children = (
				751C22BF2AC1975300FF50C6 /* PlusJakartaSans-Medium.ttf */,
				751C22C02AC1975300FF50C6 /* PlusJakartaSans-SemiBold.ttf */,
				751C22C12AC1975300FF50C6 /* PlusJakartaSans-Regular.ttf */,
				751C22C22AC1975300FF50C6 /* PlusJakartaSans-Bold.ttf */,
			);
			path = Fonts;
			sourceTree = "<group>";
		};
		751C22CD2AC1B32600FF50C6 /* Components */ = {
			isa = PBXGroup;
			children = (
				751C22CE2AC1B36A00FF50C6 /* InputField.swift */,
				751C22D62AC1BC4F00FF50C6 /* Divider.swift */,
				759550712AC2E6D200A47208 /* BottomLineAuth.swift */,
			);
			path = Components;
			sourceTree = "<group>";
		};
		751C22D82AC1C16100FF50C6 /* CreateAccountScreen */ = {
			isa = PBXGroup;
			children = (
				751C22D92AC1C18200FF50C6 /* CreateAccountViewController.swift */,
			);
			path = CreateAccountScreen;
			sourceTree = "<group>";
		};
		759550682AC1C97400A47208 /* SignUpScreen */ = {
			isa = PBXGroup;
			children = (
				7595506B2AC1D06900A47208 /* SignUpViewController.swift */,
			);
			path = SignUpScreen;
			sourceTree = "<group>";
		};
		EB10843F2AC5336B00C6345E /* NetworkManager */ = {
			isa = PBXGroup;
			children = (
				EB10844F2AC53ABE00C6345E /* Helper */,
				EB1084402AC533A900C6345E /* Base */,
				EB1084492AC5341900C6345E /* Endpoints */,
				EB1084582AC5415C00C6345E /* Servisable */,
				EB10844D2AC5346400C6345E /* Services */,
				EB10844E2AC5347100C6345E /* NetworkService */,
			);
			path = NetworkManager;
			sourceTree = "<group>";
		};
		EB1084402AC533A900C6345E /* Base */ = {
			isa = PBXGroup;
			children = (
				EB1084412AC533B800C6345E /* Endpoint.swift */,
				EB1084432AC533D400C6345E /* HTTPMethod.swift */,
				EB1084452AC533EB00C6345E /* RequestError.swift */,
				EB1084472AC533FC00C6345E /* HTTPClient.swift */,
			);
			path = Base;
			sourceTree = "<group>";
		};
		EB1084492AC5341900C6345E /* Endpoints */ = {
			isa = PBXGroup;
			children = (
				EB10844A2AC5342400C6345E /* Endpoints.swift */,
			);
			path = Endpoints;
			sourceTree = "<group>";
		};
		EB10844D2AC5346400C6345E /* Services */ = {
			isa = PBXGroup;
			children = (
				EB1084542AC53D2100C6345E /* PodcastService.swift */,
			);
			path = Services;
			sourceTree = "<group>";
		};
		EB10844E2AC5347100C6345E /* NetworkService */ = {
			isa = PBXGroup;
			children = (
				EB1084562AC53EA100C6345E /* NetworkService.swift */,
			);
			path = NetworkService;
			sourceTree = "<group>";
		};
		EB10844F2AC53ABE00C6345E /* Helper */ = {
			isa = PBXGroup;
			children = (
				EB1084502AC53ACC00C6345E /* Extension + String.swift */,
			);
			path = Helper;
			sourceTree = "<group>";
		};
		EB1084582AC5415C00C6345E /* Servisable */ = {
			isa = PBXGroup;
			children = (
				EB1084592AC5418100C6345E /* Servisable.swift */,
			);
			path = Servisable;
			sourceTree = "<group>";
		};
		EB4C1C872AC3ED650027D3ED /* CreatePlaylist */ = {
			isa = PBXGroup;
			children = (
				EBFF64A42AC9AA6D0041E0AA /* ObserverBox.swift */,
				EB4C1C8A2AC3F0180027D3ED /* View */,
				EB4C1C892AC3F0130027D3ED /* ViewModel */,
				EB4C1C882AC3F00E0027D3ED /* Protocols */,
			);
			path = CreatePlaylist;
			sourceTree = "<group>";
		};
		EB4C1C882AC3F00E0027D3ED /* Protocols */ = {
			isa = PBXGroup;
			children = (
				EB4C1C952AC3FD8D0027D3ED /* CreatePlaylistProtocol.swift */,
				EB4C1C972AC3FD960027D3ED /* CreatePlaylistCellProtocol.swift */,
			);
			path = Protocols;
			sourceTree = "<group>";
		};
		EB4C1C892AC3F0130027D3ED /* ViewModel */ = {
			isa = PBXGroup;
			children = (
				EB4C1C912AC3FD740027D3ED /* CreatePlaylistViewModel.swift */,
				EB4C1C932AC3FD800027D3ED /* CreatePlaylistCellViewModel.swift */,
			);
			path = ViewModel;
			sourceTree = "<group>";
		};
		EB4C1C8A2AC3F0180027D3ED /* View */ = {
			isa = PBXGroup;
			children = (
				EB4C1C8C2AC3F03D0027D3ED /* CreatePlaylistController.swift */,
				EB4C1C8E2AC3FB8F0027D3ED /* Cell */,
			);
			path = View;
			sourceTree = "<group>";
		};
		EB4C1C8E2AC3FB8F0027D3ED /* Cell */ = {
			isa = PBXGroup;
			children = (
				EB4C1C8F2AC3FB9A0027D3ED /* CreatePlaylistCell.swift */,
			);
			path = Cell;
			sourceTree = "<group>";
		};
		EB9A4B192AC2878200B38D20 /* Farotires */ = {
			isa = PBXGroup;
			children = (
				EB9A4B1D2AC2879E00B38D20 /* Model */,
				EB9A4B1C2AC2879700B38D20 /* View */,
				EB9A4B1A2AC2878B00B38D20 /* ViewModel */,
				EB9A4B1B2AC2879100B38D20 /* Protocols */,
			);
			path = Farotires;
			sourceTree = "<group>";
		};
		EB9A4B1A2AC2878B00B38D20 /* ViewModel */ = {
			isa = PBXGroup;
			children = (
				EB9A4B282AC2967900B38D20 /* FavoritesViewModel.swift */,
				EB9A4B2C2AC2969000B38D20 /* FavoritsCellViewModel.swift */,
			);
			path = ViewModel;
			sourceTree = "<group>";
		};
		EB9A4B1B2AC2879100B38D20 /* Protocols */ = {
			isa = PBXGroup;
			children = (
				EB9A4B2A2AC2968300B38D20 /* FavoritesViewModelProtocol.swift */,
				EB9A4B2E2AC2969600B38D20 /* FavoritsCellViewModelProtocol.swift */,
			);
			path = Protocols;
			sourceTree = "<group>";
		};
		EB9A4B1C2AC2879700B38D20 /* View */ = {
			isa = PBXGroup;
			children = (
				EB9A4B232AC287F100B38D20 /* FavoritesViewController.swift */,
				EB9A4B252AC2887D00B38D20 /* Cell */,
			);
			path = View;
			sourceTree = "<group>";
		};
		EB9A4B1D2AC2879E00B38D20 /* Model */ = {
			isa = PBXGroup;
			children = (
				EB9A4B1E2AC287B300B38D20 /* FavoritesModel.swift */,
			);
			path = Model;
			sourceTree = "<group>";
		};
		EB9A4B252AC2887D00B38D20 /* Cell */ = {
			isa = PBXGroup;
			children = (
				EB9A4B262AC2888F00B38D20 /* FavoritsCell.swift */,
			);
			path = Cell;
			sourceTree = "<group>";
		};
		EB9A4B302AC2A3C900B38D20 /* Playlist */ = {
			isa = PBXGroup;
			children = (
				EB9A4B312AC2A3DF00B38D20 /* Model */,
				EB9A4B322AC2A3E500B38D20 /* View */,
				EB9A4B332AC2A3F000B38D20 /* ViewModel */,
				EB9A4B342AC2A40200B38D20 /* Protocols */,
			);
			path = Playlist;
			sourceTree = "<group>";
		};
		EB9A4B312AC2A3DF00B38D20 /* Model */ = {
			isa = PBXGroup;
			children = (
				EB9A4B4E2AC2B12A00B38D20 /* Section.swift */,
			);
			path = Model;
			sourceTree = "<group>";
		};
		EB9A4B322AC2A3E500B38D20 /* View */ = {
			isa = PBXGroup;
			children = (
				EB9A4B4C2AC2B0B600B38D20 /* PlaylistViewController.swift */,
				EB9A4B372AC2A48A00B38D20 /* Cells */,
			);
			path = View;
			sourceTree = "<group>";
		};
		EB9A4B332AC2A3F000B38D20 /* ViewModel */ = {
			isa = PBXGroup;
			children = (
				EB9A4B3C2AC2A5EF00B38D20 /* PlaylistViewModel.swift */,
				EB9A4B3E2AC2A5FE00B38D20 /* FavoritesListViewModel.swift */,
				EB9A4B402AC2A60D00B38D20 /* PlaylistCellViewModel.swift */,
			);
			path = ViewModel;
			sourceTree = "<group>";
		};
		EB9A4B342AC2A40200B38D20 /* Protocols */ = {
			isa = PBXGroup;
			children = (
				EB9A4B422AC2A61F00B38D20 /* PlaylistViewModelProtocol.swift */,
			);
			path = Protocols;
			sourceTree = "<group>";
		};
		EB9A4B372AC2A48A00B38D20 /* Cells */ = {
			isa = PBXGroup;
			children = (
				EB9A4B382AC2A4E800B38D20 /* FavoritesListCell.swift */,
				EB9A4B482AC2A8BC00B38D20 /* HeaderCell.swift */,
				EB9A4B4A2AC2AF6000B38D20 /* HeaderPlaylist.swift */,
			);
			path = Cells;
			sourceTree = "<group>";
		};
		EBB906572AC542E2001B29C5 /* MainModel */ = {
			isa = PBXGroup;
			children = (
				EBB906582AC542EE001B29C5 /* PodcastModel.swift */,
			);
			path = MainModel;
			sourceTree = "<group>";
		};
/* End PBXGroup section */

/* Begin PBXNativeTarget section */
		751C224E2AC0542000FF50C6 /* PodcastApp */ = {
			isa = PBXNativeTarget;
			buildConfigurationList = 751C22632AC0542100FF50C6 /* Build configuration list for PBXNativeTarget "PodcastApp" */;
			buildPhases = (
				751C224B2AC0542000FF50C6 /* Sources */,
				751C224C2AC0542000FF50C6 /* Frameworks */,
				751C224D2AC0542000FF50C6 /* Resources */,
			);
			buildRules = (
			);
			dependencies = (
			);
			name = PodcastApp;
			packageProductDependencies = (
				EB9A4B212AC287D600B38D20 /* SnapKit */,
			);
			productName = "Podcast App";
			productReference = 751C224F2AC0542000FF50C6 /* PodcastApp.app */;
			productType = "com.apple.product-type.application";
		};
/* End PBXNativeTarget section */

/* Begin PBXProject section */
		751C22472AC0542000FF50C6 /* Project object */ = {
			isa = PBXProject;
			attributes = {
				BuildIndependentTargetsInParallel = 1;
				LastSwiftUpdateCheck = 1410;
				LastUpgradeCheck = 1500;
				TargetAttributes = {
					751C224E2AC0542000FF50C6 = {
						CreatedOnToolsVersion = 14.1;
					};
				};
			};
			buildConfigurationList = 751C224A2AC0542000FF50C6 /* Build configuration list for PBXProject "PodcastApp" */;
			compatibilityVersion = "Xcode 14.0";
			developmentRegion = en;
			hasScannedForEncodings = 0;
			knownRegions = (
				en,
				Base,
			);
			mainGroup = 751C22462AC0542000FF50C6;
			packageReferences = (
				EB9A4B202AC287D600B38D20 /* XCRemoteSwiftPackageReference "SnapKit" */,
			);
			productRefGroup = 751C22502AC0542000FF50C6 /* Products */;
			projectDirPath = "";
			projectRoot = "";
			targets = (
				751C224E2AC0542000FF50C6 /* PodcastApp */,
			);
		};
/* End PBXProject section */

/* Begin PBXResourcesBuildPhase section */
		751C224D2AC0542000FF50C6 /* Resources */ = {
			isa = PBXResourcesBuildPhase;
			buildActionMask = 2147483647;
			files = (
				751C225F2AC0542100FF50C6 /* LaunchScreen.storyboard in Resources */,
				751C22C92AC1975300FF50C6 /* PlusJakartaSans-Bold.ttf in Resources */,
				751C22C82AC1975300FF50C6 /* PlusJakartaSans-Regular.ttf in Resources */,
				751C22C72AC1975300FF50C6 /* PlusJakartaSans-SemiBold.ttf in Resources */,
				751C22C62AC1975300FF50C6 /* PlusJakartaSans-Medium.ttf in Resources */,
				751C225C2AC0542100FF50C6 /* Assets.xcassets in Resources */,
			);
			runOnlyForDeploymentPostprocessing = 0;
		};
/* End PBXResourcesBuildPhase section */

/* Begin PBXSourcesBuildPhase section */
		751C224B2AC0542000FF50C6 /* Sources */ = {
			isa = PBXSourcesBuildPhase;
			buildActionMask = 2147483647;
			files = (
				EB4C1C982AC3FD960027D3ED /* CreatePlaylistCellProtocol.swift in Sources */,
				751C22DA2AC1C18200FF50C6 /* CreateAccountViewController.swift in Sources */,
				751C22B92AC1968800FF50C6 /* UILabel + Extension.swift in Sources */,
				751C22D32AC1B55300FF50C6 /* UIButton + Extension.swift in Sources */,
				EB1084442AC533D400C6345E /* HTTPMethod.swift in Sources */,
				EB1084482AC533FC00C6345E /* HTTPClient.swift in Sources */,
				759550702AC2E55800A47208 /* UIStackView + Extension.swift in Sources */,
				448D80082AC32D0C003D0403 /* ProfileSettingVC.swift in Sources */,
				448D80042AC32D0C003D0403 /* TabBarVC.swift in Sources */,
				751C22D72AC1BC4F00FF50C6 /* Divider.swift in Sources */,
				751C22B32AC1930300FF50C6 /* LoginViewController.swift in Sources */,
				EBFF64A52AC9AA6D0041E0AA /* ObserverBox.swift in Sources */,
				751C22CF2AC1B36A00FF50C6 /* InputField.swift in Sources */,
				EB1084572AC53EA100C6345E /* NetworkService.swift in Sources */,
				EB10844B2AC5342400C6345E /* Endpoints.swift in Sources */,
				EB9A4B2B2AC2968300B38D20 /* FavoritesViewModelProtocol.swift in Sources */,
				EB9A4B2D2AC2969000B38D20 /* FavoritsCellViewModel.swift in Sources */,
				EB9A4B4D2AC2B0B600B38D20 /* PlaylistViewController.swift in Sources */,
				EB9A4B4B2AC2AF6000B38D20 /* HeaderPlaylist.swift in Sources */,
				751C22572AC0542000FF50C6 /* ViewController.swift in Sources */,
				EB1084462AC533EB00C6345E /* RequestError.swift in Sources */,
				EB9A4B432AC2A61F00B38D20 /* PlaylistViewModelProtocol.swift in Sources */,
				EB9A4B3F2AC2A5FE00B38D20 /* FavoritesListViewModel.swift in Sources */,
				EB4C1C902AC3FB9A0027D3ED /* CreatePlaylistCell.swift in Sources */,
				EB9A4B412AC2A60D00B38D20 /* PlaylistCellViewModel.swift in Sources */,
				EB9A4B292AC2967900B38D20 /* FavoritesViewModel.swift in Sources */,
				EB9A4B2F2AC2969600B38D20 /* FavoritsCellViewModelProtocol.swift in Sources */,
				EBB906592AC542EE001B29C5 /* PodcastModel.swift in Sources */,
				EB4C1C922AC3FD740027D3ED /* CreatePlaylistViewModel.swift in Sources */,
				EB9A4B392AC2A4E800B38D20 /* FavoritesListCell.swift in Sources */,
				EB9A4B492AC2A8BC00B38D20 /* HeaderCell.swift in Sources */,
				751C22532AC0542000FF50C6 /* AppDelegate.swift in Sources */,
				7595506C2AC1D06900A47208 /* SignUpViewController.swift in Sources */,
				EB4C1C8D2AC3F03D0027D3ED /* CreatePlaylistController.swift in Sources */,
				751C22BB2AC196C600FF50C6 /* UIFont + Extension.swift in Sources */,
				751C22552AC0542000FF50C6 /* SceneDelegate.swift in Sources */,
				751C22D52AC1B5EB00FF50C6 /* UIColor + Extension.swift in Sources */,
				448D80072AC32D0C003D0403 /* HomeVC.swift in Sources */,
				EB1084512AC53ACC00C6345E /* Extension + String.swift in Sources */,
				751C22D12AC1B3F100FF50C6 /* UIView + Extension.swift in Sources */,
				448D80062AC32D0C003D0403 /* SearchVC.swift in Sources */,
				759550742AC2F22F00A47208 /* UIViewController + Extension.swift in Sources */,
				EB1084552AC53D2100C6345E /* PodcastService.swift in Sources */,
				759550722AC2E6D200A47208 /* BottomLineAuth.swift in Sources */,
				751C22CC2AC1B08900FF50C6 /* UITextField + Extension.swift in Sources */,
				EB9A4B4F2AC2B12A00B38D20 /* Section.swift in Sources */,
				EB9A4B272AC2888F00B38D20 /* FavoritsCell.swift in Sources */,
				EB1084422AC533B800C6345E /* Endpoint.swift in Sources */,
				EB9A4B3D2AC2A5EF00B38D20 /* PlaylistViewModel.swift in Sources */,
				EB10845A2AC5418100C6345E /* Servisable.swift in Sources */,
				EB9A4B242AC287F100B38D20 /* FavoritesViewController.swift in Sources */,
				EB4C1C942AC3FD800027D3ED /* CreatePlaylistCellViewModel.swift in Sources */,
				EB9A4B1F2AC287B300B38D20 /* FavoritesModel.swift in Sources */,
				EB4C1C962AC3FD8D0027D3ED /* CreatePlaylistProtocol.swift in Sources */,
			);
			runOnlyForDeploymentPostprocessing = 0;
		};
/* End PBXSourcesBuildPhase section */

/* Begin PBXVariantGroup section */
		751C225D2AC0542100FF50C6 /* LaunchScreen.storyboard */ = {
			isa = PBXVariantGroup;
			children = (
				751C225E2AC0542100FF50C6 /* Base */,
			);
			name = LaunchScreen.storyboard;
			sourceTree = "<group>";
		};
/* End PBXVariantGroup section */

/* Begin XCBuildConfiguration section */
		751C22612AC0542100FF50C6 /* Debug */ = {
			isa = XCBuildConfiguration;
			buildSettings = {
				ALWAYS_SEARCH_USER_PATHS = NO;
				ASSETCATALOG_COMPILER_GENERATE_SWIFT_ASSET_SYMBOL_EXTENSIONS = YES;
				CLANG_ANALYZER_NONNULL = YES;
				CLANG_ANALYZER_NUMBER_OBJECT_CONVERSION = YES_AGGRESSIVE;
				CLANG_CXX_LANGUAGE_STANDARD = "gnu++20";
				CLANG_ENABLE_MODULES = YES;
				CLANG_ENABLE_OBJC_ARC = YES;
				CLANG_ENABLE_OBJC_WEAK = YES;
				CLANG_WARN_BLOCK_CAPTURE_AUTORELEASING = YES;
				CLANG_WARN_BOOL_CONVERSION = YES;
				CLANG_WARN_COMMA = YES;
				CLANG_WARN_CONSTANT_CONVERSION = YES;
				CLANG_WARN_DEPRECATED_OBJC_IMPLEMENTATIONS = YES;
				CLANG_WARN_DIRECT_OBJC_ISA_USAGE = YES_ERROR;
				CLANG_WARN_DOCUMENTATION_COMMENTS = YES;
				CLANG_WARN_EMPTY_BODY = YES;
				CLANG_WARN_ENUM_CONVERSION = YES;
				CLANG_WARN_INFINITE_RECURSION = YES;
				CLANG_WARN_INT_CONVERSION = YES;
				CLANG_WARN_NON_LITERAL_NULL_CONVERSION = YES;
				CLANG_WARN_OBJC_IMPLICIT_RETAIN_SELF = YES;
				CLANG_WARN_OBJC_LITERAL_CONVERSION = YES;
				CLANG_WARN_OBJC_ROOT_CLASS = YES_ERROR;
				CLANG_WARN_QUOTED_INCLUDE_IN_FRAMEWORK_HEADER = YES;
				CLANG_WARN_RANGE_LOOP_ANALYSIS = YES;
				CLANG_WARN_STRICT_PROTOTYPES = YES;
				CLANG_WARN_SUSPICIOUS_MOVE = YES;
				CLANG_WARN_UNGUARDED_AVAILABILITY = YES_AGGRESSIVE;
				CLANG_WARN_UNREACHABLE_CODE = YES;
				CLANG_WARN__DUPLICATE_METHOD_MATCH = YES;
				COPY_PHASE_STRIP = NO;
				DEBUG_INFORMATION_FORMAT = dwarf;
				ENABLE_STRICT_OBJC_MSGSEND = YES;
				ENABLE_TESTABILITY = YES;
				ENABLE_USER_SCRIPT_SANDBOXING = YES;
				GCC_C_LANGUAGE_STANDARD = gnu11;
				GCC_DYNAMIC_NO_PIC = NO;
				GCC_NO_COMMON_BLOCKS = YES;
				GCC_OPTIMIZATION_LEVEL = 0;
				GCC_PREPROCESSOR_DEFINITIONS = (
					"DEBUG=1",
					"$(inherited)",
				);
				GCC_WARN_64_TO_32_BIT_CONVERSION = YES;
				GCC_WARN_ABOUT_RETURN_TYPE = YES_ERROR;
				GCC_WARN_UNDECLARED_SELECTOR = YES;
				GCC_WARN_UNINITIALIZED_AUTOS = YES_AGGRESSIVE;
				GCC_WARN_UNUSED_FUNCTION = YES;
				GCC_WARN_UNUSED_VARIABLE = YES;
				IPHONEOS_DEPLOYMENT_TARGET = 16.1;
				MTL_ENABLE_DEBUG_INFO = INCLUDE_SOURCE;
				MTL_FAST_MATH = YES;
				ONLY_ACTIVE_ARCH = YES;
				SDKROOT = iphoneos;
				SWIFT_ACTIVE_COMPILATION_CONDITIONS = DEBUG;
				SWIFT_OPTIMIZATION_LEVEL = "-Onone";
			};
			name = Debug;
		};
		751C22622AC0542100FF50C6 /* Release */ = {
			isa = XCBuildConfiguration;
			buildSettings = {
				ALWAYS_SEARCH_USER_PATHS = NO;
				ASSETCATALOG_COMPILER_GENERATE_SWIFT_ASSET_SYMBOL_EXTENSIONS = YES;
				CLANG_ANALYZER_NONNULL = YES;
				CLANG_ANALYZER_NUMBER_OBJECT_CONVERSION = YES_AGGRESSIVE;
				CLANG_CXX_LANGUAGE_STANDARD = "gnu++20";
				CLANG_ENABLE_MODULES = YES;
				CLANG_ENABLE_OBJC_ARC = YES;
				CLANG_ENABLE_OBJC_WEAK = YES;
				CLANG_WARN_BLOCK_CAPTURE_AUTORELEASING = YES;
				CLANG_WARN_BOOL_CONVERSION = YES;
				CLANG_WARN_COMMA = YES;
				CLANG_WARN_CONSTANT_CONVERSION = YES;
				CLANG_WARN_DEPRECATED_OBJC_IMPLEMENTATIONS = YES;
				CLANG_WARN_DIRECT_OBJC_ISA_USAGE = YES_ERROR;
				CLANG_WARN_DOCUMENTATION_COMMENTS = YES;
				CLANG_WARN_EMPTY_BODY = YES;
				CLANG_WARN_ENUM_CONVERSION = YES;
				CLANG_WARN_INFINITE_RECURSION = YES;
				CLANG_WARN_INT_CONVERSION = YES;
				CLANG_WARN_NON_LITERAL_NULL_CONVERSION = YES;
				CLANG_WARN_OBJC_IMPLICIT_RETAIN_SELF = YES;
				CLANG_WARN_OBJC_LITERAL_CONVERSION = YES;
				CLANG_WARN_OBJC_ROOT_CLASS = YES_ERROR;
				CLANG_WARN_QUOTED_INCLUDE_IN_FRAMEWORK_HEADER = YES;
				CLANG_WARN_RANGE_LOOP_ANALYSIS = YES;
				CLANG_WARN_STRICT_PROTOTYPES = YES;
				CLANG_WARN_SUSPICIOUS_MOVE = YES;
				CLANG_WARN_UNGUARDED_AVAILABILITY = YES_AGGRESSIVE;
				CLANG_WARN_UNREACHABLE_CODE = YES;
				CLANG_WARN__DUPLICATE_METHOD_MATCH = YES;
				COPY_PHASE_STRIP = NO;
				DEBUG_INFORMATION_FORMAT = "dwarf-with-dsym";
				ENABLE_NS_ASSERTIONS = NO;
				ENABLE_STRICT_OBJC_MSGSEND = YES;
				ENABLE_USER_SCRIPT_SANDBOXING = YES;
				GCC_C_LANGUAGE_STANDARD = gnu11;
				GCC_NO_COMMON_BLOCKS = YES;
				GCC_WARN_64_TO_32_BIT_CONVERSION = YES;
				GCC_WARN_ABOUT_RETURN_TYPE = YES_ERROR;
				GCC_WARN_UNDECLARED_SELECTOR = YES;
				GCC_WARN_UNINITIALIZED_AUTOS = YES_AGGRESSIVE;
				GCC_WARN_UNUSED_FUNCTION = YES;
				GCC_WARN_UNUSED_VARIABLE = YES;
				IPHONEOS_DEPLOYMENT_TARGET = 16.1;
				MTL_ENABLE_DEBUG_INFO = NO;
				MTL_FAST_MATH = YES;
				SDKROOT = iphoneos;
				SWIFT_COMPILATION_MODE = wholemodule;
				SWIFT_OPTIMIZATION_LEVEL = "-O";
				VALIDATE_PRODUCT = YES;
			};
			name = Release;
		};
		751C22642AC0542100FF50C6 /* Debug */ = {
			isa = XCBuildConfiguration;
			buildSettings = {
				ASSETCATALOG_COMPILER_APPICON_NAME = AppIcon;
				ASSETCATALOG_COMPILER_GLOBAL_ACCENT_COLOR_NAME = AccentColor;
				CODE_SIGN_STYLE = Automatic;
				CURRENT_PROJECT_VERSION = 1;
				DEVELOPMENT_TEAM = M87C32M9C3;
				GENERATE_INFOPLIST_FILE = YES;
				INFOPLIST_FILE = PodcastApp/Info.plist;
				INFOPLIST_KEY_UIApplicationSupportsIndirectInputEvents = YES;
				INFOPLIST_KEY_UILaunchStoryboardName = LaunchScreen;
				INFOPLIST_KEY_UISupportedInterfaceOrientations = UIInterfaceOrientationPortrait;
				INFOPLIST_KEY_UISupportedInterfaceOrientations_iPad = "UIInterfaceOrientationLandscapeLeft UIInterfaceOrientationLandscapeRight UIInterfaceOrientationPortrait UIInterfaceOrientationPortraitUpsideDown";
				IPHONEOS_DEPLOYMENT_TARGET = 15.0;
				LD_RUNPATH_SEARCH_PATHS = (
					"$(inherited)",
					"@executable_path/Frameworks",
				);
				MARKETING_VERSION = 1.0;
				PRODUCT_BUNDLE_IDENTIFIER = "com.tacarlen.Podcast-App";
				PRODUCT_NAME = "$(TARGET_NAME)";
				SUPPORTED_PLATFORMS = "iphoneos iphonesimulator";
				SUPPORTS_MACCATALYST = NO;
				SUPPORTS_MAC_DESIGNED_FOR_IPHONE_IPAD = NO;
				SWIFT_EMIT_LOC_STRINGS = YES;
				SWIFT_VERSION = 5.0;
				TARGETED_DEVICE_FAMILY = 1;
			};
			name = Debug;
		};
		751C22652AC0542100FF50C6 /* Release */ = {
			isa = XCBuildConfiguration;
			buildSettings = {
				ASSETCATALOG_COMPILER_APPICON_NAME = AppIcon;
				ASSETCATALOG_COMPILER_GLOBAL_ACCENT_COLOR_NAME = AccentColor;
				CODE_SIGN_STYLE = Automatic;
				CURRENT_PROJECT_VERSION = 1;
				DEVELOPMENT_TEAM = M87C32M9C3;
				GENERATE_INFOPLIST_FILE = YES;
				INFOPLIST_FILE = PodcastApp/Info.plist;
				INFOPLIST_KEY_UIApplicationSupportsIndirectInputEvents = YES;
				INFOPLIST_KEY_UILaunchStoryboardName = LaunchScreen;
				INFOPLIST_KEY_UISupportedInterfaceOrientations = UIInterfaceOrientationPortrait;
				INFOPLIST_KEY_UISupportedInterfaceOrientations_iPad = "UIInterfaceOrientationLandscapeLeft UIInterfaceOrientationLandscapeRight UIInterfaceOrientationPortrait UIInterfaceOrientationPortraitUpsideDown";
				IPHONEOS_DEPLOYMENT_TARGET = 15.0;
				LD_RUNPATH_SEARCH_PATHS = (
					"$(inherited)",
					"@executable_path/Frameworks",
				);
				MARKETING_VERSION = 1.0;
				PRODUCT_BUNDLE_IDENTIFIER = "com.tacarlen.Podcast-App";
				PRODUCT_NAME = "$(TARGET_NAME)";
				SUPPORTED_PLATFORMS = "iphoneos iphonesimulator";
				SUPPORTS_MACCATALYST = NO;
				SUPPORTS_MAC_DESIGNED_FOR_IPHONE_IPAD = NO;
				SWIFT_EMIT_LOC_STRINGS = YES;
				SWIFT_VERSION = 5.0;
				TARGETED_DEVICE_FAMILY = 1;
			};
			name = Release;
		};
/* End XCBuildConfiguration section */

/* Begin XCConfigurationList section */
		751C224A2AC0542000FF50C6 /* Build configuration list for PBXProject "PodcastApp" */ = {
			isa = XCConfigurationList;
			buildConfigurations = (
				751C22612AC0542100FF50C6 /* Debug */,
				751C22622AC0542100FF50C6 /* Release */,
			);
			defaultConfigurationIsVisible = 0;
			defaultConfigurationName = Release;
		};
		751C22632AC0542100FF50C6 /* Build configuration list for PBXNativeTarget "PodcastApp" */ = {
			isa = XCConfigurationList;
			buildConfigurations = (
				751C22642AC0542100FF50C6 /* Debug */,
				751C22652AC0542100FF50C6 /* Release */,
			);
			defaultConfigurationIsVisible = 0;
			defaultConfigurationName = Release;
		};
/* End XCConfigurationList section */

/* Begin XCRemoteSwiftPackageReference section */
		EB9A4B202AC287D600B38D20 /* XCRemoteSwiftPackageReference "SnapKit" */ = {
			isa = XCRemoteSwiftPackageReference;
			repositoryURL = "https://github.com/SnapKit/SnapKit";
			requirement = {
				kind = upToNextMajorVersion;
				minimumVersion = 5.6.0;
			};
		};
/* End XCRemoteSwiftPackageReference section */

/* Begin XCSwiftPackageProductDependency section */
		EB9A4B212AC287D600B38D20 /* SnapKit */ = {
			isa = XCSwiftPackageProductDependency;
			package = EB9A4B202AC287D600B38D20 /* XCRemoteSwiftPackageReference "SnapKit" */;
			productName = SnapKit;
		};
/* End XCSwiftPackageProductDependency section */
	};
	rootObject = 751C22472AC0542000FF50C6 /* Project object */;
}
