// !$*UTF8*$!
{
	archiveVersion = 1;
	classes = {
	};
	objectVersion = 56;
	objects = {

/* Begin PBXBuildFile section */
		40BCF6D42AC8BECF00912EA4 /* CategoryTableViewCell.swift in Sources */ = {isa = PBXBuildFile; fileRef = 40BCF6D32AC8BECF00912EA4 /* CategoryTableViewCell.swift */; };
		40BCF6D62AC8BF2700912EA4 /* HomeViewModel.swift in Sources */ = {isa = PBXBuildFile; fileRef = 40BCF6D52AC8BF2700912EA4 /* HomeViewModel.swift */; };
		40BCF6D92AC8C08200912EA4 /* CategoryMusicEnum.swift in Sources */ = {isa = PBXBuildFile; fileRef = 40BCF6D82AC8C08200912EA4 /* CategoryMusicEnum.swift */; };
		40BCF6DB2AC8C0F100912EA4 /* UICollectionView + Extension.swift in Sources */ = {isa = PBXBuildFile; fileRef = 40BCF6DA2AC8C0F100912EA4 /* UICollectionView + Extension.swift */; };
		40BCF6DD2AC8C14600912EA4 /* HomeTableViewCell.swift in Sources */ = {isa = PBXBuildFile; fileRef = 40BCF6DC2AC8C14600912EA4 /* HomeTableViewCell.swift */; };
		40BCF6DF2AC8C16E00912EA4 /* UIView.swift in Sources */ = {isa = PBXBuildFile; fileRef = 40BCF6DE2AC8C16E00912EA4 /* UIView.swift */; };
		40BCF6E12AC8C18700912EA4 /* UIImageView.swift in Sources */ = {isa = PBXBuildFile; fileRef = 40BCF6E02AC8C18700912EA4 /* UIImageView.swift */; };
		40BCF6E32AC8C27700912EA4 /* CategoryCollectionViewCell.swift in Sources */ = {isa = PBXBuildFile; fileRef = 40BCF6E22AC8C27700912EA4 /* CategoryCollectionViewCell.swift */; };
		40BCF6E52AC8C29200912EA4 /* CategoryTagCollectionViewCell.swift in Sources */ = {isa = PBXBuildFile; fileRef = 40BCF6E42AC8C29200912EA4 /* CategoryTagCollectionViewCell.swift */; };
		40BCF6E72AC8C2AF00912EA4 /* PlayedTrackView.swift in Sources */ = {isa = PBXBuildFile; fileRef = 40BCF6E62AC8C2AF00912EA4 /* PlayedTrackView.swift */; };
		40BCF6EB2AC8C30C00912EA4 /* HomeViewController.swift in Sources */ = {isa = PBXBuildFile; fileRef = 40BCF6EA2AC8C30C00912EA4 /* HomeViewController.swift */; };
		40BCF7042AC9A5B000912EA4 /* MusicButton.swift in Sources */ = {isa = PBXBuildFile; fileRef = 40BCF7032AC9A5B000912EA4 /* MusicButton.swift */; };
		448D80042AC32D0C003D0403 /* TabBarVC.swift in Sources */ = {isa = PBXBuildFile; fileRef = 448D7FFD2AC32D0B003D0403 /* TabBarVC.swift */; };
		448D80062AC32D0C003D0403 /* SearchVC.swift in Sources */ = {isa = PBXBuildFile; fileRef = 448D80002AC32D0B003D0403 /* SearchVC.swift */; };
		448D80082AC32D0C003D0403 /* ProfileSettingVC.swift in Sources */ = {isa = PBXBuildFile; fileRef = 448D80022AC32D0B003D0403 /* ProfileSettingVC.swift */; };
		448D80092AC32D0C003D0403 /* FavoritesVC.swift in Sources */ = {isa = PBXBuildFile; fileRef = 448D80032AC32D0B003D0403 /* FavoritesVC.swift */; };
		751C22532AC0542000FF50C6 /* AppDelegate.swift in Sources */ = {isa = PBXBuildFile; fileRef = 751C22522AC0542000FF50C6 /* AppDelegate.swift */; };
		751C22552AC0542000FF50C6 /* SceneDelegate.swift in Sources */ = {isa = PBXBuildFile; fileRef = 751C22542AC0542000FF50C6 /* SceneDelegate.swift */; };
		751C22572AC0542000FF50C6 /* ViewController.swift in Sources */ = {isa = PBXBuildFile; fileRef = 751C22562AC0542000FF50C6 /* ViewController.swift */; };
		751C225C2AC0542100FF50C6 /* Assets.xcassets in Resources */ = {isa = PBXBuildFile; fileRef = 751C225B2AC0542100FF50C6 /* Assets.xcassets */; };
		751C225F2AC0542100FF50C6 /* LaunchScreen.storyboard in Resources */ = {isa = PBXBuildFile; fileRef = 751C225D2AC0542100FF50C6 /* LaunchScreen.storyboard */; };
		751C22B32AC1930300FF50C6 /* LoginViewController.swift in Sources */ = {isa = PBXBuildFile; fileRef = 751C22B22AC1930300FF50C6 /* LoginViewController.swift */; };
		751C22B92AC1968800FF50C6 /* UILabel + Extension.swift in Sources */ = {isa = PBXBuildFile; fileRef = 751C22B82AC1968800FF50C6 /* UILabel + Extension.swift */; };
		751C22BB2AC196C600FF50C6 /* UIFont + Extension.swift in Sources */ = {isa = PBXBuildFile; fileRef = 751C22BA2AC196C600FF50C6 /* UIFont + Extension.swift */; };
		751C22C62AC1975300FF50C6 /* PlusJakartaSans-Medium.ttf in Resources */ = {isa = PBXBuildFile; fileRef = 751C22BF2AC1975300FF50C6 /* PlusJakartaSans-Medium.ttf */; };
		751C22C72AC1975300FF50C6 /* PlusJakartaSans-SemiBold.ttf in Resources */ = {isa = PBXBuildFile; fileRef = 751C22C02AC1975300FF50C6 /* PlusJakartaSans-SemiBold.ttf */; };
		751C22C82AC1975300FF50C6 /* PlusJakartaSans-Regular.ttf in Resources */ = {isa = PBXBuildFile; fileRef = 751C22C12AC1975300FF50C6 /* PlusJakartaSans-Regular.ttf */; };
		751C22C92AC1975300FF50C6 /* PlusJakartaSans-Bold.ttf in Resources */ = {isa = PBXBuildFile; fileRef = 751C22C22AC1975300FF50C6 /* PlusJakartaSans-Bold.ttf */; };
		751C22CC2AC1B08900FF50C6 /* UITextField + Extension.swift in Sources */ = {isa = PBXBuildFile; fileRef = 751C22CB2AC1B08900FF50C6 /* UITextField + Extension.swift */; };
		751C22CF2AC1B36A00FF50C6 /* InputField.swift in Sources */ = {isa = PBXBuildFile; fileRef = 751C22CE2AC1B36A00FF50C6 /* InputField.swift */; };
		751C22D12AC1B3F100FF50C6 /* UIView + Extension.swift in Sources */ = {isa = PBXBuildFile; fileRef = 751C22D02AC1B3F100FF50C6 /* UIView + Extension.swift */; };
		751C22D32AC1B55300FF50C6 /* UIButton + Extension.swift in Sources */ = {isa = PBXBuildFile; fileRef = 751C22D22AC1B55300FF50C6 /* UIButton + Extension.swift */; };
		751C22D52AC1B5EB00FF50C6 /* UIColor + Extension.swift in Sources */ = {isa = PBXBuildFile; fileRef = 751C22D42AC1B5EB00FF50C6 /* UIColor + Extension.swift */; };
		751C22D72AC1BC4F00FF50C6 /* Divider.swift in Sources */ = {isa = PBXBuildFile; fileRef = 751C22D62AC1BC4F00FF50C6 /* Divider.swift */; };
		751C22DA2AC1C18200FF50C6 /* CreateAccountViewController.swift in Sources */ = {isa = PBXBuildFile; fileRef = 751C22D92AC1C18200FF50C6 /* CreateAccountViewController.swift */; };
		7595506C2AC1D06900A47208 /* SignUpViewController.swift in Sources */ = {isa = PBXBuildFile; fileRef = 7595506B2AC1D06900A47208 /* SignUpViewController.swift */; };
		759550702AC2E55800A47208 /* UIStackView + Extension.swift in Sources */ = {isa = PBXBuildFile; fileRef = 7595506F2AC2E55800A47208 /* UIStackView + Extension.swift */; };
		759550722AC2E6D200A47208 /* BottomLineAuth.swift in Sources */ = {isa = PBXBuildFile; fileRef = 759550712AC2E6D200A47208 /* BottomLineAuth.swift */; };
		759550742AC2F22F00A47208 /* UIViewController + Extension.swift in Sources */ = {isa = PBXBuildFile; fileRef = 759550732AC2F22F00A47208 /* UIViewController + Extension.swift */; };
		79F994B62ACA808500592F1E /* GenreCell.swift in Sources */ = {isa = PBXBuildFile; fileRef = 79F994B52ACA808500592F1E /* GenreCell.swift */; };
		79F994B82ACA837900592F1E /* TopGenreCollection.swift in Sources */ = {isa = PBXBuildFile; fileRef = 79F994B72ACA837800592F1E /* TopGenreCollection.swift */; };
		79F994BA2ACA88CD00592F1E /* GenresHardData.swift in Sources */ = {isa = PBXBuildFile; fileRef = 79F994B92ACA88CD00592F1E /* GenresHardData.swift */; };
		79F994BC2ACA935C00592F1E /* AllPodcastsCell.swift in Sources */ = {isa = PBXBuildFile; fileRef = 79F994BB2ACA935C00592F1E /* AllPodcastsCell.swift */; };
		79F994BE2ACA97EF00592F1E /* SearchViewController.swift in Sources */ = {isa = PBXBuildFile; fileRef = 79F994BD2ACA97EF00592F1E /* SearchViewController.swift */; };
		79F994C02ACAB3B700592F1E /* BrowseAllCollection.swift in Sources */ = {isa = PBXBuildFile; fileRef = 79F994BF2ACAB3B700592F1E /* BrowseAllCollection.swift */; };
		79F994C42ACAE69700592F1E /* SearchResultsViewController.swift in Sources */ = {isa = PBXBuildFile; fileRef = 79F994C32ACAE69700592F1E /* SearchResultsViewController.swift */; };
		79F994C62ACAE70600592F1E /* SearchResultCell.swift in Sources */ = {isa = PBXBuildFile; fileRef = 79F994C52ACAE70600592F1E /* SearchResultCell.swift */; };
		79F994CB2ACB18F900592F1E /* Manrope-Regular.ttf in Resources */ = {isa = PBXBuildFile; fileRef = 79F994C92ACB18F900592F1E /* Manrope-Regular.ttf */; };
		79F994CC2ACB18F900592F1E /* Manrope-Bold.ttf in Resources */ = {isa = PBXBuildFile; fileRef = 79F994CA2ACB18F900592F1E /* Manrope-Bold.ttf */; };
/* End PBXBuildFile section */

/* Begin PBXFileReference section */
		40BCF6D32AC8BECF00912EA4 /* CategoryTableViewCell.swift */ = {isa = PBXFileReference; lastKnownFileType = sourcecode.swift; path = CategoryTableViewCell.swift; sourceTree = "<group>"; };
		40BCF6D52AC8BF2700912EA4 /* HomeViewModel.swift */ = {isa = PBXFileReference; lastKnownFileType = sourcecode.swift; path = HomeViewModel.swift; sourceTree = "<group>"; };
		40BCF6D82AC8C08200912EA4 /* CategoryMusicEnum.swift */ = {isa = PBXFileReference; lastKnownFileType = sourcecode.swift; path = CategoryMusicEnum.swift; sourceTree = "<group>"; };
		40BCF6DA2AC8C0F100912EA4 /* UICollectionView + Extension.swift */ = {isa = PBXFileReference; lastKnownFileType = sourcecode.swift; path = "UICollectionView + Extension.swift"; sourceTree = "<group>"; };
		40BCF6DC2AC8C14600912EA4 /* HomeTableViewCell.swift */ = {isa = PBXFileReference; lastKnownFileType = sourcecode.swift; path = HomeTableViewCell.swift; sourceTree = "<group>"; };
		40BCF6DE2AC8C16E00912EA4 /* UIView.swift */ = {isa = PBXFileReference; lastKnownFileType = sourcecode.swift; path = UIView.swift; sourceTree = "<group>"; };
		40BCF6E02AC8C18700912EA4 /* UIImageView.swift */ = {isa = PBXFileReference; lastKnownFileType = sourcecode.swift; path = UIImageView.swift; sourceTree = "<group>"; };
		40BCF6E22AC8C27700912EA4 /* CategoryCollectionViewCell.swift */ = {isa = PBXFileReference; lastKnownFileType = sourcecode.swift; path = CategoryCollectionViewCell.swift; sourceTree = "<group>"; };
		40BCF6E42AC8C29200912EA4 /* CategoryTagCollectionViewCell.swift */ = {isa = PBXFileReference; lastKnownFileType = sourcecode.swift; path = CategoryTagCollectionViewCell.swift; sourceTree = "<group>"; };
		40BCF6E62AC8C2AF00912EA4 /* PlayedTrackView.swift */ = {isa = PBXFileReference; lastKnownFileType = sourcecode.swift; path = PlayedTrackView.swift; sourceTree = "<group>"; };
		40BCF6EA2AC8C30C00912EA4 /* HomeViewController.swift */ = {isa = PBXFileReference; lastKnownFileType = sourcecode.swift; path = HomeViewController.swift; sourceTree = "<group>"; };
		40BCF7032AC9A5B000912EA4 /* MusicButton.swift */ = {isa = PBXFileReference; lastKnownFileType = sourcecode.swift; path = MusicButton.swift; sourceTree = "<group>"; };
		448D7FFD2AC32D0B003D0403 /* TabBarVC.swift */ = {isa = PBXFileReference; fileEncoding = 4; lastKnownFileType = sourcecode.swift; path = TabBarVC.swift; sourceTree = "<group>"; };
		448D80002AC32D0B003D0403 /* SearchVC.swift */ = {isa = PBXFileReference; fileEncoding = 4; lastKnownFileType = sourcecode.swift; path = SearchVC.swift; sourceTree = "<group>"; };
		448D80022AC32D0B003D0403 /* ProfileSettingVC.swift */ = {isa = PBXFileReference; fileEncoding = 4; lastKnownFileType = sourcecode.swift; path = ProfileSettingVC.swift; sourceTree = "<group>"; };
		448D80032AC32D0B003D0403 /* FavoritesVC.swift */ = {isa = PBXFileReference; fileEncoding = 4; lastKnownFileType = sourcecode.swift; path = FavoritesVC.swift; sourceTree = "<group>"; };
		751C224F2AC0542000FF50C6 /* PodcastApp.app */ = {isa = PBXFileReference; explicitFileType = wrapper.application; includeInIndex = 0; path = PodcastApp.app; sourceTree = BUILT_PRODUCTS_DIR; };
		751C22522AC0542000FF50C6 /* AppDelegate.swift */ = {isa = PBXFileReference; lastKnownFileType = sourcecode.swift; path = AppDelegate.swift; sourceTree = "<group>"; };
		751C22542AC0542000FF50C6 /* SceneDelegate.swift */ = {isa = PBXFileReference; lastKnownFileType = sourcecode.swift; path = SceneDelegate.swift; sourceTree = "<group>"; };
		751C22562AC0542000FF50C6 /* ViewController.swift */ = {isa = PBXFileReference; lastKnownFileType = sourcecode.swift; path = ViewController.swift; sourceTree = "<group>"; };
		751C225B2AC0542100FF50C6 /* Assets.xcassets */ = {isa = PBXFileReference; lastKnownFileType = folder.assetcatalog; path = Assets.xcassets; sourceTree = "<group>"; };
		751C225E2AC0542100FF50C6 /* Base */ = {isa = PBXFileReference; lastKnownFileType = file.storyboard; name = Base; path = Base.lproj/LaunchScreen.storyboard; sourceTree = "<group>"; };
		751C22602AC0542100FF50C6 /* Info.plist */ = {isa = PBXFileReference; lastKnownFileType = text.plist.xml; path = Info.plist; sourceTree = "<group>"; };
		751C22B22AC1930300FF50C6 /* LoginViewController.swift */ = {isa = PBXFileReference; lastKnownFileType = sourcecode.swift; path = LoginViewController.swift; sourceTree = "<group>"; };
		751C22B82AC1968800FF50C6 /* UILabel + Extension.swift */ = {isa = PBXFileReference; lastKnownFileType = sourcecode.swift; path = "UILabel + Extension.swift"; sourceTree = "<group>"; };
		751C22BA2AC196C600FF50C6 /* UIFont + Extension.swift */ = {isa = PBXFileReference; lastKnownFileType = sourcecode.swift; path = "UIFont + Extension.swift"; sourceTree = "<group>"; };
		751C22BF2AC1975300FF50C6 /* PlusJakartaSans-Medium.ttf */ = {isa = PBXFileReference; lastKnownFileType = file; path = "PlusJakartaSans-Medium.ttf"; sourceTree = "<group>"; };
		751C22C02AC1975300FF50C6 /* PlusJakartaSans-SemiBold.ttf */ = {isa = PBXFileReference; lastKnownFileType = file; path = "PlusJakartaSans-SemiBold.ttf"; sourceTree = "<group>"; };
		751C22C12AC1975300FF50C6 /* PlusJakartaSans-Regular.ttf */ = {isa = PBXFileReference; lastKnownFileType = file; path = "PlusJakartaSans-Regular.ttf"; sourceTree = "<group>"; };
		751C22C22AC1975300FF50C6 /* PlusJakartaSans-Bold.ttf */ = {isa = PBXFileReference; lastKnownFileType = file; path = "PlusJakartaSans-Bold.ttf"; sourceTree = "<group>"; };
		751C22CB2AC1B08900FF50C6 /* UITextField + Extension.swift */ = {isa = PBXFileReference; lastKnownFileType = sourcecode.swift; path = "UITextField + Extension.swift"; sourceTree = "<group>"; };
		751C22CE2AC1B36A00FF50C6 /* InputField.swift */ = {isa = PBXFileReference; lastKnownFileType = sourcecode.swift; path = InputField.swift; sourceTree = "<group>"; };
		751C22D02AC1B3F100FF50C6 /* UIView + Extension.swift */ = {isa = PBXFileReference; lastKnownFileType = sourcecode.swift; path = "UIView + Extension.swift"; sourceTree = "<group>"; };
		751C22D22AC1B55300FF50C6 /* UIButton + Extension.swift */ = {isa = PBXFileReference; lastKnownFileType = sourcecode.swift; path = "UIButton + Extension.swift"; sourceTree = "<group>"; };
		751C22D42AC1B5EB00FF50C6 /* UIColor + Extension.swift */ = {isa = PBXFileReference; lastKnownFileType = sourcecode.swift; path = "UIColor + Extension.swift"; sourceTree = "<group>"; };
		751C22D62AC1BC4F00FF50C6 /* Divider.swift */ = {isa = PBXFileReference; lastKnownFileType = sourcecode.swift; path = Divider.swift; sourceTree = "<group>"; };
		751C22D92AC1C18200FF50C6 /* CreateAccountViewController.swift */ = {isa = PBXFileReference; lastKnownFileType = sourcecode.swift; path = CreateAccountViewController.swift; sourceTree = "<group>"; };
		7595506B2AC1D06900A47208 /* SignUpViewController.swift */ = {isa = PBXFileReference; lastKnownFileType = sourcecode.swift; path = SignUpViewController.swift; sourceTree = "<group>"; };
		7595506F2AC2E55800A47208 /* UIStackView + Extension.swift */ = {isa = PBXFileReference; lastKnownFileType = sourcecode.swift; path = "UIStackView + Extension.swift"; sourceTree = "<group>"; };
		759550712AC2E6D200A47208 /* BottomLineAuth.swift */ = {isa = PBXFileReference; lastKnownFileType = sourcecode.swift; path = BottomLineAuth.swift; sourceTree = "<group>"; };
		759550732AC2F22F00A47208 /* UIViewController + Extension.swift */ = {isa = PBXFileReference; lastKnownFileType = sourcecode.swift; path = "UIViewController + Extension.swift"; sourceTree = "<group>"; };
		79F994B52ACA808500592F1E /* GenreCell.swift */ = {isa = PBXFileReference; lastKnownFileType = sourcecode.swift; path = GenreCell.swift; sourceTree = "<group>"; };
		79F994B72ACA837800592F1E /* TopGenreCollection.swift */ = {isa = PBXFileReference; lastKnownFileType = sourcecode.swift; path = TopGenreCollection.swift; sourceTree = "<group>"; };
		79F994B92ACA88CD00592F1E /* GenresHardData.swift */ = {isa = PBXFileReference; lastKnownFileType = sourcecode.swift; path = GenresHardData.swift; sourceTree = "<group>"; };
		79F994BB2ACA935C00592F1E /* AllPodcastsCell.swift */ = {isa = PBXFileReference; lastKnownFileType = sourcecode.swift; path = AllPodcastsCell.swift; sourceTree = "<group>"; };
		79F994BD2ACA97EF00592F1E /* SearchViewController.swift */ = {isa = PBXFileReference; lastKnownFileType = sourcecode.swift; path = SearchViewController.swift; sourceTree = "<group>"; };
		79F994BF2ACAB3B700592F1E /* BrowseAllCollection.swift */ = {isa = PBXFileReference; lastKnownFileType = sourcecode.swift; path = BrowseAllCollection.swift; sourceTree = "<group>"; };
		79F994C32ACAE69700592F1E /* SearchResultsViewController.swift */ = {isa = PBXFileReference; lastKnownFileType = sourcecode.swift; path = SearchResultsViewController.swift; sourceTree = "<group>"; };
		79F994C52ACAE70600592F1E /* SearchResultCell.swift */ = {isa = PBXFileReference; lastKnownFileType = sourcecode.swift; path = SearchResultCell.swift; sourceTree = "<group>"; };
		79F994C92ACB18F900592F1E /* Manrope-Regular.ttf */ = {isa = PBXFileReference; lastKnownFileType = file; path = "Manrope-Regular.ttf"; sourceTree = "<group>"; };
		79F994CA2ACB18F900592F1E /* Manrope-Bold.ttf */ = {isa = PBXFileReference; lastKnownFileType = file; path = "Manrope-Bold.ttf"; sourceTree = "<group>"; };
/* End PBXFileReference section */

/* Begin PBXFrameworksBuildPhase section */
		751C224C2AC0542000FF50C6 /* Frameworks */ = {
			isa = PBXFrameworksBuildPhase;
			buildActionMask = 2147483647;
			files = (
			);
			runOnlyForDeploymentPostprocessing = 0;
		};
/* End PBXFrameworksBuildPhase section */

/* Begin PBXGroup section */
		40BCF6CD2AC8BE6600912EA4 /* ViewModel */ = {
			isa = PBXGroup;
			children = (
				40BCF6D52AC8BF2700912EA4 /* HomeViewModel.swift */,
			);
			path = ViewModel;
			sourceTree = "<group>";
		};
		40BCF6CE2AC8BE6900912EA4 /* View */ = {
			isa = PBXGroup;
			children = (
				40BCF6D12AC8BEA800912EA4 /* TableViewCell */,
				40BCF6D22AC8BEB100912EA4 /* CollectionViewCell */,
				40BCF7022AC98E1600912EA4 /* Controller */,
			);
			path = View;
			sourceTree = "<group>";
		};
		40BCF6CF2AC8BE6A00912EA4 /* Model */ = {
			isa = PBXGroup;
			children = (
			);
			path = Model;
			sourceTree = "<group>";
		};
		40BCF6D12AC8BEA800912EA4 /* TableViewCell */ = {
			isa = PBXGroup;
			children = (
				40BCF6D32AC8BECF00912EA4 /* CategoryTableViewCell.swift */,
				40BCF6DC2AC8C14600912EA4 /* HomeTableViewCell.swift */,
			);
			path = TableViewCell;
			sourceTree = "<group>";
		};
		40BCF6D22AC8BEB100912EA4 /* CollectionViewCell */ = {
			isa = PBXGroup;
			children = (
				40BCF6E22AC8C27700912EA4 /* CategoryCollectionViewCell.swift */,
				40BCF6E42AC8C29200912EA4 /* CategoryTagCollectionViewCell.swift */,
			);
			path = CollectionViewCell;
			sourceTree = "<group>";
		};
		40BCF6D72AC8C07400912EA4 /* Helpers */ = {
			isa = PBXGroup;
			children = (
				40BCF6D82AC8C08200912EA4 /* CategoryMusicEnum.swift */,
			);
			path = Helpers;
			sourceTree = "<group>";
		};
		40BCF7022AC98E1600912EA4 /* Controller */ = {
			isa = PBXGroup;
			children = (
				40BCF6EA2AC8C30C00912EA4 /* HomeViewController.swift */,
			);
			path = Controller;
			sourceTree = "<group>";
		};
		40CA63AD2AC8BD0E00B8B4DA /* Modules  */ = {
			isa = PBXGroup;
			children = (
				40CA63AE2AC8BD1900B8B4DA /* Home */,
			);
			path = "Modules ";
			sourceTree = "<group>";
		};
		40CA63AE2AC8BD1900B8B4DA /* Home */ = {
			isa = PBXGroup;
			children = (
				40BCF6D72AC8C07400912EA4 /* Helpers */,
				40BCF6CF2AC8BE6A00912EA4 /* Model */,
				40BCF6CE2AC8BE6900912EA4 /* View */,
				40BCF6CD2AC8BE6600912EA4 /* ViewModel */,
			);
			path = Home;
			sourceTree = "<group>";
		};
		448D7FFC2AC32D0B003D0403 /* ViewControllerTabBar */ = {
			isa = PBXGroup;
			children = (
				448D7FFD2AC32D0B003D0403 /* TabBarVC.swift */,
				448D7FFF2AC32D0B003D0403 /* PresentationClasses */,
			);
			path = ViewControllerTabBar;
			sourceTree = "<group>";
		};
		448D7FFF2AC32D0B003D0403 /* PresentationClasses */ = {
			isa = PBXGroup;
			children = (
				448D80002AC32D0B003D0403 /* SearchVC.swift */,
				448D80032AC32D0B003D0403 /* FavoritesVC.swift */,
				448D80022AC32D0B003D0403 /* ProfileSettingVC.swift */,
			);
			path = PresentationClasses;
			sourceTree = "<group>";
		};
		751C22462AC0542000FF50C6 = {
			isa = PBXGroup;
			children = (
				751C22512AC0542000FF50C6 /* PodcastApp */,
				751C22502AC0542000FF50C6 /* Products */,
			);
			sourceTree = "<group>";
		};
		751C22502AC0542000FF50C6 /* Products */ = {
			isa = PBXGroup;
			children = (
				751C224F2AC0542000FF50C6 /* PodcastApp.app */,
			);
			name = Products;
			sourceTree = "<group>";
		};
		751C22512AC0542000FF50C6 /* PodcastApp */ = {
			isa = PBXGroup;
			children = (
				79F994B12ACA804500592F1E /* Search */,
				40CA63AD2AC8BD0E00B8B4DA /* Modules  */,
				751C22CD2AC1B32600FF50C6 /* Components */,
				751C22BC2AC1975300FF50C6 /* Fonts */,
				751C22B72AC1966C00FF50C6 /* Extensions */,
				751C22B12AC192BA00FF50C6 /* AuthorizationScreen */,
				448D7FFC2AC32D0B003D0403 /* ViewControllerTabBar */,
				751C22522AC0542000FF50C6 /* AppDelegate.swift */,
				751C22542AC0542000FF50C6 /* SceneDelegate.swift */,
				751C22562AC0542000FF50C6 /* ViewController.swift */,
				751C225B2AC0542100FF50C6 /* Assets.xcassets */,
				751C225D2AC0542100FF50C6 /* LaunchScreen.storyboard */,
				751C22602AC0542100FF50C6 /* Info.plist */,
			);
			path = PodcastApp;
			sourceTree = "<group>";
		};
		751C22B12AC192BA00FF50C6 /* AuthorizationScreen */ = {
			isa = PBXGroup;
			children = (
				759550682AC1C97400A47208 /* SignUpScreen */,
				751C22D82AC1C16100FF50C6 /* CreateAccountScreen */,
				751C22B42AC194C100FF50C6 /* LoginScreen */,
			);
			path = AuthorizationScreen;
			sourceTree = "<group>";
		};
		751C22B42AC194C100FF50C6 /* LoginScreen */ = {
			isa = PBXGroup;
			children = (
				751C22B22AC1930300FF50C6 /* LoginViewController.swift */,
			);
			path = LoginScreen;
			sourceTree = "<group>";
		};
		751C22B72AC1966C00FF50C6 /* Extensions */ = {
			isa = PBXGroup;
			children = (
				751C22B82AC1968800FF50C6 /* UILabel + Extension.swift */,
				751C22BA2AC196C600FF50C6 /* UIFont + Extension.swift */,
				751C22CB2AC1B08900FF50C6 /* UITextField + Extension.swift */,
				751C22D02AC1B3F100FF50C6 /* UIView + Extension.swift */,
				751C22D22AC1B55300FF50C6 /* UIButton + Extension.swift */,
				751C22D42AC1B5EB00FF50C6 /* UIColor + Extension.swift */,
				7595506F2AC2E55800A47208 /* UIStackView + Extension.swift */,
				759550732AC2F22F00A47208 /* UIViewController + Extension.swift */,
				40BCF6DA2AC8C0F100912EA4 /* UICollectionView + Extension.swift */,
				40BCF6E02AC8C18700912EA4 /* UIImageView.swift */,
			);
			path = Extensions;
			sourceTree = "<group>";
		};
		751C22BC2AC1975300FF50C6 /* Fonts */ = {
			isa = PBXGroup;
			children = (
				751C22BF2AC1975300FF50C6 /* PlusJakartaSans-Medium.ttf */,
				751C22C02AC1975300FF50C6 /* PlusJakartaSans-SemiBold.ttf */,
				751C22C12AC1975300FF50C6 /* PlusJakartaSans-Regular.ttf */,
				751C22C22AC1975300FF50C6 /* PlusJakartaSans-Bold.ttf */,
				79F994CA2ACB18F900592F1E /* Manrope-Bold.ttf */,
				79F994C92ACB18F900592F1E /* Manrope-Regular.ttf */,
			);
			path = Fonts;
			sourceTree = "<group>";
		};
		751C22CD2AC1B32600FF50C6 /* Components */ = {
			isa = PBXGroup;
			children = (
				40BCF6DE2AC8C16E00912EA4 /* UIView.swift */,
				751C22CE2AC1B36A00FF50C6 /* InputField.swift */,
				751C22D62AC1BC4F00FF50C6 /* Divider.swift */,
				759550712AC2E6D200A47208 /* BottomLineAuth.swift */,
				40BCF6E62AC8C2AF00912EA4 /* PlayedTrackView.swift */,
				40BCF7032AC9A5B000912EA4 /* MusicButton.swift */,
			);
			path = Components;
			sourceTree = "<group>";
		};
		751C22D82AC1C16100FF50C6 /* CreateAccountScreen */ = {
			isa = PBXGroup;
			children = (
				751C22D92AC1C18200FF50C6 /* CreateAccountViewController.swift */,
			);
			path = CreateAccountScreen;
			sourceTree = "<group>";
		};
		759550682AC1C97400A47208 /* SignUpScreen */ = {
			isa = PBXGroup;
			children = (
				7595506B2AC1D06900A47208 /* SignUpViewController.swift */,
			);
			path = SignUpScreen;
			sourceTree = "<group>";
		};
		79F994B12ACA804500592F1E /* Search */ = {
			isa = PBXGroup;
			children = (
				79F994B32ACA806200592F1E /* SearchGenres */,
				79F994B22ACA804C00592F1E /* SearchResult */,
				79F994B92ACA88CD00592F1E /* GenresHardData.swift */,
			);
			path = Search;
			sourceTree = "<group>";
		};
		79F994B22ACA804C00592F1E /* SearchResult */ = {
			isa = PBXGroup;
			children = (
				79F994C32ACAE69700592F1E /* SearchResultsViewController.swift */,
				79F994C52ACAE70600592F1E /* SearchResultCell.swift */,
				79F994BB2ACA935C00592F1E /* AllPodcastsCell.swift */,
			);
			path = SearchResult;
			sourceTree = "<group>";
		};
		79F994B32ACA806200592F1E /* SearchGenres */ = {
			isa = PBXGroup;
			children = (
				79F994B42ACA807100592F1E /* Cells */,
				79F994BD2ACA97EF00592F1E /* SearchViewController.swift */,
			);
			path = SearchGenres;
			sourceTree = "<group>";
		};
		79F994B42ACA807100592F1E /* Cells */ = {
			isa = PBXGroup;
			children = (
				79F994B52ACA808500592F1E /* GenreCell.swift */,
				79F994B72ACA837800592F1E /* TopGenreCollection.swift */,
				79F994BF2ACAB3B700592F1E /* BrowseAllCollection.swift */,
			);
			path = Cells;
			sourceTree = "<group>";
		};
/* End PBXGroup section */

/* Begin PBXNativeTarget section */
		751C224E2AC0542000FF50C6 /* PodcastApp */ = {
			isa = PBXNativeTarget;
			buildConfigurationList = 751C22632AC0542100FF50C6 /* Build configuration list for PBXNativeTarget "PodcastApp" */;
			buildPhases = (
				751C224B2AC0542000FF50C6 /* Sources */,
				751C224C2AC0542000FF50C6 /* Frameworks */,
				751C224D2AC0542000FF50C6 /* Resources */,
			);
			buildRules = (
			);
			dependencies = (
			);
			name = PodcastApp;
			productName = "Podcast App";
			productReference = 751C224F2AC0542000FF50C6 /* PodcastApp.app */;
			productType = "com.apple.product-type.application";
		};
/* End PBXNativeTarget section */

/* Begin PBXProject section */
		751C22472AC0542000FF50C6 /* Project object */ = {
			isa = PBXProject;
			attributes = {
				BuildIndependentTargetsInParallel = 1;
				LastSwiftUpdateCheck = 1410;
				LastUpgradeCheck = 1410;
				TargetAttributes = {
					751C224E2AC0542000FF50C6 = {
						CreatedOnToolsVersion = 14.1;
					};
				};
			};
			buildConfigurationList = 751C224A2AC0542000FF50C6 /* Build configuration list for PBXProject "PodcastApp" */;
			compatibilityVersion = "Xcode 14.0";
			developmentRegion = en;
			hasScannedForEncodings = 0;
			knownRegions = (
				en,
				Base,
			);
			mainGroup = 751C22462AC0542000FF50C6;
			productRefGroup = 751C22502AC0542000FF50C6 /* Products */;
			projectDirPath = "";
			projectRoot = "";
			targets = (
				751C224E2AC0542000FF50C6 /* PodcastApp */,
			);
		};
/* End PBXProject section */

/* Begin PBXResourcesBuildPhase section */
		751C224D2AC0542000FF50C6 /* Resources */ = {
			isa = PBXResourcesBuildPhase;
			buildActionMask = 2147483647;
			files = (
				751C225F2AC0542100FF50C6 /* LaunchScreen.storyboard in Resources */,
				751C22C92AC1975300FF50C6 /* PlusJakartaSans-Bold.ttf in Resources */,
				751C22C82AC1975300FF50C6 /* PlusJakartaSans-Regular.ttf in Resources */,
				751C22C72AC1975300FF50C6 /* PlusJakartaSans-SemiBold.ttf in Resources */,
				79F994CC2ACB18F900592F1E /* Manrope-Bold.ttf in Resources */,
				751C22C62AC1975300FF50C6 /* PlusJakartaSans-Medium.ttf in Resources */,
				751C225C2AC0542100FF50C6 /* Assets.xcassets in Resources */,
				79F994CB2ACB18F900592F1E /* Manrope-Regular.ttf in Resources */,
			);
			runOnlyForDeploymentPostprocessing = 0;
		};
/* End PBXResourcesBuildPhase section */

/* Begin PBXSourcesBuildPhase section */
		751C224B2AC0542000FF50C6 /* Sources */ = {
			isa = PBXSourcesBuildPhase;
			buildActionMask = 2147483647;
			files = (
				751C22DA2AC1C18200FF50C6 /* CreateAccountViewController.swift in Sources */,
				751C22B92AC1968800FF50C6 /* UILabel + Extension.swift in Sources */,
				79F994C02ACAB3B700592F1E /* BrowseAllCollection.swift in Sources */,
				40BCF6D92AC8C08200912EA4 /* CategoryMusicEnum.swift in Sources */,
				40BCF6E12AC8C18700912EA4 /* UIImageView.swift in Sources */,
				79F994BE2ACA97EF00592F1E /* SearchViewController.swift in Sources */,
				751C22D32AC1B55300FF50C6 /* UIButton + Extension.swift in Sources */,
				40BCF7042AC9A5B000912EA4 /* MusicButton.swift in Sources */,
				759550702AC2E55800A47208 /* UIStackView + Extension.swift in Sources */,
				448D80082AC32D0C003D0403 /* ProfileSettingVC.swift in Sources */,
				448D80042AC32D0C003D0403 /* TabBarVC.swift in Sources */,
				40BCF6D42AC8BECF00912EA4 /* CategoryTableViewCell.swift in Sources */,
				79F994C42ACAE69700592F1E /* SearchResultsViewController.swift in Sources */,
				40BCF6DB2AC8C0F100912EA4 /* UICollectionView + Extension.swift in Sources */,
				751C22D72AC1BC4F00FF50C6 /* Divider.swift in Sources */,
				79F994B82ACA837900592F1E /* TopGenreCollection.swift in Sources */,
				751C22B32AC1930300FF50C6 /* LoginViewController.swift in Sources */,
				751C22CF2AC1B36A00FF50C6 /* InputField.swift in Sources */,
				751C22572AC0542000FF50C6 /* ViewController.swift in Sources */,
				79F994C62ACAE70600592F1E /* SearchResultCell.swift in Sources */,
				79F994BA2ACA88CD00592F1E /* GenresHardData.swift in Sources */,
				751C22532AC0542000FF50C6 /* AppDelegate.swift in Sources */,
				448D80092AC32D0C003D0403 /* FavoritesVC.swift in Sources */,
				40BCF6E32AC8C27700912EA4 /* CategoryCollectionViewCell.swift in Sources */,
				40BCF6DD2AC8C14600912EA4 /* HomeTableViewCell.swift in Sources */,
				7595506C2AC1D06900A47208 /* SignUpViewController.swift in Sources */,
				751C22BB2AC196C600FF50C6 /* UIFont + Extension.swift in Sources */,
				751C22552AC0542000FF50C6 /* SceneDelegate.swift in Sources */,
				751C22D52AC1B5EB00FF50C6 /* UIColor + Extension.swift in Sources */,
				751C22D12AC1B3F100FF50C6 /* UIView + Extension.swift in Sources */,
				79F994BC2ACA935C00592F1E /* AllPodcastsCell.swift in Sources */,
				40BCF6D62AC8BF2700912EA4 /* HomeViewModel.swift in Sources */,
				448D80062AC32D0C003D0403 /* SearchVC.swift in Sources */,
				40BCF6DF2AC8C16E00912EA4 /* UIView.swift in Sources */,
				759550742AC2F22F00A47208 /* UIViewController + Extension.swift in Sources */,
				40BCF6E52AC8C29200912EA4 /* CategoryTagCollectionViewCell.swift in Sources */,
				79F994B62ACA808500592F1E /* GenreCell.swift in Sources */,
				40BCF6EB2AC8C30C00912EA4 /* HomeViewController.swift in Sources */,
				759550722AC2E6D200A47208 /* BottomLineAuth.swift in Sources */,
				751C22CC2AC1B08900FF50C6 /* UITextField + Extension.swift in Sources */,
				40BCF6E72AC8C2AF00912EA4 /* PlayedTrackView.swift in Sources */,
			);
			runOnlyForDeploymentPostprocessing = 0;
		};
/* End PBXSourcesBuildPhase section */

/* Begin PBXVariantGroup section */
		751C225D2AC0542100FF50C6 /* LaunchScreen.storyboard */ = {
			isa = PBXVariantGroup;
			children = (
				751C225E2AC0542100FF50C6 /* Base */,
			);
			name = LaunchScreen.storyboard;
			sourceTree = "<group>";
		};
/* End PBXVariantGroup section */

/* Begin XCBuildConfiguration section */
		751C22612AC0542100FF50C6 /* Debug */ = {
			isa = XCBuildConfiguration;
			buildSettings = {
				ALWAYS_SEARCH_USER_PATHS = NO;
				CLANG_ANALYZER_NONNULL = YES;
				CLANG_ANALYZER_NUMBER_OBJECT_CONVERSION = YES_AGGRESSIVE;
				CLANG_CXX_LANGUAGE_STANDARD = "gnu++20";
				CLANG_ENABLE_MODULES = YES;
				CLANG_ENABLE_OBJC_ARC = YES;
				CLANG_ENABLE_OBJC_WEAK = YES;
				CLANG_WARN_BLOCK_CAPTURE_AUTORELEASING = YES;
				CLANG_WARN_BOOL_CONVERSION = YES;
				CLANG_WARN_COMMA = YES;
				CLANG_WARN_CONSTANT_CONVERSION = YES;
				CLANG_WARN_DEPRECATED_OBJC_IMPLEMENTATIONS = YES;
				CLANG_WARN_DIRECT_OBJC_ISA_USAGE = YES_ERROR;
				CLANG_WARN_DOCUMENTATION_COMMENTS = YES;
				CLANG_WARN_EMPTY_BODY = YES;
				CLANG_WARN_ENUM_CONVERSION = YES;
				CLANG_WARN_INFINITE_RECURSION = YES;
				CLANG_WARN_INT_CONVERSION = YES;
				CLANG_WARN_NON_LITERAL_NULL_CONVERSION = YES;
				CLANG_WARN_OBJC_IMPLICIT_RETAIN_SELF = YES;
				CLANG_WARN_OBJC_LITERAL_CONVERSION = YES;
				CLANG_WARN_OBJC_ROOT_CLASS = YES_ERROR;
				CLANG_WARN_QUOTED_INCLUDE_IN_FRAMEWORK_HEADER = YES;
				CLANG_WARN_RANGE_LOOP_ANALYSIS = YES;
				CLANG_WARN_STRICT_PROTOTYPES = YES;
				CLANG_WARN_SUSPICIOUS_MOVE = YES;
				CLANG_WARN_UNGUARDED_AVAILABILITY = YES_AGGRESSIVE;
				CLANG_WARN_UNREACHABLE_CODE = YES;
				CLANG_WARN__DUPLICATE_METHOD_MATCH = YES;
				COPY_PHASE_STRIP = NO;
				DEBUG_INFORMATION_FORMAT = dwarf;
				ENABLE_STRICT_OBJC_MSGSEND = YES;
				ENABLE_TESTABILITY = YES;
				GCC_C_LANGUAGE_STANDARD = gnu11;
				GCC_DYNAMIC_NO_PIC = NO;
				GCC_NO_COMMON_BLOCKS = YES;
				GCC_OPTIMIZATION_LEVEL = 0;
				GCC_PREPROCESSOR_DEFINITIONS = (
					"DEBUG=1",
					"$(inherited)",
				);
				GCC_WARN_64_TO_32_BIT_CONVERSION = YES;
				GCC_WARN_ABOUT_RETURN_TYPE = YES_ERROR;
				GCC_WARN_UNDECLARED_SELECTOR = YES;
				GCC_WARN_UNINITIALIZED_AUTOS = YES_AGGRESSIVE;
				GCC_WARN_UNUSED_FUNCTION = YES;
				GCC_WARN_UNUSED_VARIABLE = YES;
				IPHONEOS_DEPLOYMENT_TARGET = 16.1;
				MTL_ENABLE_DEBUG_INFO = INCLUDE_SOURCE;
				MTL_FAST_MATH = YES;
				ONLY_ACTIVE_ARCH = YES;
				SDKROOT = iphoneos;
				SWIFT_ACTIVE_COMPILATION_CONDITIONS = DEBUG;
				SWIFT_OPTIMIZATION_LEVEL = "-Onone";
			};
			name = Debug;
		};
		751C22622AC0542100FF50C6 /* Release */ = {
			isa = XCBuildConfiguration;
			buildSettings = {
				ALWAYS_SEARCH_USER_PATHS = NO;
				CLANG_ANALYZER_NONNULL = YES;
				CLANG_ANALYZER_NUMBER_OBJECT_CONVERSION = YES_AGGRESSIVE;
				CLANG_CXX_LANGUAGE_STANDARD = "gnu++20";
				CLANG_ENABLE_MODULES = YES;
				CLANG_ENABLE_OBJC_ARC = YES;
				CLANG_ENABLE_OBJC_WEAK = YES;
				CLANG_WARN_BLOCK_CAPTURE_AUTORELEASING = YES;
				CLANG_WARN_BOOL_CONVERSION = YES;
				CLANG_WARN_COMMA = YES;
				CLANG_WARN_CONSTANT_CONVERSION = YES;
				CLANG_WARN_DEPRECATED_OBJC_IMPLEMENTATIONS = YES;
				CLANG_WARN_DIRECT_OBJC_ISA_USAGE = YES_ERROR;
				CLANG_WARN_DOCUMENTATION_COMMENTS = YES;
				CLANG_WARN_EMPTY_BODY = YES;
				CLANG_WARN_ENUM_CONVERSION = YES;
				CLANG_WARN_INFINITE_RECURSION = YES;
				CLANG_WARN_INT_CONVERSION = YES;
				CLANG_WARN_NON_LITERAL_NULL_CONVERSION = YES;
				CLANG_WARN_OBJC_IMPLICIT_RETAIN_SELF = YES;
				CLANG_WARN_OBJC_LITERAL_CONVERSION = YES;
				CLANG_WARN_OBJC_ROOT_CLASS = YES_ERROR;
				CLANG_WARN_QUOTED_INCLUDE_IN_FRAMEWORK_HEADER = YES;
				CLANG_WARN_RANGE_LOOP_ANALYSIS = YES;
				CLANG_WARN_STRICT_PROTOTYPES = YES;
				CLANG_WARN_SUSPICIOUS_MOVE = YES;
				CLANG_WARN_UNGUARDED_AVAILABILITY = YES_AGGRESSIVE;
				CLANG_WARN_UNREACHABLE_CODE = YES;
				CLANG_WARN__DUPLICATE_METHOD_MATCH = YES;
				COPY_PHASE_STRIP = NO;
				DEBUG_INFORMATION_FORMAT = "dwarf-with-dsym";
				ENABLE_NS_ASSERTIONS = NO;
				ENABLE_STRICT_OBJC_MSGSEND = YES;
				GCC_C_LANGUAGE_STANDARD = gnu11;
				GCC_NO_COMMON_BLOCKS = YES;
				GCC_WARN_64_TO_32_BIT_CONVERSION = YES;
				GCC_WARN_ABOUT_RETURN_TYPE = YES_ERROR;
				GCC_WARN_UNDECLARED_SELECTOR = YES;
				GCC_WARN_UNINITIALIZED_AUTOS = YES_AGGRESSIVE;
				GCC_WARN_UNUSED_FUNCTION = YES;
				GCC_WARN_UNUSED_VARIABLE = YES;
				IPHONEOS_DEPLOYMENT_TARGET = 16.1;
				MTL_ENABLE_DEBUG_INFO = NO;
				MTL_FAST_MATH = YES;
				SDKROOT = iphoneos;
				SWIFT_COMPILATION_MODE = wholemodule;
				SWIFT_OPTIMIZATION_LEVEL = "-O";
				VALIDATE_PRODUCT = YES;
			};
			name = Release;
		};
		751C22642AC0542100FF50C6 /* Debug */ = {
			isa = XCBuildConfiguration;
			buildSettings = {
				ASSETCATALOG_COMPILER_APPICON_NAME = AppIcon;
				ASSETCATALOG_COMPILER_GLOBAL_ACCENT_COLOR_NAME = AccentColor;
				CODE_SIGN_STYLE = Automatic;
				CURRENT_PROJECT_VERSION = 1;
				DEVELOPMENT_TEAM = M87C32M9C3;
				GENERATE_INFOPLIST_FILE = YES;
				INFOPLIST_FILE = PodcastApp/Info.plist;
				INFOPLIST_KEY_UIApplicationSupportsIndirectInputEvents = YES;
				INFOPLIST_KEY_UILaunchStoryboardName = LaunchScreen;
				INFOPLIST_KEY_UISupportedInterfaceOrientations = UIInterfaceOrientationPortrait;
				INFOPLIST_KEY_UISupportedInterfaceOrientations_iPad = "UIInterfaceOrientationLandscapeLeft UIInterfaceOrientationLandscapeRight UIInterfaceOrientationPortrait UIInterfaceOrientationPortraitUpsideDown";
				IPHONEOS_DEPLOYMENT_TARGET = 15.0;
				LD_RUNPATH_SEARCH_PATHS = (
					"$(inherited)",
					"@executable_path/Frameworks",
				);
				MARKETING_VERSION = 1.0;
				PRODUCT_BUNDLE_IDENTIFIER = "com.tacarlen.Podcast-App";
				PRODUCT_NAME = "$(TARGET_NAME)";
				SUPPORTED_PLATFORMS = "iphoneos iphonesimulator";
				SUPPORTS_MACCATALYST = NO;
				SUPPORTS_MAC_DESIGNED_FOR_IPHONE_IPAD = NO;
				SWIFT_EMIT_LOC_STRINGS = YES;
				SWIFT_VERSION = 5.0;
				TARGETED_DEVICE_FAMILY = 1;
			};
			name = Debug;
		};
		751C22652AC0542100FF50C6 /* Release */ = {
			isa = XCBuildConfiguration;
			buildSettings = {
				ASSETCATALOG_COMPILER_APPICON_NAME = AppIcon;
				ASSETCATALOG_COMPILER_GLOBAL_ACCENT_COLOR_NAME = AccentColor;
				CODE_SIGN_STYLE = Automatic;
				CURRENT_PROJECT_VERSION = 1;
				DEVELOPMENT_TEAM = M87C32M9C3;
				GENERATE_INFOPLIST_FILE = YES;
				INFOPLIST_FILE = PodcastApp/Info.plist;
				INFOPLIST_KEY_UIApplicationSupportsIndirectInputEvents = YES;
				INFOPLIST_KEY_UILaunchStoryboardName = LaunchScreen;
				INFOPLIST_KEY_UISupportedInterfaceOrientations = UIInterfaceOrientationPortrait;
				INFOPLIST_KEY_UISupportedInterfaceOrientations_iPad = "UIInterfaceOrientationLandscapeLeft UIInterfaceOrientationLandscapeRight UIInterfaceOrientationPortrait UIInterfaceOrientationPortraitUpsideDown";
				IPHONEOS_DEPLOYMENT_TARGET = 15.0;
				LD_RUNPATH_SEARCH_PATHS = (
					"$(inherited)",
					"@executable_path/Frameworks",
				);
				MARKETING_VERSION = 1.0;
				PRODUCT_BUNDLE_IDENTIFIER = "com.tacarlen.Podcast-App";
				PRODUCT_NAME = "$(TARGET_NAME)";
				SUPPORTED_PLATFORMS = "iphoneos iphonesimulator";
				SUPPORTS_MACCATALYST = NO;
				SUPPORTS_MAC_DESIGNED_FOR_IPHONE_IPAD = NO;
				SWIFT_EMIT_LOC_STRINGS = YES;
				SWIFT_VERSION = 5.0;
				TARGETED_DEVICE_FAMILY = 1;
			};
			name = Release;
		};
/* End XCBuildConfiguration section */

/* Begin XCConfigurationList section */
		751C224A2AC0542000FF50C6 /* Build configuration list for PBXProject "PodcastApp" */ = {
			isa = XCConfigurationList;
			buildConfigurations = (
				751C22612AC0542100FF50C6 /* Debug */,
				751C22622AC0542100FF50C6 /* Release */,
			);
			defaultConfigurationIsVisible = 0;
			defaultConfigurationName = Release;
		};
		751C22632AC0542100FF50C6 /* Build configuration list for PBXNativeTarget "PodcastApp" */ = {
			isa = XCConfigurationList;
			buildConfigurations = (
				751C22642AC0542100FF50C6 /* Debug */,
				751C22652AC0542100FF50C6 /* Release */,
			);
			defaultConfigurationIsVisible = 0;
			defaultConfigurationName = Release;
		};
/* End XCConfigurationList section */
	};
	rootObject = 751C22472AC0542000FF50C6 /* Project object */;
}
